// !$*UTF8*$!
{
	archiveVersion = 1;
	classes = {
	};
	objectVersion = 46;
	objects = {

/* Begin PBXAggregateTarget section */
		412D95C48532286282373140 /* ALL_BUILD */ = {
			isa = PBXAggregateTarget;
			buildConfigurationList = DE2DB341808B4AA593E44A35 /* Build configuration list for PBXAggregateTarget "ALL_BUILD" */;
			buildPhases = (
				BD8C027950F33F7EAA3793E5 /* Generate CMakeFiles/ALL_BUILD */,
			);
			dependencies = (
				32CA9EA158A14455A0B6BFCE /* PBXTargetDependency */,
				6CAF583C1B0740789BE93D80 /* PBXTargetDependency */,
			);
			name = ALL_BUILD;
			productName = ALL_BUILD;
		};
		77C1A3C52D322D9730269CA7 /* install */ = {
			isa = PBXAggregateTarget;
			buildConfigurationList = E9156566B80049DC98827404 /* Build configuration list for PBXAggregateTarget "install" */;
			buildPhases = (
				93426DA6A4AC2C2AC9CE883C /* CMake PostBuild Rules */,
			);
			dependencies = (
				D79CC1353F5F40F0A69F415A /* PBXTargetDependency */,
			);
			name = install;
			productName = install;
		};
		89D95F8BA93D09359DDCC172 /* ZERO_CHECK */ = {
			isa = PBXAggregateTarget;
			buildConfigurationList = 9F39596F1BE14E01B277F029 /* Build configuration list for PBXAggregateTarget "ZERO_CHECK" */;
			buildPhases = (
				9C09BCA8C3B2B5D4136F45C2 /* Generate CMakeFiles/ZERO_CHECK */,
			);
			dependencies = (
			);
			name = ZERO_CHECK;
			productName = ZERO_CHECK;
		};
		9B732016F6BA2AED46F8F463 /* clap-tests */ = {
			isa = PBXAggregateTarget;
			buildConfigurationList = DA191A16AD714DB19CCA941D /* Build configuration list for PBXAggregateTarget "clap-tests" */;
			buildPhases = (
			);
			dependencies = (
			);
			name = "clap-tests";
			productName = "clap-tests";
		};
/* End PBXAggregateTarget section */

/* Begin PBXBuildFile section */
		399B80282EDC438E9E7762B2 /* /Volumes/KJSL/workspace/github_kevleyski/surge/libs/clap-juce-extensions/src/extensions/clap-juce-extensions.cpp */ = {isa = PBXBuildFile; fileRef = 00A8B477FDD44731A284A563 /* /Volumes/KJSL/workspace/github_kevleyski/surge/libs/clap-juce-extensions/src/extensions/clap-juce-extensions.cpp */; };
		69488A95B62D4A02884AF06C /* /Volumes/KJSL/workspace/github_kevleyski/surge/build_ios/src/clap-extensions/CMakeFiles/clap_juce_extensions.dir/Info.plist */ = {isa = PBXBuildFile; fileRef = F001517A824A4597B0A5DB14 /* /Volumes/KJSL/workspace/github_kevleyski/surge/build_ios/src/clap-extensions/CMakeFiles/clap_juce_extensions.dir/Info.plist */; };
		815364F20CF649EEBDAA1E87 /* /Volumes/KJSL/workspace/github_kevleyski/surge/libs/clap-juce-extensions/CMakeLists.txt */ = {isa = PBXBuildFile; fileRef = F3D3A7B81D5849EEB064C49B /* /Volumes/KJSL/workspace/github_kevleyski/surge/libs/clap-juce-extensions/CMakeLists.txt */; };
/* End PBXBuildFile section */

/* Begin PBXBuildStyle section */
		508312646A5B496A9830CD71 /* RelWithDebInfo */ = {
			isa = PBXBuildStyle;
			buildSettings = {
				COPY_PHASE_STRIP = NO;
			};
			name = RelWithDebInfo;
		};
		5740E68EF2C049E5999996DC /* Debug */ = {
			isa = PBXBuildStyle;
			buildSettings = {
				COPY_PHASE_STRIP = NO;
			};
			name = Debug;
		};
		C4169BB324584FC38DE722F5 /* MinSizeRel */ = {
			isa = PBXBuildStyle;
			buildSettings = {
				COPY_PHASE_STRIP = NO;
			};
			name = MinSizeRel;
		};
		EF1AD391C0D04037901C4FF8 /* Release */ = {
			isa = PBXBuildStyle;
			buildSettings = {
				COPY_PHASE_STRIP = NO;
			};
			name = Release;
		};
/* End PBXBuildStyle section */

/* Begin PBXContainerItemProxy section */
		23672B6AB6574FA9BE6E6D08 /* PBXContainerItemProxy */ = {
			isa = PBXContainerItemProxy;
			containerPortal = 471882C332804FB8839EA419 /* Project object */;
			proxyType = 1;
			remoteGlobalIDString = 26B64003498897BCCA1C839E;
			remoteInfo = clap_juce_extensions;
		};
		C84D248C4CD844ECB6AAB4A5 /* PBXContainerItemProxy */ = {
			isa = PBXContainerItemProxy;
			containerPortal = 471882C332804FB8839EA419 /* Project object */;
			proxyType = 1;
			remoteGlobalIDString = 89D95F8BA93D09359DDCC172;
			remoteInfo = ZERO_CHECK;
		};
		E4841321A6CB48AB805AB3BB /* PBXContainerItemProxy */ = {
			isa = PBXContainerItemProxy;
			containerPortal = 471882C332804FB8839EA419 /* Project object */;
			proxyType = 1;
			remoteGlobalIDString = 412D95C48532286282373140;
			remoteInfo = ALL_BUILD;
		};
		EE52AA1415774CC5BA077044 /* PBXContainerItemProxy */ = {
			isa = PBXContainerItemProxy;
			containerPortal = 471882C332804FB8839EA419 /* Project object */;
			proxyType = 1;
			remoteGlobalIDString = 89D95F8BA93D09359DDCC172;
			remoteInfo = ZERO_CHECK;
		};
/* End PBXContainerItemProxy section */

/* Begin PBXFileReference section */
		00A8B477FDD44731A284A563 /* /Volumes/KJSL/workspace/github_kevleyski/surge/libs/clap-juce-extensions/src/extensions/clap-juce-extensions.cpp */ = {isa = PBXFileReference; explicitFileType = sourcecode.cpp.cpp; fileEncoding = 4; name = "clap-juce-extensions.cpp"; path = "src/extensions/clap-juce-extensions.cpp"; sourceTree = SOURCE_ROOT; };
		6ED133C961C44C39B9A71E72 /* clap_juce_extensions */ = {isa = PBXFileReference; explicitFileType = archive.ar; path = libclap_juce_extensions.a; sourceTree = BUILT_PRODUCTS_DIR; };
		EDD843AD4F124EAB898FFB9C /* /Volumes/KJSL/workspace/github_kevleyski/surge/libs/clap-juce-extensions/CMakeLists.txt */ = {isa = PBXFileReference; explicitFileType = sourcecode.text; fileEncoding = 4; name = CMakeLists.txt; path = CMakeLists.txt; sourceTree = SOURCE_ROOT; };
		F001517A824A4597B0A5DB14 /* /Volumes/KJSL/workspace/github_kevleyski/surge/build_ios/src/clap-extensions/CMakeFiles/clap_juce_extensions.dir/Info.plist */ = {isa = PBXFileReference; explicitFileType = sourcecode.text.plist; fileEncoding = 4; name = Info.plist; path = "/Volumes/KJSL/workspace/github_kevleyski/surge/build_ios/src/clap-extensions/CMakeFiles/clap_juce_extensions.dir/Info.plist"; sourceTree = "<absolute>"; };
		F3D3A7B81D5849EEB064C49B /* /Volumes/KJSL/workspace/github_kevleyski/surge/libs/clap-juce-extensions/CMakeLists.txt */ = {isa = PBXFileReference; explicitFileType = sourcecode.text; fileEncoding = 4; name = CMakeLists.txt; path = CMakeLists.txt; sourceTree = SOURCE_ROOT; };
		FD137204BD9D432FB0617F3E /* /Volumes/KJSL/workspace/github_kevleyski/surge/libs/clap-juce-extensions/clap-libs/clap/CMakeLists.txt */ = {isa = PBXFileReference; explicitFileType = sourcecode.text; fileEncoding = 4; name = CMakeLists.txt; path = "clap-libs/clap/CMakeLists.txt"; sourceTree = SOURCE_ROOT; };
/* End PBXFileReference section */

/* Begin PBXFrameworksBuildPhase section */
		DD390C6C978D460E99318DD4 /* Frameworks */ = {
			isa = PBXFrameworksBuildPhase;
			buildActionMask = 2147483647;
			files = (
			);
			runOnlyForDeploymentPostprocessing = 0;
		};
/* End PBXFrameworksBuildPhase section */

/* Begin PBXGroup section */
		114683733C3343D0BB21AFC9 = {
			isa = PBXGroup;
			children = (
				35C4987AAE454B81946AACE9 /* ALL_BUILD */,
				90B59D5D3104475EB852D7D7 /* clap-tests */,
				84C9C95B483C4B4BAA201FD2 /* clap_juce_extensions */,
				C541C43A28C141AD99598386 /* Products */,
				D38A2ECCFDFA4515AD6990F8 /* Frameworks */,
				B1C9A3CB299A4C5C939C2852 /* Resources */,
			);
			sourceTree = "<group>";
		};
		1FCAD7E4EB9340508A4EFA1F /* Source Files */ = {
			isa = PBXGroup;
			children = (
				00A8B477FDD44731A284A563 /* /Volumes/KJSL/workspace/github_kevleyski/surge/libs/clap-juce-extensions/src/extensions/clap-juce-extensions.cpp */,
			);
			name = "Source Files";
			sourceTree = "<group>";
		};
		35C4987AAE454B81946AACE9 /* ALL_BUILD */ = {
			isa = PBXGroup;
			children = (
				8CC903127F8B438EB13ECC7F /* CMake Rules */,
				EDD843AD4F124EAB898FFB9C /* /Volumes/KJSL/workspace/github_kevleyski/surge/libs/clap-juce-extensions/CMakeLists.txt */,
			);
			name = ALL_BUILD;
			sourceTree = "<group>";
		};
		84C9C95B483C4B4BAA201FD2 /* clap_juce_extensions */ = {
			isa = PBXGroup;
			children = (
				F9F0F8774C5D4CE29AEEB4A4 /* Resources */,
				1FCAD7E4EB9340508A4EFA1F /* Source Files */,
				F3D3A7B81D5849EEB064C49B /* /Volumes/KJSL/workspace/github_kevleyski/surge/libs/clap-juce-extensions/CMakeLists.txt */,
			);
			name = clap_juce_extensions;
			sourceTree = "<group>";
		};
		8CC903127F8B438EB13ECC7F /* CMake Rules */ = {
			isa = PBXGroup;
			children = (
			);
			name = "CMake Rules";
			sourceTree = "<group>";
		};
		90B59D5D3104475EB852D7D7 /* clap-tests */ = {
			isa = PBXGroup;
			children = (
				FD137204BD9D432FB0617F3E /* /Volumes/KJSL/workspace/github_kevleyski/surge/libs/clap-juce-extensions/clap-libs/clap/CMakeLists.txt */,
			);
			name = "clap-tests";
			sourceTree = "<group>";
		};
		B1C9A3CB299A4C5C939C2852 /* Resources */ = {
			isa = PBXGroup;
			children = (
			);
			name = Resources;
			sourceTree = "<group>";
		};
		C541C43A28C141AD99598386 /* Products */ = {
			isa = PBXGroup;
			children = (
				6ED133C961C44C39B9A71E72 /* clap_juce_extensions */,
			);
			name = Products;
			sourceTree = "<group>";
		};
		D38A2ECCFDFA4515AD6990F8 /* Frameworks */ = {
			isa = PBXGroup;
			children = (
			);
			name = Frameworks;
			sourceTree = "<group>";
		};
		F9F0F8774C5D4CE29AEEB4A4 /* Resources */ = {
			isa = PBXGroup;
			children = (
				F001517A824A4597B0A5DB14 /* /Volumes/KJSL/workspace/github_kevleyski/surge/build_ios/src/clap-extensions/CMakeFiles/clap_juce_extensions.dir/Info.plist */,
			);
			name = Resources;
			sourceTree = "<group>";
		};
/* End PBXGroup section */

/* Begin PBXNativeTarget section */
		26B64003498897BCCA1C839E /* clap_juce_extensions */ = {
			isa = PBXNativeTarget;
			buildConfigurationList = 95631C2C1D72478D9BD0F4FC /* Build configuration list for PBXNativeTarget "clap_juce_extensions" */;
			buildPhases = (
				E92BF3E5EB974CA2AA1F2A1E /* Sources */,
				DD390C6C978D460E99318DD4 /* Frameworks */,
			);
			buildRules = (
			);
			dependencies = (
				A8C95C5EE0EE479993B0F8BA /* PBXTargetDependency */,
			);
			name = clap_juce_extensions;
			productName = clap_juce_extensions;
			productReference = 6ED133C961C44C39B9A71E72 /* clap_juce_extensions */;
			productType = "com.apple.product-type.library.static";
		};
/* End PBXNativeTarget section */

/* Begin PBXProject section */
		471882C332804FB8839EA419 /* Project object */ = {
			isa = PBXProject;
			attributes = {
				BuildIndependentTargetsInParallel = YES;
				LastUpgradeCheck = 2660;
			};
			buildConfigurationList = 35B8BEC451C34211B0A1308C /* Build configuration list for PBXProject "clap-juce-extensions" */;
			buildSettings = {
			};
			buildStyles = (
				5740E68EF2C049E5999996DC /* Debug */,
				EF1AD391C0D04037901C4FF8 /* Release */,
				C4169BB324584FC38DE722F5 /* MinSizeRel */,
				508312646A5B496A9830CD71 /* RelWithDebInfo */,
			);
			compatibilityVersion = "Xcode 3.2";
			hasScannedForEncodings = 0;
			mainGroup = 114683733C3343D0BB21AFC9;
			projectDirPath = "/Volumes/KJSL/workspace/github_kevleyski/surge/libs/clap-juce-extensions";
			projectRoot = "";
			targets = (
				412D95C48532286282373140 /* ALL_BUILD */,
				9B732016F6BA2AED46F8F463 /* clap-tests */,
				26B64003498897BCCA1C839E /* clap_juce_extensions */,
				77C1A3C52D322D9730269CA7 /* install */,
				89D95F8BA93D09359DDCC172 /* ZERO_CHECK */,
			);
		};
/* End PBXProject section */

/* Begin PBXShellScriptBuildPhase section */
		2B75050F538AE65A4A08E7D2 = {
			isa = PBXShellScriptBuildPhase;
			buildActionMask = 2147483647;
			files = (
			);
			inputPaths = (
			);
			outputPaths = (
			);
			runOnlyForDeploymentPostprocessing = 0;
			shellPath = /bin/sh;
			shellScript = "# shell script goes here
exit 0";
			showEnvVarsInLog = 0;
		};
		3C0110FC8322DE7E50886E21 = {
			isa = PBXShellScriptBuildPhase;
			buildActionMask = 2147483647;
			files = (
			);
			inputPaths = (
			);
			outputPaths = (
			);
			runOnlyForDeploymentPostprocessing = 0;
			shellPath = /bin/sh;
			shellScript = "# shell script goes here
exit 0";
			showEnvVarsInLog = 0;
		};
		87AF4882E018677E2624B544 = {
			isa = PBXShellScriptBuildPhase;
			buildActionMask = 2147483647;
			files = (
			);
			inputPaths = (
			);
			outputPaths = (
			);
			runOnlyForDeploymentPostprocessing = 0;
			shellPath = /bin/sh;
			shellScript = "# shell script goes here
exit 0";
			showEnvVarsInLog = 0;
		};
		93426DA6A4AC2C2AC9CE883C /* CMake PostBuild Rules */ = {
			isa = PBXShellScriptBuildPhase;
			alwaysOutOfDate = 1;
			buildActionMask = 2147483647;
			files = (
			);
			inputPaths = (
			);
			name = "CMake PostBuild Rules";
			outputPaths = (
			);
			runOnlyForDeploymentPostprocessing = 0;
			shellPath = /bin/sh;
			shellScript = "set -e
if test \"$CONFIGURATION\" = \"Debug\"; then :
  cd /Volumes/KJSL/workspace/github_kevleyski/surge/build_ios/src/clap-extensions
  /opt/homebrew/bin/cmake -DBUILD_TYPE=$CONFIGURATION -DEFFECTIVE_PLATFORM_NAME=$EFFECTIVE_PLATFORM_NAME -P cmake_install.cmake
fi
if test \"$CONFIGURATION\" = \"Release\"; then :
  cd /Volumes/KJSL/workspace/github_kevleyski/surge/build_ios/src/clap-extensions
  /opt/homebrew/bin/cmake -DBUILD_TYPE=$CONFIGURATION -DEFFECTIVE_PLATFORM_NAME=$EFFECTIVE_PLATFORM_NAME -P cmake_install.cmake
fi
if test \"$CONFIGURATION\" = \"MinSizeRel\"; then :
  cd /Volumes/KJSL/workspace/github_kevleyski/surge/build_ios/src/clap-extensions
  /opt/homebrew/bin/cmake -DBUILD_TYPE=$CONFIGURATION -DEFFECTIVE_PLATFORM_NAME=$EFFECTIVE_PLATFORM_NAME -P cmake_install.cmake
fi
if test \"$CONFIGURATION\" = \"RelWithDebInfo\"; then :
  cd /Volumes/KJSL/workspace/github_kevleyski/surge/build_ios/src/clap-extensions
  /opt/homebrew/bin/cmake -DBUILD_TYPE=$CONFIGURATION -DEFFECTIVE_PLATFORM_NAME=$EFFECTIVE_PLATFORM_NAME -P cmake_install.cmake
fi
";
			showEnvVarsInLog = 0;
		};
		9B50530E35CC49C82C2FACCF = {
			isa = PBXShellScriptBuildPhase;
			buildActionMask = 2147483647;
			files = (
			);
			inputPaths = (
			);
			outputPaths = (
			);
			runOnlyForDeploymentPostprocessing = 0;
			shellPath = /bin/sh;
			shellScript = "# shell script goes here
exit 0";
			showEnvVarsInLog = 0;
		};
		9C09BCA8C3B2B5D4136F45C2 /* Generate CMakeFiles/ZERO_CHECK */ = {
			isa = PBXShellScriptBuildPhase;
			alwaysOutOfDate = 1;
			buildActionMask = 2147483647;
			files = (
			);
			inputPaths = (
			);
			name = "Generate CMakeFiles/ZERO_CHECK";
			outputPaths = (
"/Volumes/KJSL/workspace/github_kevleyski/surge/build_ios/src/clap-extensions/CMakeFiles/ZERO_CHECK"			);
			runOnlyForDeploymentPostprocessing = 0;
			shellPath = /bin/sh;
			shellScript = "set -e
if test \"$CONFIGURATION\" = \"Debug\"; then :
  cd /Volumes/KJSL/workspace/github_kevleyski/surge/build_ios/src/clap-extensions
  make -f /Volumes/KJSL/workspace/github_kevleyski/surge/build_ios/src/clap-extensions/CMakeScripts/ReRunCMake.make
fi
if test \"$CONFIGURATION\" = \"Release\"; then :
  cd /Volumes/KJSL/workspace/github_kevleyski/surge/build_ios/src/clap-extensions
  make -f /Volumes/KJSL/workspace/github_kevleyski/surge/build_ios/src/clap-extensions/CMakeScripts/ReRunCMake.make
fi
if test \"$CONFIGURATION\" = \"MinSizeRel\"; then :
  cd /Volumes/KJSL/workspace/github_kevleyski/surge/build_ios/src/clap-extensions
  make -f /Volumes/KJSL/workspace/github_kevleyski/surge/build_ios/src/clap-extensions/CMakeScripts/ReRunCMake.make
fi
if test \"$CONFIGURATION\" = \"RelWithDebInfo\"; then :
  cd /Volumes/KJSL/workspace/github_kevleyski/surge/build_ios/src/clap-extensions
  make -f /Volumes/KJSL/workspace/github_kevleyski/surge/build_ios/src/clap-extensions/CMakeScripts/ReRunCMake.make
fi
";
			showEnvVarsInLog = 0;
		};
		BD8C027950F33F7EAA3793E5 /* Generate CMakeFiles/ALL_BUILD */ = {
			isa = PBXShellScriptBuildPhase;
			alwaysOutOfDate = 1;
			buildActionMask = 2147483647;
			files = (
			);
			inputPaths = (
			);
			name = "Generate CMakeFiles/ALL_BUILD";
			outputPaths = (
"/Volumes/KJSL/workspace/github_kevleyski/surge/build_ios/src/clap-extensions/CMakeFiles/ALL_BUILD"			);
			runOnlyForDeploymentPostprocessing = 0;
			shellPath = /bin/sh;
			shellScript = "set -e
if test \"$CONFIGURATION\" = \"Debug\"; then :
  cd /Volumes/KJSL/workspace/github_kevleyski/surge/build_ios/src/clap-extensions
  echo Build\\ all\\ projects
fi
if test \"$CONFIGURATION\" = \"Release\"; then :
  cd /Volumes/KJSL/workspace/github_kevleyski/surge/build_ios/src/clap-extensions
  echo Build\\ all\\ projects
fi
if test \"$CONFIGURATION\" = \"MinSizeRel\"; then :
  cd /Volumes/KJSL/workspace/github_kevleyski/surge/build_ios/src/clap-extensions
  echo Build\\ all\\ projects
fi
if test \"$CONFIGURATION\" = \"RelWithDebInfo\"; then :
  cd /Volumes/KJSL/workspace/github_kevleyski/surge/build_ios/src/clap-extensions
  echo Build\\ all\\ projects
fi
";
			showEnvVarsInLog = 0;
		};
/* End PBXShellScriptBuildPhase section */

/* Begin PBXSourcesBuildPhase section */
		E92BF3E5EB974CA2AA1F2A1E /* Sources */ = {
			isa = PBXSourcesBuildPhase;
			buildActionMask = 2147483647;
			files = (
				399B80282EDC438E9E7762B2 /* /Volumes/KJSL/workspace/github_kevleyski/surge/libs/clap-juce-extensions/src/extensions/clap-juce-extensions.cpp */,
			);
			runOnlyForDeploymentPostprocessing = 0;
		};
/* End PBXSourcesBuildPhase section */

/* Begin PBXTargetDependency section */
		32CA9EA158A14455A0B6BFCE /* PBXTargetDependency */ = {
			isa = PBXTargetDependency;
			target = 26B64003498897BCCA1C839E /* clap_juce_extensions */;
			targetProxy = 23672B6AB6574FA9BE6E6D08 /* PBXContainerItemProxy */;
		};
		6CAF583C1B0740789BE93D80 /* PBXTargetDependency */ = {
			isa = PBXTargetDependency;
			target = 89D95F8BA93D09359DDCC172 /* ZERO_CHECK */;
			targetProxy = EE52AA1415774CC5BA077044 /* PBXContainerItemProxy */;
		};
		A8C95C5EE0EE479993B0F8BA /* PBXTargetDependency */ = {
			isa = PBXTargetDependency;
			target = 89D95F8BA93D09359DDCC172 /* ZERO_CHECK */;
			targetProxy = C84D248C4CD844ECB6AAB4A5 /* PBXContainerItemProxy */;
		};
		D79CC1353F5F40F0A69F415A /* PBXTargetDependency */ = {
			isa = PBXTargetDependency;
			target = 412D95C48532286282373140 /* ALL_BUILD */;
			targetProxy = E4841321A6CB48AB805AB3BB /* PBXContainerItemProxy */;
		};
/* End PBXTargetDependency section */

/* Begin XCBuildConfiguration section */
		02AD40E3235B43EAA514D986 /* RelWithDebInfo */ = {
			isa = XCBuildConfiguration;
			buildSettings = {
				ALWAYS_SEARCH_USER_PATHS = NO;
				COMBINE_HIDPI_IMAGES = YES;
				GCC_GENERATE_DEBUGGING_SYMBOLS = YES;
				GCC_INLINES_ARE_PRIVATE_EXTERN = NO;
				GCC_OPTIMIZATION_LEVEL = 0;
				GCC_PREPROCESSOR_DEFINITIONS = ("'CMAKE_INTDIR=\"$(CONFIGURATION)$(EFFECTIVE_PLATFORM_NAME)\"'","$(inherited)");
				GCC_SYMBOLS_PRIVATE_EXTERN = NO;
				INSTALL_PATH = "";
				OTHER_LDFLAGS = ("","$(inherited)");
				OTHER_REZFLAGS = "";
				PRODUCT_NAME = install;
				SECTORDER_FLAGS = "";
				USE_HEADERMAP = NO;
				WARNING_CFLAGS = ("$(inherited)");
			};
			name = RelWithDebInfo;
		};
		06CCEA02567F459BA6A45016 /* Release */ = {
			isa = XCBuildConfiguration;
			buildSettings = {
				ARCHS = arm64;
				CODE_SIGN_STYLE = Automatic;
				DEVELOPMENT_TEAM = B973YVS5A5;
				IPHONEOS_DEPLOYMENT_TARGET = 10.15;
				SDKROOT = iphoneos;
				SWIFT_COMPILATION_MODE = wholemodule;
				SYMROOT = /Volumes/KJSL/workspace/github_kevleyski/surge/build_ios/build;
			};
			name = Release;
		};
		1164177C25B740B89FE9C866 /* RelWithDebInfo */ = {
			isa = XCBuildConfiguration;
			buildSettings = {
				ALWAYS_SEARCH_USER_PATHS = NO;
				COMBINE_HIDPI_IMAGES = YES;
				GCC_GENERATE_DEBUGGING_SYMBOLS = YES;
				GCC_INLINES_ARE_PRIVATE_EXTERN = NO;
				GCC_OPTIMIZATION_LEVEL = 0;
				GCC_PREPROCESSOR_DEFINITIONS = ("'CMAKE_INTDIR=\"$(CONFIGURATION)$(EFFECTIVE_PLATFORM_NAME)\"'","$(inherited)");
				GCC_SYMBOLS_PRIVATE_EXTERN = NO;
				INSTALL_PATH = "";
				OTHER_LDFLAGS = ("","$(inherited)");
				OTHER_REZFLAGS = "";
				PRODUCT_NAME = ALL_BUILD;
				SECTORDER_FLAGS = "";
				USE_HEADERMAP = NO;
				WARNING_CFLAGS = ("$(inherited)");
			};
			name = RelWithDebInfo;
		};
		1546B39A96C64E96BC64CD01 /* RelWithDebInfo */ = {
			isa = XCBuildConfiguration;
			buildSettings = {
				ARCHS = arm64;
				CODE_SIGN_STYLE = Automatic;
				DEVELOPMENT_TEAM = B973YVS5A5;
				IPHONEOS_DEPLOYMENT_TARGET = 10.15;
				SDKROOT = iphoneos;
				SWIFT_COMPILATION_MODE = wholemodule;
				SYMROOT = /Volumes/KJSL/workspace/github_kevleyski/surge/build_ios/build;
			};
			name = RelWithDebInfo;
		};
		1C065EC491DF463A92BFA79A /* Debug */ = {
			isa = XCBuildConfiguration;
			buildSettings = {
				ARCHS = arm64;
				CODE_SIGN_STYLE = Automatic;
				DEVELOPMENT_TEAM = B973YVS5A5;
				IPHONEOS_DEPLOYMENT_TARGET = 10.15;
				SDKROOT = iphoneos;
				SYMROOT = /Volumes/KJSL/workspace/github_kevleyski/surge/build_ios/build;
			};
			name = Debug;
		};
		321F64062A12408497A44EE1 /* Debug */ = {
			isa = XCBuildConfiguration;
			buildSettings = {
				ALWAYS_SEARCH_USER_PATHS = NO;
				ARCHS = arm64;
				COMBINE_HIDPI_IMAGES = YES;
				CONFIGURATION_BUILD_DIR = "/Volumes/KJSL/workspace/github_kevleyski/surge/build_ios/src/clap-extensions/Debug${EFFECTIVE_PLATFORM_NAME}";
				EXECUTABLE_PREFIX = lib;
				EXECUTABLE_SUFFIX = .a;
				GCC_GENERATE_DEBUGGING_SYMBOLS = YES;
				GCC_INLINES_ARE_PRIVATE_EXTERN = NO;
				GCC_OPTIMIZATION_LEVEL = 0;
				GCC_PREPROCESSOR_DEFINITIONS = ("'CMAKE_INTDIR=\"$(CONFIGURATION)$(EFFECTIVE_PLATFORM_NAME)\"'","'HAS_CLAP_JUCE_EXTENSIONS=1'","$(inherited)");
				GCC_SYMBOLS_PRIVATE_EXTERN = NO;
				HEADER_SEARCH_PATHS = ("/Volumes/KJSL/workspace/github_kevleyski/surge/libs/clap-juce-extensions/include","/Volumes/KJSL/workspace/github_kevleyski/surge/libs/clap-juce-extensions/clap-libs/clap/include","/Volumes/KJSL/workspace/github_kevleyski/surge/libs/clap-juce-extensions/clap-libs/clap-helpers/include","$(inherited)");
				INSTALL_PATH = "";
				LIBRARY_STYLE = STATIC;
				LLVM_LTO = YES_THIN;
				ONLY_ACTIVE_ARCH = NO;
				OTHER_CPLUSPLUSFLAGS = "   '-std=c++20' '-flto=thin' -fPIC -fvisibility=hidden -fvisibility-inlines-hidden -Wno-multichar -fno-math-errno -fno-trapping-math -fno-char8_t -Wno-unused-command-line-argument -Wno-deprecated-declarations '-Werror=inconsistent-missing-override' '-Werror=logical-op-parentheses' '-Werror=dynamic-class-memaccess' '-Werror=undefined-bool-conversion' '-Werror=bitwise-op-parentheses' '-Werror=pointer-bool-conversion' -faligned-allocation -fasm-blocks ";
				OTHER_LIBTOOLFLAGS = ("");
				OTHER_REZFLAGS = "";
				PRODUCT_NAME = clap_juce_extensions;
				SECTORDER_FLAGS = "";
				TARGET_TEMP_DIR = "/Volumes/KJSL/workspace/github_kevleyski/surge/build_ios/build/clap_juce_extensions.build/$(CONFIGURATION)$(EFFECTIVE_PLATFORM_NAME)";
				USE_HEADERMAP = NO;
				WARNING_CFLAGS = ("$(inherited)");
			};
			name = Debug;
		};
		34037D3544D44F2CA698B15F /* RelWithDebInfo */ = {
			isa = XCBuildConfiguration;
			buildSettings = {
				ALWAYS_SEARCH_USER_PATHS = NO;
				COMBINE_HIDPI_IMAGES = YES;
				GCC_GENERATE_DEBUGGING_SYMBOLS = YES;
				GCC_INLINES_ARE_PRIVATE_EXTERN = NO;
				GCC_OPTIMIZATION_LEVEL = 0;
				GCC_PREPROCESSOR_DEFINITIONS = ("'CMAKE_INTDIR=\"$(CONFIGURATION)$(EFFECTIVE_PLATFORM_NAME)\"'","$(inherited)");
				GCC_SYMBOLS_PRIVATE_EXTERN = NO;
				INSTALL_PATH = "";
				OTHER_LDFLAGS = ("","$(inherited)");
				OTHER_REZFLAGS = "";
				PRODUCT_NAME = "clap-tests";
				SECTORDER_FLAGS = "";
				USE_HEADERMAP = NO;
				WARNING_CFLAGS = ("$(inherited)");
			};
			name = RelWithDebInfo;
		};
		3C91253449D144808A3806EC /* MinSizeRel */ = {
			isa = XCBuildConfiguration;
			buildSettings = {
				ALWAYS_SEARCH_USER_PATHS = NO;
				ARCHS = arm64;
				COMBINE_HIDPI_IMAGES = YES;
				CONFIGURATION_BUILD_DIR = "/Volumes/KJSL/workspace/github_kevleyski/surge/build_ios/src/clap-extensions/MinSizeRel${EFFECTIVE_PLATFORM_NAME}";
				EXECUTABLE_PREFIX = lib;
				EXECUTABLE_SUFFIX = .a;
				GCC_GENERATE_DEBUGGING_SYMBOLS = NO;
				GCC_INLINES_ARE_PRIVATE_EXTERN = NO;
				GCC_OPTIMIZATION_LEVEL = s;
				GCC_PREPROCESSOR_DEFINITIONS = ("'CMAKE_INTDIR=\"$(CONFIGURATION)$(EFFECTIVE_PLATFORM_NAME)\"'","'HAS_CLAP_JUCE_EXTENSIONS=1'","$(inherited)");
				GCC_SYMBOLS_PRIVATE_EXTERN = NO;
				HEADER_SEARCH_PATHS = ("/Volumes/KJSL/workspace/github_kevleyski/surge/libs/clap-juce-extensions/include","/Volumes/KJSL/workspace/github_kevleyski/surge/libs/clap-juce-extensions/clap-libs/clap/include","/Volumes/KJSL/workspace/github_kevleyski/surge/libs/clap-juce-extensions/clap-libs/clap-helpers/include","$(inherited)");
				INSTALL_PATH = "";
				LIBRARY_STYLE = STATIC;
				LLVM_LTO = YES_THIN;
				ONLY_ACTIVE_ARCH = NO;
				OTHER_CPLUSPLUSFLAGS = "    -DNDEBUG '-std=c++20' '-flto=thin' -fPIC -fvisibility=hidden -fvisibility-inlines-hidden -Wno-multichar -fno-math-errno -fno-trapping-math -fno-char8_t -Wno-unused-command-line-argument -Wno-deprecated-declarations '-Werror=inconsistent-missing-override' '-Werror=logical-op-parentheses' '-Werror=dynamic-class-memaccess' '-Werror=undefined-bool-conversion' '-Werror=bitwise-op-parentheses' '-Werror=pointer-bool-conversion' -faligned-allocation -fasm-blocks ";
				OTHER_LIBTOOLFLAGS = ("");
				OTHER_REZFLAGS = "";
				PRODUCT_NAME = clap_juce_extensions;
				SECTORDER_FLAGS = "";
				TARGET_TEMP_DIR = "/Volumes/KJSL/workspace/github_kevleyski/surge/build_ios/build/clap_juce_extensions.build/$(CONFIGURATION)$(EFFECTIVE_PLATFORM_NAME)";
				USE_HEADERMAP = NO;
				WARNING_CFLAGS = ("$(inherited)");
			};
			name = MinSizeRel;
		};
		3FF00816299045CAA932EE46 /* MinSizeRel */ = {
			isa = XCBuildConfiguration;
			buildSettings = {
				ALWAYS_SEARCH_USER_PATHS = NO;
				COMBINE_HIDPI_IMAGES = YES;
				GCC_GENERATE_DEBUGGING_SYMBOLS = YES;
				GCC_INLINES_ARE_PRIVATE_EXTERN = NO;
				GCC_OPTIMIZATION_LEVEL = 0;
				GCC_PREPROCESSOR_DEFINITIONS = ("'CMAKE_INTDIR=\"$(CONFIGURATION)$(EFFECTIVE_PLATFORM_NAME)\"'","$(inherited)");
				GCC_SYMBOLS_PRIVATE_EXTERN = NO;
				INSTALL_PATH = "";
				OTHER_LDFLAGS = ("","$(inherited)");
				OTHER_REZFLAGS = "";
				PRODUCT_NAME = install;
				SECTORDER_FLAGS = "";
				USE_HEADERMAP = NO;
				WARNING_CFLAGS = ("$(inherited)");
			};
			name = MinSizeRel;
		};
		41022645B1AB4F429CB524A9 /* Debug */ = {
			isa = XCBuildConfiguration;
			buildSettings = {
				ALWAYS_SEARCH_USER_PATHS = NO;
				COMBINE_HIDPI_IMAGES = YES;
				GCC_GENERATE_DEBUGGING_SYMBOLS = YES;
				GCC_INLINES_ARE_PRIVATE_EXTERN = NO;
				GCC_OPTIMIZATION_LEVEL = 0;
				GCC_PREPROCESSOR_DEFINITIONS = ("'CMAKE_INTDIR=\"$(CONFIGURATION)$(EFFECTIVE_PLATFORM_NAME)\"'","$(inherited)");
				GCC_SYMBOLS_PRIVATE_EXTERN = NO;
				INSTALL_PATH = "";
				OTHER_LDFLAGS = ("","$(inherited)");
				OTHER_REZFLAGS = "";
				PRODUCT_NAME = "clap-tests";
				SECTORDER_FLAGS = "";
				USE_HEADERMAP = NO;
				WARNING_CFLAGS = ("$(inherited)");
			};
			name = Debug;
		};
		4EA898F2F92C49B5A0505708 /* Debug */ = {
			isa = XCBuildConfiguration;
			buildSettings = {
				ALWAYS_SEARCH_USER_PATHS = NO;
				COMBINE_HIDPI_IMAGES = YES;
				GCC_GENERATE_DEBUGGING_SYMBOLS = YES;
				GCC_INLINES_ARE_PRIVATE_EXTERN = NO;
				GCC_OPTIMIZATION_LEVEL = 0;
				GCC_PREPROCESSOR_DEFINITIONS = ("'CMAKE_INTDIR=\"$(CONFIGURATION)$(EFFECTIVE_PLATFORM_NAME)\"'","$(inherited)");
				GCC_SYMBOLS_PRIVATE_EXTERN = NO;
				INSTALL_PATH = "";
				OTHER_LDFLAGS = ("","$(inherited)");
				OTHER_REZFLAGS = "";
				PRODUCT_NAME = ZERO_CHECK;
				SECTORDER_FLAGS = "";
				USE_HEADERMAP = NO;
				WARNING_CFLAGS = ("$(inherited)");
			};
			name = Debug;
		};
		52D3C7A46D8B40BDB1759281 /* Debug */ = {
			isa = XCBuildConfiguration;
			buildSettings = {
				ALWAYS_SEARCH_USER_PATHS = NO;
				COMBINE_HIDPI_IMAGES = YES;
				GCC_GENERATE_DEBUGGING_SYMBOLS = YES;
				GCC_INLINES_ARE_PRIVATE_EXTERN = NO;
				GCC_OPTIMIZATION_LEVEL = 0;
				GCC_PREPROCESSOR_DEFINITIONS = ("'CMAKE_INTDIR=\"$(CONFIGURATION)$(EFFECTIVE_PLATFORM_NAME)\"'","$(inherited)");
				GCC_SYMBOLS_PRIVATE_EXTERN = NO;
				INSTALL_PATH = "";
				OTHER_LDFLAGS = ("","$(inherited)");
				OTHER_REZFLAGS = "";
				PRODUCT_NAME = install;
				SECTORDER_FLAGS = "";
				USE_HEADERMAP = NO;
				WARNING_CFLAGS = ("$(inherited)");
			};
			name = Debug;
		};
		6BB6BB57D2B54FA799FC74FB /* MinSizeRel */ = {
			isa = XCBuildConfiguration;
			buildSettings = {
				ALWAYS_SEARCH_USER_PATHS = NO;
				COMBINE_HIDPI_IMAGES = YES;
				GCC_GENERATE_DEBUGGING_SYMBOLS = YES;
				GCC_INLINES_ARE_PRIVATE_EXTERN = NO;
				GCC_OPTIMIZATION_LEVEL = 0;
				GCC_PREPROCESSOR_DEFINITIONS = ("'CMAKE_INTDIR=\"$(CONFIGURATION)$(EFFECTIVE_PLATFORM_NAME)\"'","$(inherited)");
				GCC_SYMBOLS_PRIVATE_EXTERN = NO;
				INSTALL_PATH = "";
				OTHER_LDFLAGS = ("","$(inherited)");
				OTHER_REZFLAGS = "";
				PRODUCT_NAME = "clap-tests";
				SECTORDER_FLAGS = "";
				USE_HEADERMAP = NO;
				WARNING_CFLAGS = ("$(inherited)");
			};
			name = MinSizeRel;
		};
		792DD02659494F479D2C2D73 /* Debug */ = {
			isa = XCBuildConfiguration;
			buildSettings = {
				ALWAYS_SEARCH_USER_PATHS = NO;
				COMBINE_HIDPI_IMAGES = YES;
				GCC_GENERATE_DEBUGGING_SYMBOLS = YES;
				GCC_INLINES_ARE_PRIVATE_EXTERN = NO;
				GCC_OPTIMIZATION_LEVEL = 0;
				GCC_PREPROCESSOR_DEFINITIONS = ("'CMAKE_INTDIR=\"$(CONFIGURATION)$(EFFECTIVE_PLATFORM_NAME)\"'","$(inherited)");
				GCC_SYMBOLS_PRIVATE_EXTERN = NO;
				INSTALL_PATH = "";
				OTHER_LDFLAGS = ("","$(inherited)");
				OTHER_REZFLAGS = "";
				PRODUCT_NAME = ALL_BUILD;
				SECTORDER_FLAGS = "";
				USE_HEADERMAP = NO;
				WARNING_CFLAGS = ("$(inherited)");
			};
			name = Debug;
		};
		7F6AC12933BA44D48F760092 /* MinSizeRel */ = {
			isa = XCBuildConfiguration;
			buildSettings = {
				ARCHS = arm64;
				CODE_SIGN_STYLE = Automatic;
				DEVELOPMENT_TEAM = B973YVS5A5;
				IPHONEOS_DEPLOYMENT_TARGET = 10.15;
				SDKROOT = iphoneos;
				SWIFT_COMPILATION_MODE = wholemodule;
				SYMROOT = /Volumes/KJSL/workspace/github_kevleyski/surge/build_ios/build;
			};
			name = MinSizeRel;
		};
		AA8C3056F0EA43CE8E473676 /* MinSizeRel */ = {
			isa = XCBuildConfiguration;
			buildSettings = {
				ALWAYS_SEARCH_USER_PATHS = NO;
				COMBINE_HIDPI_IMAGES = YES;
				GCC_GENERATE_DEBUGGING_SYMBOLS = YES;
				GCC_INLINES_ARE_PRIVATE_EXTERN = NO;
				GCC_OPTIMIZATION_LEVEL = 0;
				GCC_PREPROCESSOR_DEFINITIONS = ("'CMAKE_INTDIR=\"$(CONFIGURATION)$(EFFECTIVE_PLATFORM_NAME)\"'","$(inherited)");
				GCC_SYMBOLS_PRIVATE_EXTERN = NO;
				INSTALL_PATH = "";
				OTHER_LDFLAGS = ("","$(inherited)");
				OTHER_REZFLAGS = "";
				PRODUCT_NAME = ZERO_CHECK;
				SECTORDER_FLAGS = "";
				USE_HEADERMAP = NO;
				WARNING_CFLAGS = ("$(inherited)");
			};
			name = MinSizeRel;
		};
		B7ED8258A5AE4322A0B0546A /* MinSizeRel */ = {
			isa = XCBuildConfiguration;
			buildSettings = {
				ALWAYS_SEARCH_USER_PATHS = NO;
				COMBINE_HIDPI_IMAGES = YES;
				GCC_GENERATE_DEBUGGING_SYMBOLS = YES;
				GCC_INLINES_ARE_PRIVATE_EXTERN = NO;
				GCC_OPTIMIZATION_LEVEL = 0;
				GCC_PREPROCESSOR_DEFINITIONS = ("'CMAKE_INTDIR=\"$(CONFIGURATION)$(EFFECTIVE_PLATFORM_NAME)\"'","$(inherited)");
				GCC_SYMBOLS_PRIVATE_EXTERN = NO;
				INSTALL_PATH = "";
				OTHER_LDFLAGS = ("","$(inherited)");
				OTHER_REZFLAGS = "";
				PRODUCT_NAME = ALL_BUILD;
				SECTORDER_FLAGS = "";
				USE_HEADERMAP = NO;
				WARNING_CFLAGS = ("$(inherited)");
			};
			name = MinSizeRel;
		};
		CDBCE1C310F5471AADA9F8CF /* Release */ = {
			isa = XCBuildConfiguration;
			buildSettings = {
				ALWAYS_SEARCH_USER_PATHS = NO;
				COMBINE_HIDPI_IMAGES = YES;
				GCC_GENERATE_DEBUGGING_SYMBOLS = YES;
				GCC_INLINES_ARE_PRIVATE_EXTERN = NO;
				GCC_OPTIMIZATION_LEVEL = 0;
				GCC_PREPROCESSOR_DEFINITIONS = ("'CMAKE_INTDIR=\"$(CONFIGURATION)$(EFFECTIVE_PLATFORM_NAME)\"'","$(inherited)");
				GCC_SYMBOLS_PRIVATE_EXTERN = NO;
				INSTALL_PATH = "";
				OTHER_LDFLAGS = ("","$(inherited)");
				OTHER_REZFLAGS = "";
				PRODUCT_NAME = ZERO_CHECK;
				SECTORDER_FLAGS = "";
				USE_HEADERMAP = NO;
				WARNING_CFLAGS = ("$(inherited)");
			};
			name = Release;
		};
		D27456DC09C94B6184DD25C4 /* Release */ = {
			isa = XCBuildConfiguration;
			buildSettings = {
				ALWAYS_SEARCH_USER_PATHS = NO;
				COMBINE_HIDPI_IMAGES = YES;
				GCC_GENERATE_DEBUGGING_SYMBOLS = YES;
				GCC_INLINES_ARE_PRIVATE_EXTERN = NO;
				GCC_OPTIMIZATION_LEVEL = 0;
				GCC_PREPROCESSOR_DEFINITIONS = ("'CMAKE_INTDIR=\"$(CONFIGURATION)$(EFFECTIVE_PLATFORM_NAME)\"'","$(inherited)");
				GCC_SYMBOLS_PRIVATE_EXTERN = NO;
				INSTALL_PATH = "";
				OTHER_LDFLAGS = ("","$(inherited)");
				OTHER_REZFLAGS = "";
				PRODUCT_NAME = "clap-tests";
				SECTORDER_FLAGS = "";
				USE_HEADERMAP = NO;
				WARNING_CFLAGS = ("$(inherited)");
			};
			name = Release;
		};
		D27B51F3ADFE428A92999192 /* RelWithDebInfo */ = {
			isa = XCBuildConfiguration;
			buildSettings = {
				ALWAYS_SEARCH_USER_PATHS = NO;
				ARCHS = arm64;
				COMBINE_HIDPI_IMAGES = YES;
				CONFIGURATION_BUILD_DIR = "/Volumes/KJSL/workspace/github_kevleyski/surge/build_ios/src/clap-extensions/RelWithDebInfo${EFFECTIVE_PLATFORM_NAME}";
				EXECUTABLE_PREFIX = lib;
				EXECUTABLE_SUFFIX = .a;
				GCC_GENERATE_DEBUGGING_SYMBOLS = YES;
				GCC_INLINES_ARE_PRIVATE_EXTERN = NO;
				GCC_OPTIMIZATION_LEVEL = 2;
				GCC_PREPROCESSOR_DEFINITIONS = ("'CMAKE_INTDIR=\"$(CONFIGURATION)$(EFFECTIVE_PLATFORM_NAME)\"'","'HAS_CLAP_JUCE_EXTENSIONS=1'","$(inherited)");
				GCC_SYMBOLS_PRIVATE_EXTERN = NO;
				HEADER_SEARCH_PATHS = ("/Volumes/KJSL/workspace/github_kevleyski/surge/libs/clap-juce-extensions/include","/Volumes/KJSL/workspace/github_kevleyski/surge/libs/clap-juce-extensions/clap-libs/clap/include","/Volumes/KJSL/workspace/github_kevleyski/surge/libs/clap-juce-extensions/clap-libs/clap-helpers/include","$(inherited)");
				INSTALL_PATH = "";
				LIBRARY_STYLE = STATIC;
				LLVM_LTO = YES_THIN;
				ONLY_ACTIVE_ARCH = NO;
				OTHER_CPLUSPLUSFLAGS = "       -DNDEBUG '-std=c++20' '-flto=thin' -fPIC -fvisibility=hidden -fvisibility-inlines-hidden -Wno-multichar -fno-math-errno -fno-trapping-math -fno-char8_t -Wno-unused-command-line-argument -Wno-deprecated-declarations '-Werror=inconsistent-missing-override' '-Werror=logical-op-parentheses' '-Werror=dynamic-class-memaccess' '-Werror=undefined-bool-conversion' '-Werror=bitwise-op-parentheses' '-Werror=pointer-bool-conversion' -faligned-allocation -fasm-blocks ";
				OTHER_LIBTOOLFLAGS = ("");
				OTHER_REZFLAGS = "";
				PRODUCT_NAME = clap_juce_extensions;
				SECTORDER_FLAGS = "";
				TARGET_TEMP_DIR = "/Volumes/KJSL/workspace/github_kevleyski/surge/build_ios/build/clap_juce_extensions.build/$(CONFIGURATION)$(EFFECTIVE_PLATFORM_NAME)";
				USE_HEADERMAP = NO;
				WARNING_CFLAGS = ("$(inherited)");
			};
			name = RelWithDebInfo;
		};
		DF8F882E3CAF4A89A049265C /* RelWithDebInfo */ = {
			isa = XCBuildConfiguration;
			buildSettings = {
				ALWAYS_SEARCH_USER_PATHS = NO;
				COMBINE_HIDPI_IMAGES = YES;
				GCC_GENERATE_DEBUGGING_SYMBOLS = YES;
				GCC_INLINES_ARE_PRIVATE_EXTERN = NO;
				GCC_OPTIMIZATION_LEVEL = 0;
				GCC_PREPROCESSOR_DEFINITIONS = ("'CMAKE_INTDIR=\"$(CONFIGURATION)$(EFFECTIVE_PLATFORM_NAME)\"'","$(inherited)");
				GCC_SYMBOLS_PRIVATE_EXTERN = NO;
				INSTALL_PATH = "";
				OTHER_LDFLAGS = ("","$(inherited)");
				OTHER_REZFLAGS = "";
				PRODUCT_NAME = ZERO_CHECK;
				SECTORDER_FLAGS = "";
				USE_HEADERMAP = NO;
				WARNING_CFLAGS = ("$(inherited)");
			};
			name = RelWithDebInfo;
		};
		DFD4D5D99C814276843C2AB8 /* Release */ = {
			isa = XCBuildConfiguration;
			buildSettings = {
				ALWAYS_SEARCH_USER_PATHS = NO;
				ARCHS = arm64;
				COMBINE_HIDPI_IMAGES = YES;
				CONFIGURATION_BUILD_DIR = "/Volumes/KJSL/workspace/github_kevleyski/surge/build_ios/src/clap-extensions/Release${EFFECTIVE_PLATFORM_NAME}";
				EXECUTABLE_PREFIX = lib;
				EXECUTABLE_SUFFIX = .a;
				GCC_GENERATE_DEBUGGING_SYMBOLS = NO;
				GCC_INLINES_ARE_PRIVATE_EXTERN = NO;
				GCC_OPTIMIZATION_LEVEL = 3;
				GCC_PREPROCESSOR_DEFINITIONS = ("'CMAKE_INTDIR=\"$(CONFIGURATION)$(EFFECTIVE_PLATFORM_NAME)\"'","'HAS_CLAP_JUCE_EXTENSIONS=1'","$(inherited)");
				GCC_SYMBOLS_PRIVATE_EXTERN = NO;
				HEADER_SEARCH_PATHS = ("/Volumes/KJSL/workspace/github_kevleyski/surge/libs/clap-juce-extensions/include","/Volumes/KJSL/workspace/github_kevleyski/surge/libs/clap-juce-extensions/clap-libs/clap/include","/Volumes/KJSL/workspace/github_kevleyski/surge/libs/clap-juce-extensions/clap-libs/clap-helpers/include","$(inherited)");
				INSTALL_PATH = "";
				LIBRARY_STYLE = STATIC;
				LLVM_LTO = YES_THIN;
				ONLY_ACTIVE_ARCH = NO;
				OTHER_CPLUSPLUSFLAGS = "    -DNDEBUG '-std=c++20' '-flto=thin' -fPIC -fvisibility=hidden -fvisibility-inlines-hidden -Wno-multichar -fno-math-errno -fno-trapping-math -fno-char8_t -Wno-unused-command-line-argument -Wno-deprecated-declarations '-Werror=inconsistent-missing-override' '-Werror=logical-op-parentheses' '-Werror=dynamic-class-memaccess' '-Werror=undefined-bool-conversion' '-Werror=bitwise-op-parentheses' '-Werror=pointer-bool-conversion' -faligned-allocation -fasm-blocks ";
				OTHER_LIBTOOLFLAGS = ("");
				OTHER_REZFLAGS = "";
				PRODUCT_NAME = clap_juce_extensions;
				SECTORDER_FLAGS = "";
				TARGET_TEMP_DIR = "/Volumes/KJSL/workspace/github_kevleyski/surge/build_ios/build/clap_juce_extensions.build/$(CONFIGURATION)$(EFFECTIVE_PLATFORM_NAME)";
				USE_HEADERMAP = NO;
				WARNING_CFLAGS = ("$(inherited)");
			};
			name = Release;
		};
		E88DE14C6A4345D49E615BCC /* Release */ = {
			isa = XCBuildConfiguration;
			buildSettings = {
				ALWAYS_SEARCH_USER_PATHS = NO;
				COMBINE_HIDPI_IMAGES = YES;
				GCC_GENERATE_DEBUGGING_SYMBOLS = YES;
				GCC_INLINES_ARE_PRIVATE_EXTERN = NO;
				GCC_OPTIMIZATION_LEVEL = 0;
				GCC_PREPROCESSOR_DEFINITIONS = ("'CMAKE_INTDIR=\"$(CONFIGURATION)$(EFFECTIVE_PLATFORM_NAME)\"'","$(inherited)");
				GCC_SYMBOLS_PRIVATE_EXTERN = NO;
				INSTALL_PATH = "";
				OTHER_LDFLAGS = ("","$(inherited)");
				OTHER_REZFLAGS = "";
				PRODUCT_NAME = ALL_BUILD;
				SECTORDER_FLAGS = "";
				USE_HEADERMAP = NO;
				WARNING_CFLAGS = ("$(inherited)");
			};
			name = Release;
		};
		EC614CAF26BC48E8B70562DE /* Release */ = {
			isa = XCBuildConfiguration;
			buildSettings = {
				ALWAYS_SEARCH_USER_PATHS = NO;
				COMBINE_HIDPI_IMAGES = YES;
				GCC_GENERATE_DEBUGGING_SYMBOLS = YES;
				GCC_INLINES_ARE_PRIVATE_EXTERN = NO;
				GCC_OPTIMIZATION_LEVEL = 0;
				GCC_PREPROCESSOR_DEFINITIONS = ("'CMAKE_INTDIR=\"$(CONFIGURATION)$(EFFECTIVE_PLATFORM_NAME)\"'","$(inherited)");
				GCC_SYMBOLS_PRIVATE_EXTERN = NO;
				INSTALL_PATH = "";
				OTHER_LDFLAGS = ("","$(inherited)");
				OTHER_REZFLAGS = "";
				PRODUCT_NAME = install;
				SECTORDER_FLAGS = "";
				USE_HEADERMAP = NO;
				WARNING_CFLAGS = ("$(inherited)");
			};
			name = Release;
		};
/* End XCBuildConfiguration section */

/* Begin XCConfigurationList section */
		35B8BEC451C34211B0A1308C /* Build configuration list for PBXProject "clap-juce-extensions" */ = {
			isa = XCConfigurationList;
			buildConfigurations = (
				1C065EC491DF463A92BFA79A /* Debug */,
				06CCEA02567F459BA6A45016 /* Release */,
				7F6AC12933BA44D48F760092 /* MinSizeRel */,
				1546B39A96C64E96BC64CD01 /* RelWithDebInfo */,
			);
			defaultConfigurationIsVisible = 0;
			defaultConfigurationName = Debug;
		};
		95631C2C1D72478D9BD0F4FC /* Build configuration list for PBXNativeTarget "clap_juce_extensions" */ = {
			isa = XCConfigurationList;
			buildConfigurations = (
				321F64062A12408497A44EE1 /* Debug */,
				DFD4D5D99C814276843C2AB8 /* Release */,
				3C91253449D144808A3806EC /* MinSizeRel */,
				D27B51F3ADFE428A92999192 /* RelWithDebInfo */,
			);
			defaultConfigurationIsVisible = 0;
			defaultConfigurationName = Debug;
		};
		9F39596F1BE14E01B277F029 /* Build configuration list for PBXAggregateTarget "ZERO_CHECK" */ = {
			isa = XCConfigurationList;
			buildConfigurations = (
				4EA898F2F92C49B5A0505708 /* Debug */,
				CDBCE1C310F5471AADA9F8CF /* Release */,
				AA8C3056F0EA43CE8E473676 /* MinSizeRel */,
				DF8F882E3CAF4A89A049265C /* RelWithDebInfo */,
			);
			defaultConfigurationIsVisible = 0;
			defaultConfigurationName = Debug;
		};
		DA191A16AD714DB19CCA941D /* Build configuration list for PBXAggregateTarget "clap-tests" */ = {
			isa = XCConfigurationList;
			buildConfigurations = (
				41022645B1AB4F429CB524A9 /* Debug */,
				D27456DC09C94B6184DD25C4 /* Release */,
				6BB6BB57D2B54FA799FC74FB /* MinSizeRel */,
				34037D3544D44F2CA698B15F /* RelWithDebInfo */,
			);
			defaultConfigurationIsVisible = 0;
			defaultConfigurationName = Debug;
		};
		DE2DB341808B4AA593E44A35 /* Build configuration list for PBXAggregateTarget "ALL_BUILD" */ = {
			isa = XCConfigurationList;
			buildConfigurations = (
				792DD02659494F479D2C2D73 /* Debug */,
				E88DE14C6A4345D49E615BCC /* Release */,
				B7ED8258A5AE4322A0B0546A /* MinSizeRel */,
				1164177C25B740B89FE9C866 /* RelWithDebInfo */,
			);
			defaultConfigurationIsVisible = 0;
			defaultConfigurationName = Debug;
		};
		E9156566B80049DC98827404 /* Build configuration list for PBXAggregateTarget "install" */ = {
			isa = XCConfigurationList;
			buildConfigurations = (
				52D3C7A46D8B40BDB1759281 /* Debug */,
				EC614CAF26BC48E8B70562DE /* Release */,
				3FF00816299045CAA932EE46 /* MinSizeRel */,
				02AD40E3235B43EAA514D986 /* RelWithDebInfo */,
			);
			defaultConfigurationIsVisible = 0;
			defaultConfigurationName = Debug;
		};
/* End XCConfigurationList section */
	};
	rootObject = 471882C332804FB8839EA419 /* Project object */;
}
