// !$*UTF8*$!
{
	archiveVersion = 1;
	classes = {
	};
	objectVersion = 46;
	objects = {

/* Begin PBXAggregateTarget section */
		412D95C48532286282373140 /* ALL_BUILD */ = {
			isa = PBXAggregateTarget;
			buildConfigurationList = 7422BBA58FB14F33871B3505 /* Build configuration list for PBXAggregateTarget "ALL_BUILD" */;
			buildPhases = (
				145A617D0A7757BACB6693ED /* Generate CMakeFiles/ALL_BUILD */,
			);
			dependencies = (
				1C20485988404717A19F7976 /* PBXTargetDependency */,
				521FC62CE1BF40C98D8C8B3A /* PBXTargetDependency */,
			);
			name = ALL_BUILD;
			productName = ALL_BUILD;
		};
		77C1A3C52D322D9730269CA7 /* install */ = {
			isa = PBXAggregateTarget;
			buildConfigurationList = C5FECB04BF5F4D8E9F3F1FF0 /* Build configuration list for PBXAggregateTarget "install" */;
			buildPhases = (
				93426DA6A4AC2C2AC9CE883C /* CMake PostBuild Rules */,
			);
			dependencies = (
				BA7957345DFB4E27B3AACEAF /* PBXTargetDependency */,
			);
			name = install;
			productName = install;
		};
		89D95F8BA93D09359DDCC172 /* ZERO_CHECK */ = {
			isa = PBXAggregateTarget;
			buildConfigurationList = 6F44EDF0CDF3497AA555B3D5 /* Build configuration list for PBXAggregateTarget "ZERO_CHECK" */;
			buildPhases = (
				EC46DCBC1778AF4D5758AB41 /* Generate CMakeFiles/ZERO_CHECK */,
			);
			dependencies = (
			);
			name = ZERO_CHECK;
			productName = ZERO_CHECK;
		};
/* End PBXAggregateTarget section */

/* Begin PBXBuildFile section */
		1964D91169C443A0AB67B226 /* /Volumes/KJSL/workspace/github_kevleyski/surge/build_ios/libs/pffft/CMakeFiles/pffft.dir/Info.plist */ = {isa = PBXBuildFile; fileRef = D1950126FB2846F18800EBB7 /* /Volumes/KJSL/workspace/github_kevleyski/surge/build_ios/libs/pffft/CMakeFiles/pffft.dir/Info.plist */; };
		69F2939249DE467B969D9713 /* /Volumes/KJSL/workspace/github_kevleyski/surge/libs/pffft/fft_convolve.cpp */ = {isa = PBXBuildFile; fileRef = 42FFB390970D45BD857CDD16 /* /Volumes/KJSL/workspace/github_kevleyski/surge/libs/pffft/fft_convolve.cpp */; };
		7803CA653B694E3B84402D88 /* /Volumes/KJSL/workspace/github_kevleyski/surge/libs/pffft/pffft.h */ = {isa = PBXBuildFile; fileRef = 01334F262D47472399F56259 /* /Volumes/KJSL/workspace/github_kevleyski/surge/libs/pffft/pffft.h */; };
		902E2B739FC24BA2824C02A7 /* /Volumes/KJSL/workspace/github_kevleyski/surge/libs/pffft/fft_convolve.hpp */ = {isa = PBXBuildFile; fileRef = 93C1F54FDA014E26B7EBF0E6 /* /Volumes/KJSL/workspace/github_kevleyski/surge/libs/pffft/fft_convolve.hpp */; };
		9A4A28446ABA4DD68D61A9F7 /* /Volumes/KJSL/workspace/github_kevleyski/surge/libs/pffft/pffft.hpp */ = {isa = PBXBuildFile; fileRef = 851A22C5486C408E8375136C /* /Volumes/KJSL/workspace/github_kevleyski/surge/libs/pffft/pffft.hpp */; };
		AD7F027271544CFAA85FE226 /* /Volumes/KJSL/workspace/github_kevleyski/surge/libs/pffft/pffft-detail.hpp */ = {isa = PBXBuildFile; fileRef = 7D7C0CDF653447668FD4065D /* /Volumes/KJSL/workspace/github_kevleyski/surge/libs/pffft/pffft-detail.hpp */; };
		B14AD9CF566E41ED91F83033 /* /Volumes/KJSL/workspace/github_kevleyski/surge/libs/pffft/pffft.c */ = {isa = PBXBuildFile; fileRef = 53E64756DCCE48CEBA94E452 /* /Volumes/KJSL/workspace/github_kevleyski/surge/libs/pffft/pffft.c */; };
		C40D83F3CE714C6F9F979875 /* /Volumes/KJSL/workspace/github_kevleyski/surge/libs/pffft/CMakeLists.txt */ = {isa = PBXBuildFile; fileRef = CB8CED7DEF6C4230A1707A17 /* /Volumes/KJSL/workspace/github_kevleyski/surge/libs/pffft/CMakeLists.txt */; };
/* End PBXBuildFile section */

/* Begin PBXBuildStyle section */
		38C41D0E99444F58BE962E1D /* Release */ = {
			isa = PBXBuildStyle;
			buildSettings = {
				COPY_PHASE_STRIP = NO;
			};
			name = Release;
		};
		57F1AA86FC4C4B9085842657 /* Debug */ = {
			isa = PBXBuildStyle;
			buildSettings = {
				COPY_PHASE_STRIP = NO;
			};
			name = Debug;
		};
		6864841CD1CA4D60B7A1E3CF /* RelWithDebInfo */ = {
			isa = PBXBuildStyle;
			buildSettings = {
				COPY_PHASE_STRIP = NO;
			};
			name = RelWithDebInfo;
		};
		A83B47947C4E4A8DAADCCDD0 /* MinSizeRel */ = {
			isa = PBXBuildStyle;
			buildSettings = {
				COPY_PHASE_STRIP = NO;
			};
			name = MinSizeRel;
		};
/* End PBXBuildStyle section */

/* Begin PBXContainerItemProxy section */
		22E8EC3B9BC548E2A20386E0 /* PBXContainerItemProxy */ = {
			isa = PBXContainerItemProxy;
			containerPortal = 56C7CA0AFF4F4D398E0FA631 /* Project object */;
			proxyType = 1;
			remoteGlobalIDString = 412D95C48532286282373140;
			remoteInfo = ALL_BUILD;
		};
		5CBAD96A887345EA8B5B90C3 /* PBXContainerItemProxy */ = {
			isa = PBXContainerItemProxy;
			containerPortal = 56C7CA0AFF4F4D398E0FA631 /* Project object */;
			proxyType = 1;
			remoteGlobalIDString = A2536C7D92BFDDDD0D30F309;
			remoteInfo = pffft;
		};
		940AA3059DB44FAEA65FE702 /* PBXContainerItemProxy */ = {
			isa = PBXContainerItemProxy;
			containerPortal = 56C7CA0AFF4F4D398E0FA631 /* Project object */;
			proxyType = 1;
			remoteGlobalIDString = 89D95F8BA93D09359DDCC172;
			remoteInfo = ZERO_CHECK;
		};
		EB40F15E260B43059469CBE3 /* PBXContainerItemProxy */ = {
			isa = PBXContainerItemProxy;
			containerPortal = 56C7CA0AFF4F4D398E0FA631 /* Project object */;
			proxyType = 1;
			remoteGlobalIDString = 89D95F8BA93D09359DDCC172;
			remoteInfo = ZERO_CHECK;
		};
/* End PBXContainerItemProxy section */

/* Begin PBXFileReference section */
		01334F262D47472399F56259 /* /Volumes/KJSL/workspace/github_kevleyski/surge/libs/pffft/pffft.h */ = {isa = PBXFileReference; explicitFileType = sourcecode.c.h; fileEncoding = 4; name = pffft.h; path = pffft.h; sourceTree = SOURCE_ROOT; };
		2720D6068FE14C3B9BF5C4A6 /* pffft */ = {isa = PBXFileReference; explicitFileType = archive.ar; path = libpffft.a; sourceTree = BUILT_PRODUCTS_DIR; };
		42FFB390970D45BD857CDD16 /* /Volumes/KJSL/workspace/github_kevleyski/surge/libs/pffft/fft_convolve.cpp */ = {isa = PBXFileReference; explicitFileType = sourcecode.cpp.cpp; fileEncoding = 4; name = fft_convolve.cpp; path = fft_convolve.cpp; sourceTree = SOURCE_ROOT; };
		53E64756DCCE48CEBA94E452 /* /Volumes/KJSL/workspace/github_kevleyski/surge/libs/pffft/pffft.c */ = {isa = PBXFileReference; explicitFileType = sourcecode.c.c; fileEncoding = 4; name = pffft.c; path = pffft.c; sourceTree = SOURCE_ROOT; };
		7D7C0CDF653447668FD4065D /* /Volumes/KJSL/workspace/github_kevleyski/surge/libs/pffft/pffft-detail.hpp */ = {isa = PBXFileReference; explicitFileType = sourcecode.cpp.h; fileEncoding = 4; name = "pffft-detail.hpp"; path = "pffft-detail.hpp"; sourceTree = SOURCE_ROOT; };
		851A22C5486C408E8375136C /* /Volumes/KJSL/workspace/github_kevleyski/surge/libs/pffft/pffft.hpp */ = {isa = PBXFileReference; explicitFileType = sourcecode.cpp.h; fileEncoding = 4; name = pffft.hpp; path = pffft.hpp; sourceTree = SOURCE_ROOT; };
		93C1F54FDA014E26B7EBF0E6 /* /Volumes/KJSL/workspace/github_kevleyski/surge/libs/pffft/fft_convolve.hpp */ = {isa = PBXFileReference; explicitFileType = sourcecode.cpp.h; fileEncoding = 4; name = fft_convolve.hpp; path = fft_convolve.hpp; sourceTree = SOURCE_ROOT; };
		C2307BE6DB5749B4B0DB5E46 /* /Volumes/KJSL/workspace/github_kevleyski/surge/libs/pffft/CMakeLists.txt */ = {isa = PBXFileReference; explicitFileType = sourcecode.text; fileEncoding = 4; name = CMakeLists.txt; path = CMakeLists.txt; sourceTree = SOURCE_ROOT; };
		CB8CED7DEF6C4230A1707A17 /* /Volumes/KJSL/workspace/github_kevleyski/surge/libs/pffft/CMakeLists.txt */ = {isa = PBXFileReference; explicitFileType = sourcecode.text; fileEncoding = 4; name = CMakeLists.txt; path = CMakeLists.txt; sourceTree = SOURCE_ROOT; };
		D1950126FB2846F18800EBB7 /* /Volumes/KJSL/workspace/github_kevleyski/surge/build_ios/libs/pffft/CMakeFiles/pffft.dir/Info.plist */ = {isa = PBXFileReference; explicitFileType = sourcecode.text.plist; fileEncoding = 4; name = Info.plist; path = /Volumes/KJSL/workspace/github_kevleyski/surge/build_ios/libs/pffft/CMakeFiles/pffft.dir/Info.plist; sourceTree = "<absolute>"; };
/* End PBXFileReference section */

/* Begin PBXFrameworksBuildPhase section */
		18F5417DC58A4941A9EBE647 /* Frameworks */ = {
			isa = PBXFrameworksBuildPhase;
			buildActionMask = 2147483647;
			files = (
			);
			runOnlyForDeploymentPostprocessing = 0;
		};
/* End PBXFrameworksBuildPhase section */

/* Begin PBXGroup section */
		040CC39011AC455DAAEFA072 /* Resources */ = {
			isa = PBXGroup;
			children = (
				D1950126FB2846F18800EBB7 /* /Volumes/KJSL/workspace/github_kevleyski/surge/build_ios/libs/pffft/CMakeFiles/pffft.dir/Info.plist */,
			);
			name = Resources;
			sourceTree = "<group>";
		};
		0CDC2FDBE96A4EA88AD18C5A /* Resources */ = {
			isa = PBXGroup;
			children = (
			);
			name = Resources;
			sourceTree = "<group>";
		};
		0F6F4F7F9F7342D6829D36A4 /* Source Files */ = {
			isa = PBXGroup;
			children = (
				42FFB390970D45BD857CDD16 /* /Volumes/KJSL/workspace/github_kevleyski/surge/libs/pffft/fft_convolve.cpp */,
				53E64756DCCE48CEBA94E452 /* /Volumes/KJSL/workspace/github_kevleyski/surge/libs/pffft/pffft.c */,
			);
			name = "Source Files";
			sourceTree = "<group>";
		};
		1263D6B174BB4DC58B2D4C23 = {
			isa = PBXGroup;
			children = (
				CA0739AB53AE4348BC2643F9 /* ALL_BUILD */,
				BC5A76D7941D4A02A064204C /* pffft */,
				5AEA30622C7E43DC82B0BA2B /* Products */,
				F9E0FF8E60164879B344782A /* Frameworks */,
				0CDC2FDBE96A4EA88AD18C5A /* Resources */,
			);
			sourceTree = "<group>";
		};
		3427C4342FC5466A8B4C2EFC /* Header Files */ = {
			isa = PBXGroup;
			children = (
				93C1F54FDA014E26B7EBF0E6 /* /Volumes/KJSL/workspace/github_kevleyski/surge/libs/pffft/fft_convolve.hpp */,
				7D7C0CDF653447668FD4065D /* /Volumes/KJSL/workspace/github_kevleyski/surge/libs/pffft/pffft-detail.hpp */,
				01334F262D47472399F56259 /* /Volumes/KJSL/workspace/github_kevleyski/surge/libs/pffft/pffft.h */,
				851A22C5486C408E8375136C /* /Volumes/KJSL/workspace/github_kevleyski/surge/libs/pffft/pffft.hpp */,
			);
			name = "Header Files";
			sourceTree = "<group>";
		};
		5AEA30622C7E43DC82B0BA2B /* Products */ = {
			isa = PBXGroup;
			children = (
				2720D6068FE14C3B9BF5C4A6 /* pffft */,
			);
			name = Products;
			sourceTree = "<group>";
		};
		BC5A76D7941D4A02A064204C /* pffft */ = {
			isa = PBXGroup;
			children = (
				3427C4342FC5466A8B4C2EFC /* Header Files */,
				040CC39011AC455DAAEFA072 /* Resources */,
				0F6F4F7F9F7342D6829D36A4 /* Source Files */,
				CB8CED7DEF6C4230A1707A17 /* /Volumes/KJSL/workspace/github_kevleyski/surge/libs/pffft/CMakeLists.txt */,
			);
			name = pffft;
			sourceTree = "<group>";
		};
		CA0739AB53AE4348BC2643F9 /* ALL_BUILD */ = {
			isa = PBXGroup;
			children = (
				FE108E39912E42C2A9A4275A /* CMake Rules */,
				C2307BE6DB5749B4B0DB5E46 /* /Volumes/KJSL/workspace/github_kevleyski/surge/libs/pffft/CMakeLists.txt */,
			);
			name = ALL_BUILD;
			sourceTree = "<group>";
		};
		F9E0FF8E60164879B344782A /* Frameworks */ = {
			isa = PBXGroup;
			children = (
			);
			name = Frameworks;
			sourceTree = "<group>";
		};
		FE108E39912E42C2A9A4275A /* CMake Rules */ = {
			isa = PBXGroup;
			children = (
			);
			name = "CMake Rules";
			sourceTree = "<group>";
		};
/* End PBXGroup section */

/* Begin PBXNativeTarget section */
		A2536C7D92BFDDDD0D30F309 /* pffft */ = {
			isa = PBXNativeTarget;
			buildConfigurationList = BFEC12673D154FEB8B7168C1 /* Build configuration list for PBXNativeTarget "pffft" */;
			buildPhases = (
				F717AFB1579445F89319D167 /* Sources */,
				18F5417DC58A4941A9EBE647 /* Frameworks */,
			);
			buildRules = (
			);
			dependencies = (
				046AD4776834469090EEB174 /* PBXTargetDependency */,
			);
			name = pffft;
			productName = pffft;
			productReference = 2720D6068FE14C3B9BF5C4A6 /* pffft */;
			productType = "com.apple.product-type.library.static";
		};
/* End PBXNativeTarget section */

/* Begin PBXProject section */
		56C7CA0AFF4F4D398E0FA631 /* Project object */ = {
			isa = PBXProject;
			attributes = {
				BuildIndependentTargetsInParallel = YES;
				LastUpgradeCheck = 2660;
			};
			buildConfigurationList = B8615C207A8B4FD28B60C221 /* Build configuration list for PBXProject "pffft" */;
			buildSettings = {
			};
			buildStyles = (
				57F1AA86FC4C4B9085842657 /* Debug */,
				38C41D0E99444F58BE962E1D /* Release */,
				A83B47947C4E4A8DAADCCDD0 /* MinSizeRel */,
				6864841CD1CA4D60B7A1E3CF /* RelWithDebInfo */,
			);
			compatibilityVersion = "Xcode 3.2";
			hasScannedForEncodings = 0;
			mainGroup = 1263D6B174BB4DC58B2D4C23;
			projectDirPath = /Volumes/KJSL/workspace/github_kevleyski/surge/libs/pffft;
			projectRoot = "";
			targets = (
				412D95C48532286282373140 /* ALL_BUILD */,
				77C1A3C52D322D9730269CA7 /* install */,
				A2536C7D92BFDDDD0D30F309 /* pffft */,
				89D95F8BA93D09359DDCC172 /* ZERO_CHECK */,
			);
		};
/* End PBXProject section */

/* Begin PBXShellScriptBuildPhase section */
		145A617D0A7757BACB6693ED /* Generate CMakeFiles/ALL_BUILD */ = {
			isa = PBXShellScriptBuildPhase;
			alwaysOutOfDate = 1;
			buildActionMask = 2147483647;
			files = (
			);
			inputPaths = (
			);
			name = "Generate CMakeFiles/ALL_BUILD";
			outputPaths = (
/Volumes/KJSL/workspace/github_kevleyski/surge/build_ios/libs/pffft/CMakeFiles/ALL_BUILD			);
			runOnlyForDeploymentPostprocessing = 0;
			shellPath = /bin/sh;
			shellScript = "set -e
if test \"$CONFIGURATION\" = \"Debug\"; then :
  cd /Volumes/KJSL/workspace/github_kevleyski/surge/build_ios/libs/pffft
  echo Build\\ all\\ projects
fi
if test \"$CONFIGURATION\" = \"Release\"; then :
  cd /Volumes/KJSL/workspace/github_kevleyski/surge/build_ios/libs/pffft
  echo Build\\ all\\ projects
fi
if test \"$CONFIGURATION\" = \"MinSizeRel\"; then :
  cd /Volumes/KJSL/workspace/github_kevleyski/surge/build_ios/libs/pffft
  echo Build\\ all\\ projects
fi
if test \"$CONFIGURATION\" = \"RelWithDebInfo\"; then :
  cd /Volumes/KJSL/workspace/github_kevleyski/surge/build_ios/libs/pffft
  echo Build\\ all\\ projects
fi
";
			showEnvVarsInLog = 0;
		};
		3C0110FC8322DE7E50886E21 = {
			isa = PBXShellScriptBuildPhase;
			buildActionMask = 2147483647;
			files = (
			);
			inputPaths = (
			);
			outputPaths = (
			);
			runOnlyForDeploymentPostprocessing = 0;
			shellPath = /bin/sh;
			shellScript = "# shell script goes here
exit 0";
			showEnvVarsInLog = 0;
		};
		87AF4882E018677E2624B544 = {
			isa = PBXShellScriptBuildPhase;
			buildActionMask = 2147483647;
			files = (
			);
			inputPaths = (
			);
			outputPaths = (
			);
			runOnlyForDeploymentPostprocessing = 0;
			shellPath = /bin/sh;
			shellScript = "# shell script goes here
exit 0";
			showEnvVarsInLog = 0;
		};
		93426DA6A4AC2C2AC9CE883C /* CMake PostBuild Rules */ = {
			isa = PBXShellScriptBuildPhase;
			alwaysOutOfDate = 1;
			buildActionMask = 2147483647;
			files = (
			);
			inputPaths = (
			);
			name = "CMake PostBuild Rules";
			outputPaths = (
			);
			runOnlyForDeploymentPostprocessing = 0;
			shellPath = /bin/sh;
			shellScript = "set -e
if test \"$CONFIGURATION\" = \"Debug\"; then :
  cd /Volumes/KJSL/workspace/github_kevleyski/surge/build_ios/libs/pffft
  /opt/homebrew/bin/cmake -DBUILD_TYPE=$CONFIGURATION -DEFFECTIVE_PLATFORM_NAME=$EFFECTIVE_PLATFORM_NAME -P cmake_install.cmake
fi
if test \"$CONFIGURATION\" = \"Release\"; then :
  cd /Volumes/KJSL/workspace/github_kevleyski/surge/build_ios/libs/pffft
  /opt/homebrew/bin/cmake -DBUILD_TYPE=$CONFIGURATION -DEFFECTIVE_PLATFORM_NAME=$EFFECTIVE_PLATFORM_NAME -P cmake_install.cmake
fi
if test \"$CONFIGURATION\" = \"MinSizeRel\"; then :
  cd /Volumes/KJSL/workspace/github_kevleyski/surge/build_ios/libs/pffft
  /opt/homebrew/bin/cmake -DBUILD_TYPE=$CONFIGURATION -DEFFECTIVE_PLATFORM_NAME=$EFFECTIVE_PLATFORM_NAME -P cmake_install.cmake
fi
if test \"$CONFIGURATION\" = \"RelWithDebInfo\"; then :
  cd /Volumes/KJSL/workspace/github_kevleyski/surge/build_ios/libs/pffft
  /opt/homebrew/bin/cmake -DBUILD_TYPE=$CONFIGURATION -DEFFECTIVE_PLATFORM_NAME=$EFFECTIVE_PLATFORM_NAME -P cmake_install.cmake
fi
";
			showEnvVarsInLog = 0;
		};
		9B50530E35CC49C82C2FACCF = {
			isa = PBXShellScriptBuildPhase;
			buildActionMask = 2147483647;
			files = (
			);
			inputPaths = (
			);
			outputPaths = (
			);
			runOnlyForDeploymentPostprocessing = 0;
			shellPath = /bin/sh;
			shellScript = "# shell script goes here
exit 0";
			showEnvVarsInLog = 0;
		};
		EC46DCBC1778AF4D5758AB41 /* Generate CMakeFiles/ZERO_CHECK */ = {
			isa = PBXShellScriptBuildPhase;
			alwaysOutOfDate = 1;
			buildActionMask = 2147483647;
			files = (
			);
			inputPaths = (
			);
			name = "Generate CMakeFiles/ZERO_CHECK";
			outputPaths = (
/Volumes/KJSL/workspace/github_kevleyski/surge/build_ios/libs/pffft/CMakeFiles/ZERO_CHECK			);
			runOnlyForDeploymentPostprocessing = 0;
			shellPath = /bin/sh;
			shellScript = "set -e
if test \"$CONFIGURATION\" = \"Debug\"; then :
  cd /Volumes/KJSL/workspace/github_kevleyski/surge/build_ios/libs/pffft
  make -f /Volumes/KJSL/workspace/github_kevleyski/surge/build_ios/libs/pffft/CMakeScripts/ReRunCMake.make
fi
if test \"$CONFIGURATION\" = \"Release\"; then :
  cd /Volumes/KJSL/workspace/github_kevleyski/surge/build_ios/libs/pffft
  make -f /Volumes/KJSL/workspace/github_kevleyski/surge/build_ios/libs/pffft/CMakeScripts/ReRunCMake.make
fi
if test \"$CONFIGURATION\" = \"MinSizeRel\"; then :
  cd /Volumes/KJSL/workspace/github_kevleyski/surge/build_ios/libs/pffft
  make -f /Volumes/KJSL/workspace/github_kevleyski/surge/build_ios/libs/pffft/CMakeScripts/ReRunCMake.make
fi
if test \"$CONFIGURATION\" = \"RelWithDebInfo\"; then :
  cd /Volumes/KJSL/workspace/github_kevleyski/surge/build_ios/libs/pffft
  make -f /Volumes/KJSL/workspace/github_kevleyski/surge/build_ios/libs/pffft/CMakeScripts/ReRunCMake.make
fi
";
			showEnvVarsInLog = 0;
		};
/* End PBXShellScriptBuildPhase section */

/* Begin PBXSourcesBuildPhase section */
		F717AFB1579445F89319D167 /* Sources */ = {
			isa = PBXSourcesBuildPhase;
			buildActionMask = 2147483647;
			files = (
				69F2939249DE467B969D9713 /* /Volumes/KJSL/workspace/github_kevleyski/surge/libs/pffft/fft_convolve.cpp */,
				B14AD9CF566E41ED91F83033 /* /Volumes/KJSL/workspace/github_kevleyski/surge/libs/pffft/pffft.c */,
			);
			runOnlyForDeploymentPostprocessing = 0;
		};
/* End PBXSourcesBuildPhase section */

/* Begin PBXTargetDependency section */
		046AD4776834469090EEB174 /* PBXTargetDependency */ = {
			isa = PBXTargetDependency;
			target = 89D95F8BA93D09359DDCC172 /* ZERO_CHECK */;
			targetProxy = 940AA3059DB44FAEA65FE702 /* PBXContainerItemProxy */;
		};
		1C20485988404717A19F7976 /* PBXTargetDependency */ = {
			isa = PBXTargetDependency;
			target = A2536C7D92BFDDDD0D30F309 /* pffft */;
			targetProxy = 5CBAD96A887345EA8B5B90C3 /* PBXContainerItemProxy */;
		};
		521FC62CE1BF40C98D8C8B3A /* PBXTargetDependency */ = {
			isa = PBXTargetDependency;
			target = 89D95F8BA93D09359DDCC172 /* ZERO_CHECK */;
			targetProxy = EB40F15E260B43059469CBE3 /* PBXContainerItemProxy */;
		};
		BA7957345DFB4E27B3AACEAF /* PBXTargetDependency */ = {
			isa = PBXTargetDependency;
			target = 412D95C48532286282373140 /* ALL_BUILD */;
			targetProxy = 22E8EC3B9BC548E2A20386E0 /* PBXContainerItemProxy */;
		};
/* End PBXTargetDependency section */

/* Begin XCBuildConfiguration section */
		0B94D28F5C254D2886A969C0 /* RelWithDebInfo */ = {
			isa = XCBuildConfiguration;
			buildSettings = {
				ARCHS = arm64;
				CODE_SIGN_STYLE = Automatic;
				DEVELOPMENT_TEAM = B973YVS5A5;
				IPHONEOS_DEPLOYMENT_TARGET = 10.15;
				SDKROOT = iphoneos;
				SWIFT_COMPILATION_MODE = wholemodule;
				SYMROOT = /Volumes/KJSL/workspace/github_kevleyski/surge/build_ios/build;
			};
			name = RelWithDebInfo;
		};
		13FDD10E64AC4849AD7B93B5 /* Release */ = {
			isa = XCBuildConfiguration;
			buildSettings = {
				ALWAYS_SEARCH_USER_PATHS = NO;
				COMBINE_HIDPI_IMAGES = YES;
				GCC_GENERATE_DEBUGGING_SYMBOLS = YES;
				GCC_INLINES_ARE_PRIVATE_EXTERN = NO;
				GCC_OPTIMIZATION_LEVEL = 0;
				GCC_PREPROCESSOR_DEFINITIONS = ("'CMAKE_INTDIR=\"$(CONFIGURATION)$(EFFECTIVE_PLATFORM_NAME)\"'","$(inherited)");
				GCC_SYMBOLS_PRIVATE_EXTERN = NO;
				INSTALL_PATH = "";
				OTHER_LDFLAGS = ("","$(inherited)");
				OTHER_REZFLAGS = "";
				PRODUCT_NAME = ZERO_CHECK;
				SECTORDER_FLAGS = "";
				USE_HEADERMAP = NO;
				WARNING_CFLAGS = ("$(inherited)");
			};
			name = Release;
		};
		22137D832DEB4F199142CF58 /* MinSizeRel */ = {
			isa = XCBuildConfiguration;
			buildSettings = {
				ARCHS = arm64;
				CODE_SIGN_STYLE = Automatic;
				DEVELOPMENT_TEAM = B973YVS5A5;
				IPHONEOS_DEPLOYMENT_TARGET = 10.15;
				SDKROOT = iphoneos;
				SWIFT_COMPILATION_MODE = wholemodule;
				SYMROOT = /Volumes/KJSL/workspace/github_kevleyski/surge/build_ios/build;
			};
			name = MinSizeRel;
		};
		2404ED1E675A430F9417BA5B /* MinSizeRel */ = {
			isa = XCBuildConfiguration;
			buildSettings = {
				ALWAYS_SEARCH_USER_PATHS = NO;
				ARCHS = arm64;
				COMBINE_HIDPI_IMAGES = YES;
				CONFIGURATION_BUILD_DIR = "/Volumes/KJSL/workspace/github_kevleyski/surge/build_ios/libs/pffft/MinSizeRel${EFFECTIVE_PLATFORM_NAME}";
				EXECUTABLE_PREFIX = lib;
				EXECUTABLE_SUFFIX = .a;
				GCC_GENERATE_DEBUGGING_SYMBOLS = NO;
				GCC_INLINES_ARE_PRIVATE_EXTERN = NO;
				GCC_OPTIMIZATION_LEVEL = s;
				GCC_PREPROCESSOR_DEFINITIONS = ("'CMAKE_INTDIR=\"$(CONFIGURATION)$(EFFECTIVE_PLATFORM_NAME)\"'","$(inherited)");
				GCC_SYMBOLS_PRIVATE_EXTERN = NO;
				INSTALL_PATH = "";
				LIBRARY_STYLE = STATIC;
				LLVM_LTO = YES_THIN;
				ONLY_ACTIVE_ARCH = NO;
				OTHER_CFLAGS = ("    -DNDEBUG '-std=gnu99' '-flto=thin' -fPIC -fvisibility=hidden -Wno-multichar -fno-math-errno -fno-trapping-math -Wno-unused-command-line-argument -Wno-deprecated-declarations '-Werror=inconsistent-missing-override' '-Werror=logical-op-parentheses' '-Werror=dynamic-class-memaccess' '-Werror=undefined-bool-conversion' '-Werror=bitwise-op-parentheses' '-Werror=pointer-bool-conversion' -faligned-allocation -fasm-blocks ","$(inherited)");
				OTHER_CPLUSPLUSFLAGS = "    -DNDEBUG '-std=c++20' '-flto=thin' -fPIC -fvisibility=hidden -fvisibility-inlines-hidden -Wno-multichar -fno-math-errno -fno-trapping-math -fno-char8_t -Wno-unused-command-line-argument -Wno-deprecated-declarations '-Werror=inconsistent-missing-override' '-Werror=logical-op-parentheses' '-Werror=dynamic-class-memaccess' '-Werror=undefined-bool-conversion' '-Werror=bitwise-op-parentheses' '-Werror=pointer-bool-conversion' -faligned-allocation -fasm-blocks ";
				OTHER_LIBTOOLFLAGS = ("");
				OTHER_REZFLAGS = "";
				PRODUCT_NAME = pffft;
				SECTORDER_FLAGS = "";
				TARGET_TEMP_DIR = "/Volumes/KJSL/workspace/github_kevleyski/surge/build_ios/build/pffft.build/$(CONFIGURATION)$(EFFECTIVE_PLATFORM_NAME)";
				USE_HEADERMAP = NO;
				WARNING_CFLAGS = ("$(inherited)");
			};
			name = MinSizeRel;
		};
		261CBC192253452389309FAD /* Debug */ = {
			isa = XCBuildConfiguration;
			buildSettings = {
				ARCHS = arm64;
				CODE_SIGN_STYLE = Automatic;
				DEVELOPMENT_TEAM = B973YVS5A5;
				IPHONEOS_DEPLOYMENT_TARGET = 10.15;
				SDKROOT = iphoneos;
				SYMROOT = /Volumes/KJSL/workspace/github_kevleyski/surge/build_ios/build;
			};
			name = Debug;
		};
		3F3BEC4D2A3243C183626F47 /* RelWithDebInfo */ = {
			isa = XCBuildConfiguration;
			buildSettings = {
				ALWAYS_SEARCH_USER_PATHS = NO;
				COMBINE_HIDPI_IMAGES = YES;
				GCC_GENERATE_DEBUGGING_SYMBOLS = YES;
				GCC_INLINES_ARE_PRIVATE_EXTERN = NO;
				GCC_OPTIMIZATION_LEVEL = 0;
				GCC_PREPROCESSOR_DEFINITIONS = ("'CMAKE_INTDIR=\"$(CONFIGURATION)$(EFFECTIVE_PLATFORM_NAME)\"'","$(inherited)");
				GCC_SYMBOLS_PRIVATE_EXTERN = NO;
				INSTALL_PATH = "";
				OTHER_LDFLAGS = ("","$(inherited)");
				OTHER_REZFLAGS = "";
				PRODUCT_NAME = install;
				SECTORDER_FLAGS = "";
				USE_HEADERMAP = NO;
				WARNING_CFLAGS = ("$(inherited)");
			};
			name = RelWithDebInfo;
		};
		4AFA5C266B95455F9607B7BE /* RelWithDebInfo */ = {
			isa = XCBuildConfiguration;
			buildSettings = {
				ALWAYS_SEARCH_USER_PATHS = NO;
				ARCHS = arm64;
				COMBINE_HIDPI_IMAGES = YES;
				CONFIGURATION_BUILD_DIR = "/Volumes/KJSL/workspace/github_kevleyski/surge/build_ios/libs/pffft/RelWithDebInfo${EFFECTIVE_PLATFORM_NAME}";
				EXECUTABLE_PREFIX = lib;
				EXECUTABLE_SUFFIX = .a;
				GCC_GENERATE_DEBUGGING_SYMBOLS = YES;
				GCC_INLINES_ARE_PRIVATE_EXTERN = NO;
				GCC_OPTIMIZATION_LEVEL = 2;
				GCC_PREPROCESSOR_DEFINITIONS = ("'CMAKE_INTDIR=\"$(CONFIGURATION)$(EFFECTIVE_PLATFORM_NAME)\"'","$(inherited)");
				GCC_SYMBOLS_PRIVATE_EXTERN = NO;
				INSTALL_PATH = "";
				LIBRARY_STYLE = STATIC;
				LLVM_LTO = YES_THIN;
				ONLY_ACTIVE_ARCH = NO;
				OTHER_CFLAGS = ("       -DNDEBUG '-std=gnu99' '-flto=thin' -fPIC -fvisibility=hidden -Wno-multichar -fno-math-errno -fno-trapping-math -Wno-unused-command-line-argument -Wno-deprecated-declarations '-Werror=inconsistent-missing-override' '-Werror=logical-op-parentheses' '-Werror=dynamic-class-memaccess' '-Werror=undefined-bool-conversion' '-Werror=bitwise-op-parentheses' '-Werror=pointer-bool-conversion' -faligned-allocation -fasm-blocks ","$(inherited)");
				OTHER_CPLUSPLUSFLAGS = "       -DNDEBUG '-std=c++20' '-flto=thin' -fPIC -fvisibility=hidden -fvisibility-inlines-hidden -Wno-multichar -fno-math-errno -fno-trapping-math -fno-char8_t -Wno-unused-command-line-argument -Wno-deprecated-declarations '-Werror=inconsistent-missing-override' '-Werror=logical-op-parentheses' '-Werror=dynamic-class-memaccess' '-Werror=undefined-bool-conversion' '-Werror=bitwise-op-parentheses' '-Werror=pointer-bool-conversion' -faligned-allocation -fasm-blocks ";
				OTHER_LIBTOOLFLAGS = ("");
				OTHER_REZFLAGS = "";
				PRODUCT_NAME = pffft;
				SECTORDER_FLAGS = "";
				TARGET_TEMP_DIR = "/Volumes/KJSL/workspace/github_kevleyski/surge/build_ios/build/pffft.build/$(CONFIGURATION)$(EFFECTIVE_PLATFORM_NAME)";
				USE_HEADERMAP = NO;
				WARNING_CFLAGS = ("$(inherited)");
			};
			name = RelWithDebInfo;
		};
		4BA89534565C44248AC0BF4A /* Debug */ = {
			isa = XCBuildConfiguration;
			buildSettings = {
				ALWAYS_SEARCH_USER_PATHS = NO;
				ARCHS = arm64;
				COMBINE_HIDPI_IMAGES = YES;
				CONFIGURATION_BUILD_DIR = "/Volumes/KJSL/workspace/github_kevleyski/surge/build_ios/libs/pffft/Debug${EFFECTIVE_PLATFORM_NAME}";
				EXECUTABLE_PREFIX = lib;
				EXECUTABLE_SUFFIX = .a;
				GCC_GENERATE_DEBUGGING_SYMBOLS = YES;
				GCC_INLINES_ARE_PRIVATE_EXTERN = NO;
				GCC_OPTIMIZATION_LEVEL = 0;
				GCC_PREPROCESSOR_DEFINITIONS = ("'CMAKE_INTDIR=\"$(CONFIGURATION)$(EFFECTIVE_PLATFORM_NAME)\"'","$(inherited)");
				GCC_SYMBOLS_PRIVATE_EXTERN = NO;
				INSTALL_PATH = "";
				LIBRARY_STYLE = STATIC;
				LLVM_LTO = YES_THIN;
				ONLY_ACTIVE_ARCH = NO;
				OTHER_CFLAGS = ("   '-std=gnu99' '-flto=thin' -fPIC -fvisibility=hidden -Wno-multichar -fno-math-errno -fno-trapping-math -Wno-unused-command-line-argument -Wno-deprecated-declarations '-Werror=inconsistent-missing-override' '-Werror=logical-op-parentheses' '-Werror=dynamic-class-memaccess' '-Werror=undefined-bool-conversion' '-Werror=bitwise-op-parentheses' '-Werror=pointer-bool-conversion' -faligned-allocation -fasm-blocks ","$(inherited)");
				OTHER_CPLUSPLUSFLAGS = "   '-std=c++20' '-flto=thin' -fPIC -fvisibility=hidden -fvisibility-inlines-hidden -Wno-multichar -fno-math-errno -fno-trapping-math -fno-char8_t -Wno-unused-command-line-argument -Wno-deprecated-declarations '-Werror=inconsistent-missing-override' '-Werror=logical-op-parentheses' '-Werror=dynamic-class-memaccess' '-Werror=undefined-bool-conversion' '-Werror=bitwise-op-parentheses' '-Werror=pointer-bool-conversion' -faligned-allocation -fasm-blocks ";
				OTHER_LIBTOOLFLAGS = ("");
				OTHER_REZFLAGS = "";
				PRODUCT_NAME = pffft;
				SECTORDER_FLAGS = "";
				TARGET_TEMP_DIR = "/Volumes/KJSL/workspace/github_kevleyski/surge/build_ios/build/pffft.build/$(CONFIGURATION)$(EFFECTIVE_PLATFORM_NAME)";
				USE_HEADERMAP = NO;
				WARNING_CFLAGS = ("$(inherited)");
			};
			name = Debug;
		};
		4E89FFE63A1A4DA2BE5B2A7E /* RelWithDebInfo */ = {
			isa = XCBuildConfiguration;
			buildSettings = {
				ALWAYS_SEARCH_USER_PATHS = NO;
				COMBINE_HIDPI_IMAGES = YES;
				GCC_GENERATE_DEBUGGING_SYMBOLS = YES;
				GCC_INLINES_ARE_PRIVATE_EXTERN = NO;
				GCC_OPTIMIZATION_LEVEL = 0;
				GCC_PREPROCESSOR_DEFINITIONS = ("'CMAKE_INTDIR=\"$(CONFIGURATION)$(EFFECTIVE_PLATFORM_NAME)\"'","$(inherited)");
				GCC_SYMBOLS_PRIVATE_EXTERN = NO;
				INSTALL_PATH = "";
				OTHER_LDFLAGS = ("","$(inherited)");
				OTHER_REZFLAGS = "";
				PRODUCT_NAME = ALL_BUILD;
				SECTORDER_FLAGS = "";
				USE_HEADERMAP = NO;
				WARNING_CFLAGS = ("$(inherited)");
			};
			name = RelWithDebInfo;
		};
		6283F8E1EC284C34BC7EB011 /* MinSizeRel */ = {
			isa = XCBuildConfiguration;
			buildSettings = {
				ALWAYS_SEARCH_USER_PATHS = NO;
				COMBINE_HIDPI_IMAGES = YES;
				GCC_GENERATE_DEBUGGING_SYMBOLS = YES;
				GCC_INLINES_ARE_PRIVATE_EXTERN = NO;
				GCC_OPTIMIZATION_LEVEL = 0;
				GCC_PREPROCESSOR_DEFINITIONS = ("'CMAKE_INTDIR=\"$(CONFIGURATION)$(EFFECTIVE_PLATFORM_NAME)\"'","$(inherited)");
				GCC_SYMBOLS_PRIVATE_EXTERN = NO;
				INSTALL_PATH = "";
				OTHER_LDFLAGS = ("","$(inherited)");
				OTHER_REZFLAGS = "";
				PRODUCT_NAME = ZERO_CHECK;
				SECTORDER_FLAGS = "";
				USE_HEADERMAP = NO;
				WARNING_CFLAGS = ("$(inherited)");
			};
			name = MinSizeRel;
		};
		7D35A11A63934CCABFB4C0AE /* Release */ = {
			isa = XCBuildConfiguration;
			buildSettings = {
				ALWAYS_SEARCH_USER_PATHS = NO;
				COMBINE_HIDPI_IMAGES = YES;
				GCC_GENERATE_DEBUGGING_SYMBOLS = YES;
				GCC_INLINES_ARE_PRIVATE_EXTERN = NO;
				GCC_OPTIMIZATION_LEVEL = 0;
				GCC_PREPROCESSOR_DEFINITIONS = ("'CMAKE_INTDIR=\"$(CONFIGURATION)$(EFFECTIVE_PLATFORM_NAME)\"'","$(inherited)");
				GCC_SYMBOLS_PRIVATE_EXTERN = NO;
				INSTALL_PATH = "";
				OTHER_LDFLAGS = ("","$(inherited)");
				OTHER_REZFLAGS = "";
				PRODUCT_NAME = install;
				SECTORDER_FLAGS = "";
				USE_HEADERMAP = NO;
				WARNING_CFLAGS = ("$(inherited)");
			};
			name = Release;
		};
		86B7CB981FCD421685526B2F /* RelWithDebInfo */ = {
			isa = XCBuildConfiguration;
			buildSettings = {
				ALWAYS_SEARCH_USER_PATHS = NO;
				COMBINE_HIDPI_IMAGES = YES;
				GCC_GENERATE_DEBUGGING_SYMBOLS = YES;
				GCC_INLINES_ARE_PRIVATE_EXTERN = NO;
				GCC_OPTIMIZATION_LEVEL = 0;
				GCC_PREPROCESSOR_DEFINITIONS = ("'CMAKE_INTDIR=\"$(CONFIGURATION)$(EFFECTIVE_PLATFORM_NAME)\"'","$(inherited)");
				GCC_SYMBOLS_PRIVATE_EXTERN = NO;
				INSTALL_PATH = "";
				OTHER_LDFLAGS = ("","$(inherited)");
				OTHER_REZFLAGS = "";
				PRODUCT_NAME = ZERO_CHECK;
				SECTORDER_FLAGS = "";
				USE_HEADERMAP = NO;
				WARNING_CFLAGS = ("$(inherited)");
			};
			name = RelWithDebInfo;
		};
		87E5BAD3326948BA9CE0D5EC /* MinSizeRel */ = {
			isa = XCBuildConfiguration;
			buildSettings = {
				ALWAYS_SEARCH_USER_PATHS = NO;
				COMBINE_HIDPI_IMAGES = YES;
				GCC_GENERATE_DEBUGGING_SYMBOLS = YES;
				GCC_INLINES_ARE_PRIVATE_EXTERN = NO;
				GCC_OPTIMIZATION_LEVEL = 0;
				GCC_PREPROCESSOR_DEFINITIONS = ("'CMAKE_INTDIR=\"$(CONFIGURATION)$(EFFECTIVE_PLATFORM_NAME)\"'","$(inherited)");
				GCC_SYMBOLS_PRIVATE_EXTERN = NO;
				INSTALL_PATH = "";
				OTHER_LDFLAGS = ("","$(inherited)");
				OTHER_REZFLAGS = "";
				PRODUCT_NAME = ALL_BUILD;
				SECTORDER_FLAGS = "";
				USE_HEADERMAP = NO;
				WARNING_CFLAGS = ("$(inherited)");
			};
			name = MinSizeRel;
		};
		B2A391847D904A459A1FF153 /* Debug */ = {
			isa = XCBuildConfiguration;
			buildSettings = {
				ALWAYS_SEARCH_USER_PATHS = NO;
				COMBINE_HIDPI_IMAGES = YES;
				GCC_GENERATE_DEBUGGING_SYMBOLS = YES;
				GCC_INLINES_ARE_PRIVATE_EXTERN = NO;
				GCC_OPTIMIZATION_LEVEL = 0;
				GCC_PREPROCESSOR_DEFINITIONS = ("'CMAKE_INTDIR=\"$(CONFIGURATION)$(EFFECTIVE_PLATFORM_NAME)\"'","$(inherited)");
				GCC_SYMBOLS_PRIVATE_EXTERN = NO;
				INSTALL_PATH = "";
				OTHER_LDFLAGS = ("","$(inherited)");
				OTHER_REZFLAGS = "";
				PRODUCT_NAME = install;
				SECTORDER_FLAGS = "";
				USE_HEADERMAP = NO;
				WARNING_CFLAGS = ("$(inherited)");
			};
			name = Debug;
		};
		BAAC5669DB8445AE9E34D69D /* MinSizeRel */ = {
			isa = XCBuildConfiguration;
			buildSettings = {
				ALWAYS_SEARCH_USER_PATHS = NO;
				COMBINE_HIDPI_IMAGES = YES;
				GCC_GENERATE_DEBUGGING_SYMBOLS = YES;
				GCC_INLINES_ARE_PRIVATE_EXTERN = NO;
				GCC_OPTIMIZATION_LEVEL = 0;
				GCC_PREPROCESSOR_DEFINITIONS = ("'CMAKE_INTDIR=\"$(CONFIGURATION)$(EFFECTIVE_PLATFORM_NAME)\"'","$(inherited)");
				GCC_SYMBOLS_PRIVATE_EXTERN = NO;
				INSTALL_PATH = "";
				OTHER_LDFLAGS = ("","$(inherited)");
				OTHER_REZFLAGS = "";
				PRODUCT_NAME = install;
				SECTORDER_FLAGS = "";
				USE_HEADERMAP = NO;
				WARNING_CFLAGS = ("$(inherited)");
			};
			name = MinSizeRel;
		};
		D273B5F3B4B64C20821EBD02 /* Debug */ = {
			isa = XCBuildConfiguration;
			buildSettings = {
				ALWAYS_SEARCH_USER_PATHS = NO;
				COMBINE_HIDPI_IMAGES = YES;
				GCC_GENERATE_DEBUGGING_SYMBOLS = YES;
				GCC_INLINES_ARE_PRIVATE_EXTERN = NO;
				GCC_OPTIMIZATION_LEVEL = 0;
				GCC_PREPROCESSOR_DEFINITIONS = ("'CMAKE_INTDIR=\"$(CONFIGURATION)$(EFFECTIVE_PLATFORM_NAME)\"'","$(inherited)");
				GCC_SYMBOLS_PRIVATE_EXTERN = NO;
				INSTALL_PATH = "";
				OTHER_LDFLAGS = ("","$(inherited)");
				OTHER_REZFLAGS = "";
				PRODUCT_NAME = ZERO_CHECK;
				SECTORDER_FLAGS = "";
				USE_HEADERMAP = NO;
				WARNING_CFLAGS = ("$(inherited)");
			};
			name = Debug;
		};
		E103777014C2433C9CC6D29E /* Release */ = {
			isa = XCBuildConfiguration;
			buildSettings = {
				ARCHS = arm64;
				CODE_SIGN_STYLE = Automatic;
				DEVELOPMENT_TEAM = B973YVS5A5;
				IPHONEOS_DEPLOYMENT_TARGET = 10.15;
				SDKROOT = iphoneos;
				SWIFT_COMPILATION_MODE = wholemodule;
				SYMROOT = /Volumes/KJSL/workspace/github_kevleyski/surge/build_ios/build;
			};
			name = Release;
		};
		E67ACCF3374446E9980C935C /* Debug */ = {
			isa = XCBuildConfiguration;
			buildSettings = {
				ALWAYS_SEARCH_USER_PATHS = NO;
				COMBINE_HIDPI_IMAGES = YES;
				GCC_GENERATE_DEBUGGING_SYMBOLS = YES;
				GCC_INLINES_ARE_PRIVATE_EXTERN = NO;
				GCC_OPTIMIZATION_LEVEL = 0;
				GCC_PREPROCESSOR_DEFINITIONS = ("'CMAKE_INTDIR=\"$(CONFIGURATION)$(EFFECTIVE_PLATFORM_NAME)\"'","$(inherited)");
				GCC_SYMBOLS_PRIVATE_EXTERN = NO;
				INSTALL_PATH = "";
				OTHER_LDFLAGS = ("","$(inherited)");
				OTHER_REZFLAGS = "";
				PRODUCT_NAME = ALL_BUILD;
				SECTORDER_FLAGS = "";
				USE_HEADERMAP = NO;
				WARNING_CFLAGS = ("$(inherited)");
			};
			name = Debug;
		};
		EE036F5FBCE943C5BAD2628C /* Release */ = {
			isa = XCBuildConfiguration;
			buildSettings = {
				ALWAYS_SEARCH_USER_PATHS = NO;
				COMBINE_HIDPI_IMAGES = YES;
				GCC_GENERATE_DEBUGGING_SYMBOLS = YES;
				GCC_INLINES_ARE_PRIVATE_EXTERN = NO;
				GCC_OPTIMIZATION_LEVEL = 0;
				GCC_PREPROCESSOR_DEFINITIONS = ("'CMAKE_INTDIR=\"$(CONFIGURATION)$(EFFECTIVE_PLATFORM_NAME)\"'","$(inherited)");
				GCC_SYMBOLS_PRIVATE_EXTERN = NO;
				INSTALL_PATH = "";
				OTHER_LDFLAGS = ("","$(inherited)");
				OTHER_REZFLAGS = "";
				PRODUCT_NAME = ALL_BUILD;
				SECTORDER_FLAGS = "";
				USE_HEADERMAP = NO;
				WARNING_CFLAGS = ("$(inherited)");
			};
			name = Release;
		};
		F262832BABF8418BAFCACF11 /* Release */ = {
			isa = XCBuildConfiguration;
			buildSettings = {
				ALWAYS_SEARCH_USER_PATHS = NO;
				ARCHS = arm64;
				COMBINE_HIDPI_IMAGES = YES;
				CONFIGURATION_BUILD_DIR = "/Volumes/KJSL/workspace/github_kevleyski/surge/build_ios/libs/pffft/Release${EFFECTIVE_PLATFORM_NAME}";
				EXECUTABLE_PREFIX = lib;
				EXECUTABLE_SUFFIX = .a;
				GCC_GENERATE_DEBUGGING_SYMBOLS = NO;
				GCC_INLINES_ARE_PRIVATE_EXTERN = NO;
				GCC_OPTIMIZATION_LEVEL = 3;
				GCC_PREPROCESSOR_DEFINITIONS = ("'CMAKE_INTDIR=\"$(CONFIGURATION)$(EFFECTIVE_PLATFORM_NAME)\"'","$(inherited)");
				GCC_SYMBOLS_PRIVATE_EXTERN = NO;
				INSTALL_PATH = "";
				LIBRARY_STYLE = STATIC;
				LLVM_LTO = YES_THIN;
				ONLY_ACTIVE_ARCH = NO;
				OTHER_CFLAGS = ("    -DNDEBUG '-std=gnu99' '-flto=thin' -fPIC -fvisibility=hidden -Wno-multichar -fno-math-errno -fno-trapping-math -Wno-unused-command-line-argument -Wno-deprecated-declarations '-Werror=inconsistent-missing-override' '-Werror=logical-op-parentheses' '-Werror=dynamic-class-memaccess' '-Werror=undefined-bool-conversion' '-Werror=bitwise-op-parentheses' '-Werror=pointer-bool-conversion' -faligned-allocation -fasm-blocks ","$(inherited)");
				OTHER_CPLUSPLUSFLAGS = "    -DNDEBUG '-std=c++20' '-flto=thin' -fPIC -fvisibility=hidden -fvisibility-inlines-hidden -Wno-multichar -fno-math-errno -fno-trapping-math -fno-char8_t -Wno-unused-command-line-argument -Wno-deprecated-declarations '-Werror=inconsistent-missing-override' '-Werror=logical-op-parentheses' '-Werror=dynamic-class-memaccess' '-Werror=undefined-bool-conversion' '-Werror=bitwise-op-parentheses' '-Werror=pointer-bool-conversion' -faligned-allocation -fasm-blocks ";
				OTHER_LIBTOOLFLAGS = ("");
				OTHER_REZFLAGS = "";
				PRODUCT_NAME = pffft;
				SECTORDER_FLAGS = "";
				TARGET_TEMP_DIR = "/Volumes/KJSL/workspace/github_kevleyski/surge/build_ios/build/pffft.build/$(CONFIGURATION)$(EFFECTIVE_PLATFORM_NAME)";
				USE_HEADERMAP = NO;
				WARNING_CFLAGS = ("$(inherited)");
			};
			name = Release;
		};
/* End XCBuildConfiguration section */

/* Begin XCConfigurationList section */
		6F44EDF0CDF3497AA555B3D5 /* Build configuration list for PBXAggregateTarget "ZERO_CHECK" */ = {
			isa = XCConfigurationList;
			buildConfigurations = (
				D273B5F3B4B64C20821EBD02 /* Debug */,
				13FDD10E64AC4849AD7B93B5 /* Release */,
				6283F8E1EC284C34BC7EB011 /* MinSizeRel */,
				86B7CB981FCD421685526B2F /* RelWithDebInfo */,
			);
			defaultConfigurationIsVisible = 0;
			defaultConfigurationName = Debug;
		};
		7422BBA58FB14F33871B3505 /* Build configuration list for PBXAggregateTarget "ALL_BUILD" */ = {
			isa = XCConfigurationList;
			buildConfigurations = (
				E67ACCF3374446E9980C935C /* Debug */,
				EE036F5FBCE943C5BAD2628C /* Release */,
				87E5BAD3326948BA9CE0D5EC /* MinSizeRel */,
				4E89FFE63A1A4DA2BE5B2A7E /* RelWithDebInfo */,
			);
			defaultConfigurationIsVisible = 0;
			defaultConfigurationName = Debug;
		};
		B8615C207A8B4FD28B60C221 /* Build configuration list for PBXProject "pffft" */ = {
			isa = XCConfigurationList;
			buildConfigurations = (
				261CBC192253452389309FAD /* Debug */,
				E103777014C2433C9CC6D29E /* Release */,
				22137D832DEB4F199142CF58 /* MinSizeRel */,
				0B94D28F5C254D2886A969C0 /* RelWithDebInfo */,
			);
			defaultConfigurationIsVisible = 0;
			defaultConfigurationName = Debug;
		};
		BFEC12673D154FEB8B7168C1 /* Build configuration list for PBXNativeTarget "pffft" */ = {
			isa = XCConfigurationList;
			buildConfigurations = (
				4BA89534565C44248AC0BF4A /* Debug */,
				F262832BABF8418BAFCACF11 /* Release */,
				2404ED1E675A430F9417BA5B /* MinSizeRel */,
				4AFA5C266B95455F9607B7BE /* RelWithDebInfo */,
			);
			defaultConfigurationIsVisible = 0;
			defaultConfigurationName = Debug;
		};
		C5FECB04BF5F4D8E9F3F1FF0 /* Build configuration list for PBXAggregateTarget "install" */ = {
			isa = XCConfigurationList;
			buildConfigurations = (
				B2A391847D904A459A1FF153 /* Debug */,
				7D35A11A63934CCABFB4C0AE /* Release */,
				BAAC5669DB8445AE9E34D69D /* MinSizeRel */,
				3F3BEC4D2A3243C183626F47 /* RelWithDebInfo */,
			);
			defaultConfigurationIsVisible = 0;
			defaultConfigurationName = Debug;
		};
/* End XCConfigurationList section */
	};
	rootObject = 56C7CA0AFF4F4D398E0FA631 /* Project object */;
}
