// !$*UTF8*$!
{
	archiveVersion = 1;
	classes = {
	};
	objectVersion = 46;
	objects = {

/* Begin PBXAggregateTarget section */
		412D95C48532286282373140 /* ALL_BUILD */ = {
			isa = PBXAggregateTarget;
			buildConfigurationList = E08605AE80AA45AF87BA9549 /* Build configuration list for PBXAggregateTarget "ALL_BUILD" */;
			buildPhases = (
				5C87980F3BCBEBA44CF6152E /* Generate CMakeFiles/ALL_BUILD */,
			);
			dependencies = (
				8FC9EA5BBAB74CE496FF7CDA /* PBXTargetDependency */,
				096E6E30DE79446C8430919C /* PBXTargetDependency */,
			);
			name = ALL_BUILD;
			productName = ALL_BUILD;
		};
		77C1A3C52D322D9730269CA7 /* install */ = {
			isa = PBXAggregateTarget;
			buildConfigurationList = 943D9A2C2CFE43FFBF8B095D /* Build configuration list for PBXAggregateTarget "install" */;
			buildPhases = (
				93426DA6A4AC2C2AC9CE883C /* CMake PostBuild Rules */,
			);
			dependencies = (
				B7EFD1F55EAE4EEB996C2CEF /* PBXTargetDependency */,
			);
			name = install;
			productName = install;
		};
		89D95F8BA93D09359DDCC172 /* ZERO_CHECK */ = {
			isa = PBXAggregateTarget;
			buildConfigurationList = 6DAA3A058C8A46CBAA32B45D /* Build configuration list for PBXAggregateTarget "ZERO_CHECK" */;
			buildPhases = (
				6C7CB7DB48F76EF51807EA0A /* Generate CMakeFiles/ZERO_CHECK */,
			);
			dependencies = (
			);
			name = ZERO_CHECK;
			productName = ZERO_CHECK;
		};
/* End PBXAggregateTarget section */

/* Begin PBXBuildFile section */
		44ED2E02925D461FB4ACBD54 /* /Volumes/KJSL/workspace/github_kevleyski/surge/build_ios/src/lua/LuaSources.cpp */ = {isa = PBXBuildFile; fileRef = 18A35B2101294C8C9F0C9EA7 /* /Volumes/KJSL/workspace/github_kevleyski/surge/build_ios/src/lua/LuaSources.cpp */; };
		B5F460B942D243549DD3DF61 /* /Volumes/KJSL/workspace/github_kevleyski/surge/build_ios/src/lua/include/lua/LuaSources.h */ = {isa = PBXBuildFile; fileRef = 0093F22EB285429A85745693 /* /Volumes/KJSL/workspace/github_kevleyski/surge/build_ios/src/lua/include/lua/LuaSources.h */; };
		B763025D73214AA5B0EB5B1B /* /Volumes/KJSL/workspace/github_kevleyski/surge/src/lua/CMakeLists.txt */ = {isa = PBXBuildFile; fileRef = 09BD9606FE3746DC85C0A2B8 /* /Volumes/KJSL/workspace/github_kevleyski/surge/src/lua/CMakeLists.txt */; };
		DBFE324680BD4E93ADAD4BCC /* /Volumes/KJSL/workspace/github_kevleyski/surge/build_ios/src/lua/CMakeFiles/surge-lua-src.dir/Info.plist */ = {isa = PBXBuildFile; fileRef = 7F48CC27299348C4AC9FA234 /* /Volumes/KJSL/workspace/github_kevleyski/surge/build_ios/src/lua/CMakeFiles/surge-lua-src.dir/Info.plist */; };
		F6D52645A6964D83A0C24323 /* /Volumes/KJSL/workspace/github_kevleyski/surge/build_ios/src/lua/LuaSources.cpp.rule */ = {isa = PBXBuildFile; fileRef = 058F4BB0536F44E9B58B0AF5 /* /Volumes/KJSL/workspace/github_kevleyski/surge/build_ios/src/lua/LuaSources.cpp.rule */; };
/* End PBXBuildFile section */

/* Begin PBXBuildStyle section */
		8BC072671C3848D9A278FC2F /* RelWithDebInfo */ = {
			isa = PBXBuildStyle;
			buildSettings = {
				COPY_PHASE_STRIP = NO;
			};
			name = RelWithDebInfo;
		};
		B03463F563474A4789ED0EC5 /* MinSizeRel */ = {
			isa = PBXBuildStyle;
			buildSettings = {
				COPY_PHASE_STRIP = NO;
			};
			name = MinSizeRel;
		};
		D386350632664FAB84DD9A2D /* Debug */ = {
			isa = PBXBuildStyle;
			buildSettings = {
				COPY_PHASE_STRIP = NO;
			};
			name = Debug;
		};
		F96B6183D06A4F599EA9BB09 /* Release */ = {
			isa = PBXBuildStyle;
			buildSettings = {
				COPY_PHASE_STRIP = NO;
			};
			name = Release;
		};
/* End PBXBuildStyle section */

/* Begin PBXContainerItemProxy section */
		1A7482FCC47D4C7684D6B3FA /* PBXContainerItemProxy */ = {
			isa = PBXContainerItemProxy;
			containerPortal = 6BD7495D31FE44B49585CA3A /* Project object */;
			proxyType = 1;
			remoteGlobalIDString = 89D95F8BA93D09359DDCC172;
			remoteInfo = ZERO_CHECK;
		};
		370A35CCEA68435D90316F26 /* PBXContainerItemProxy */ = {
			isa = PBXContainerItemProxy;
			containerPortal = 6BD7495D31FE44B49585CA3A /* Project object */;
			proxyType = 1;
			remoteGlobalIDString = 89D95F8BA93D09359DDCC172;
			remoteInfo = ZERO_CHECK;
		};
		3AE0F00ED8CD4F76800B5C8E /* PBXContainerItemProxy */ = {
			isa = PBXContainerItemProxy;
			containerPortal = 6BD7495D31FE44B49585CA3A /* Project object */;
			proxyType = 1;
			remoteGlobalIDString = 30095C524B46A3A571AC1930;
			remoteInfo = "surge-lua-src";
		};
		8FDB705C7FE34EE6B680FE32 /* PBXContainerItemProxy */ = {
			isa = PBXContainerItemProxy;
			containerPortal = 6BD7495D31FE44B49585CA3A /* Project object */;
			proxyType = 1;
			remoteGlobalIDString = 412D95C48532286282373140;
			remoteInfo = ALL_BUILD;
		};
/* End PBXContainerItemProxy section */

/* Begin PBXFileReference section */
		0093F22EB285429A85745693 /* /Volumes/KJSL/workspace/github_kevleyski/surge/build_ios/src/lua/include/lua/LuaSources.h */ = {isa = PBXFileReference; explicitFileType = sourcecode.c.h; fileEncoding = 4; name = LuaSources.h; path = /Volumes/KJSL/workspace/github_kevleyski/surge/build_ios/src/lua/include/lua/LuaSources.h; sourceTree = "<absolute>"; };
		058F4BB0536F44E9B58B0AF5 /* /Volumes/KJSL/workspace/github_kevleyski/surge/build_ios/src/lua/LuaSources.cpp.rule */ = {isa = PBXFileReference; explicitFileType = default; fileEncoding = 4; name = LuaSources.cpp.rule; path = /Volumes/KJSL/workspace/github_kevleyski/surge/build_ios/src/lua/LuaSources.cpp.rule; sourceTree = "<absolute>"; };
		09BD9606FE3746DC85C0A2B8 /* /Volumes/KJSL/workspace/github_kevleyski/surge/src/lua/CMakeLists.txt */ = {isa = PBXFileReference; explicitFileType = sourcecode.text; fileEncoding = 4; name = CMakeLists.txt; path = CMakeLists.txt; sourceTree = SOURCE_ROOT; };
		18A35B2101294C8C9F0C9EA7 /* /Volumes/KJSL/workspace/github_kevleyski/surge/build_ios/src/lua/LuaSources.cpp */ = {isa = PBXFileReference; explicitFileType = sourcecode.cpp.cpp; fileEncoding = 4; name = LuaSources.cpp; path = /Volumes/KJSL/workspace/github_kevleyski/surge/build_ios/src/lua/LuaSources.cpp; sourceTree = "<absolute>"; };
		762B25E0F44043E68DDBB6CB /* surge-lua-src */ = {isa = PBXFileReference; explicitFileType = archive.ar; path = "libsurge-lua-src.a"; sourceTree = BUILT_PRODUCTS_DIR; };
		7F48CC27299348C4AC9FA234 /* /Volumes/KJSL/workspace/github_kevleyski/surge/build_ios/src/lua/CMakeFiles/surge-lua-src.dir/Info.plist */ = {isa = PBXFileReference; explicitFileType = sourcecode.text.plist; fileEncoding = 4; name = Info.plist; path = "/Volumes/KJSL/workspace/github_kevleyski/surge/build_ios/src/lua/CMakeFiles/surge-lua-src.dir/Info.plist"; sourceTree = "<absolute>"; };
		82A5010C1A55468F95EFB790 /* /Volumes/KJSL/workspace/github_kevleyski/surge/src/lua/CMakeLists.txt */ = {isa = PBXFileReference; explicitFileType = sourcecode.text; fileEncoding = 4; name = CMakeLists.txt; path = CMakeLists.txt; sourceTree = SOURCE_ROOT; };
/* End PBXFileReference section */

/* Begin PBXFrameworksBuildPhase section */
		D3A19525AA95400AA7FA4F86 /* Frameworks */ = {
			isa = PBXFrameworksBuildPhase;
			buildActionMask = 2147483647;
			files = (
			);
			runOnlyForDeploymentPostprocessing = 0;
		};
/* End PBXFrameworksBuildPhase section */

/* Begin PBXGroup section */
		0AA691921C0946EF9D71ACD8 /* Products */ = {
			isa = PBXGroup;
			children = (
				762B25E0F44043E68DDBB6CB /* surge-lua-src */,
			);
			name = Products;
			sourceTree = "<group>";
		};
		65BE15C6F7D248FC902101A0 /* Source Files */ = {
			isa = PBXGroup;
			children = (
				18A35B2101294C8C9F0C9EA7 /* /Volumes/KJSL/workspace/github_kevleyski/surge/build_ios/src/lua/LuaSources.cpp */,
			);
			name = "Source Files";
			sourceTree = "<group>";
		};
		7946D885B8A2425FA95068A1 /* CMake Rules */ = {
			isa = PBXGroup;
			children = (
				058F4BB0536F44E9B58B0AF5 /* /Volumes/KJSL/workspace/github_kevleyski/surge/build_ios/src/lua/LuaSources.cpp.rule */,
			);
			name = "CMake Rules";
			sourceTree = "<group>";
		};
		79B934C71F0A4AC992D4DA53 /* Header Files */ = {
			isa = PBXGroup;
			children = (
				0093F22EB285429A85745693 /* /Volumes/KJSL/workspace/github_kevleyski/surge/build_ios/src/lua/include/lua/LuaSources.h */,
			);
			name = "Header Files";
			sourceTree = "<group>";
		};
		7CA309A0D4E544C38DC59911 /* CMake Rules */ = {
			isa = PBXGroup;
			children = (
			);
			name = "CMake Rules";
			sourceTree = "<group>";
		};
		81644A94A4BB4138A8B90584 /* ALL_BUILD */ = {
			isa = PBXGroup;
			children = (
				7CA309A0D4E544C38DC59911 /* CMake Rules */,
				82A5010C1A55468F95EFB790 /* /Volumes/KJSL/workspace/github_kevleyski/surge/src/lua/CMakeLists.txt */,
			);
			name = ALL_BUILD;
			sourceTree = "<group>";
		};
		9872203673424213A1F601AF = {
			isa = PBXGroup;
			children = (
				81644A94A4BB4138A8B90584 /* ALL_BUILD */,
				C1E628F38C9D4CF8965E8A42 /* surge-lua-src */,
				0AA691921C0946EF9D71ACD8 /* Products */,
				E7B01DBDDCD244B3BA691246 /* Frameworks */,
				ACFBDDF3D5DF4AEDB5B6CE12 /* Resources */,
			);
			sourceTree = "<group>";
		};
		AA6CCE9309FE4B3EA7C54994 /* Resources */ = {
			isa = PBXGroup;
			children = (
				7F48CC27299348C4AC9FA234 /* /Volumes/KJSL/workspace/github_kevleyski/surge/build_ios/src/lua/CMakeFiles/surge-lua-src.dir/Info.plist */,
			);
			name = Resources;
			sourceTree = "<group>";
		};
		ACFBDDF3D5DF4AEDB5B6CE12 /* Resources */ = {
			isa = PBXGroup;
			children = (
			);
			name = Resources;
			sourceTree = "<group>";
		};
		C1E628F38C9D4CF8965E8A42 /* surge-lua-src */ = {
			isa = PBXGroup;
			children = (
				7946D885B8A2425FA95068A1 /* CMake Rules */,
				79B934C71F0A4AC992D4DA53 /* Header Files */,
				AA6CCE9309FE4B3EA7C54994 /* Resources */,
				65BE15C6F7D248FC902101A0 /* Source Files */,
				09BD9606FE3746DC85C0A2B8 /* /Volumes/KJSL/workspace/github_kevleyski/surge/src/lua/CMakeLists.txt */,
			);
			name = "surge-lua-src";
			sourceTree = "<group>";
		};
		E7B01DBDDCD244B3BA691246 /* Frameworks */ = {
			isa = PBXGroup;
			children = (
			);
			name = Frameworks;
			sourceTree = "<group>";
		};
/* End PBXGroup section */

/* Begin PBXNativeTarget section */
		30095C524B46A3A571AC1930 /* surge-lua-src */ = {
			isa = PBXNativeTarget;
			buildConfigurationList = 86DB9E5ECB32489FB3B3525A /* Build configuration list for PBXNativeTarget "surge-lua-src" */;
			buildPhases = (
				985D306AC7ED2705A7F73FBF /* Generate LuaSources.cpp */,
				47E797B27A4B4135AC265275 /* Sources */,
				D3A19525AA95400AA7FA4F86 /* Frameworks */,
			);
			buildRules = (
			);
			dependencies = (
				C75EA6DF4B5E4E7095ADC000 /* PBXTargetDependency */,
			);
			name = "surge-lua-src";
			productName = "surge-lua-src";
			productReference = 762B25E0F44043E68DDBB6CB /* surge-lua-src */;
			productType = "com.apple.product-type.library.static";
		};
/* End PBXNativeTarget section */

/* Begin PBXProject section */
		6BD7495D31FE44B49585CA3A /* Project object */ = {
			isa = PBXProject;
			attributes = {
				BuildIndependentTargetsInParallel = YES;
				LastUpgradeCheck = 2660;
			};
			buildConfigurationList = EECC9DE63F98470E9182706C /* Build configuration list for PBXProject "surge-lua-src" */;
			buildSettings = {
			};
			buildStyles = (
				D386350632664FAB84DD9A2D /* Debug */,
				F96B6183D06A4F599EA9BB09 /* Release */,
				B03463F563474A4789ED0EC5 /* MinSizeRel */,
				8BC072671C3848D9A278FC2F /* RelWithDebInfo */,
			);
			compatibilityVersion = "Xcode 3.2";
			hasScannedForEncodings = 0;
			mainGroup = 9872203673424213A1F601AF;
			projectDirPath = /Volumes/KJSL/workspace/github_kevleyski/surge/src/lua;
			projectRoot = "";
			targets = (
				412D95C48532286282373140 /* ALL_BUILD */,
				77C1A3C52D322D9730269CA7 /* install */,
				30095C524B46A3A571AC1930 /* surge-lua-src */,
				89D95F8BA93D09359DDCC172 /* ZERO_CHECK */,
			);
		};
/* End PBXProject section */

/* Begin PBXShellScriptBuildPhase section */
		3C0110FC8322DE7E50886E21 = {
			isa = PBXShellScriptBuildPhase;
			buildActionMask = 2147483647;
			files = (
			);
			inputPaths = (
			);
			outputPaths = (
			);
			runOnlyForDeploymentPostprocessing = 0;
			shellPath = /bin/sh;
			shellScript = "# shell script goes here
exit 0";
			showEnvVarsInLog = 0;
		};
		5C87980F3BCBEBA44CF6152E /* Generate CMakeFiles/ALL_BUILD */ = {
			isa = PBXShellScriptBuildPhase;
			alwaysOutOfDate = 1;
			buildActionMask = 2147483647;
			files = (
			);
			inputPaths = (
			);
			name = "Generate CMakeFiles/ALL_BUILD";
			outputPaths = (
/Volumes/KJSL/workspace/github_kevleyski/surge/build_ios/src/lua/CMakeFiles/ALL_BUILD			);
			runOnlyForDeploymentPostprocessing = 0;
			shellPath = /bin/sh;
			shellScript = "set -e
if test \"$CONFIGURATION\" = \"Debug\"; then :
  cd /Volumes/KJSL/workspace/github_kevleyski/surge/build_ios/src/lua
  echo Build\\ all\\ projects
fi
if test \"$CONFIGURATION\" = \"Release\"; then :
  cd /Volumes/KJSL/workspace/github_kevleyski/surge/build_ios/src/lua
  echo Build\\ all\\ projects
fi
if test \"$CONFIGURATION\" = \"MinSizeRel\"; then :
  cd /Volumes/KJSL/workspace/github_kevleyski/surge/build_ios/src/lua
  echo Build\\ all\\ projects
fi
if test \"$CONFIGURATION\" = \"RelWithDebInfo\"; then :
  cd /Volumes/KJSL/workspace/github_kevleyski/surge/build_ios/src/lua
  echo Build\\ all\\ projects
fi
";
			showEnvVarsInLog = 0;
		};
		6C7CB7DB48F76EF51807EA0A /* Generate CMakeFiles/ZERO_CHECK */ = {
			isa = PBXShellScriptBuildPhase;
			alwaysOutOfDate = 1;
			buildActionMask = 2147483647;
			files = (
			);
			inputPaths = (
			);
			name = "Generate CMakeFiles/ZERO_CHECK";
			outputPaths = (
/Volumes/KJSL/workspace/github_kevleyski/surge/build_ios/src/lua/CMakeFiles/ZERO_CHECK			);
			runOnlyForDeploymentPostprocessing = 0;
			shellPath = /bin/sh;
			shellScript = "set -e
if test \"$CONFIGURATION\" = \"Debug\"; then :
  cd /Volumes/KJSL/workspace/github_kevleyski/surge/build_ios/src/lua
  make -f /Volumes/KJSL/workspace/github_kevleyski/surge/build_ios/src/lua/CMakeScripts/ReRunCMake.make
fi
if test \"$CONFIGURATION\" = \"Release\"; then :
  cd /Volumes/KJSL/workspace/github_kevleyski/surge/build_ios/src/lua
  make -f /Volumes/KJSL/workspace/github_kevleyski/surge/build_ios/src/lua/CMakeScripts/ReRunCMake.make
fi
if test \"$CONFIGURATION\" = \"MinSizeRel\"; then :
  cd /Volumes/KJSL/workspace/github_kevleyski/surge/build_ios/src/lua
  make -f /Volumes/KJSL/workspace/github_kevleyski/surge/build_ios/src/lua/CMakeScripts/ReRunCMake.make
fi
if test \"$CONFIGURATION\" = \"RelWithDebInfo\"; then :
  cd /Volumes/KJSL/workspace/github_kevleyski/surge/build_ios/src/lua
  make -f /Volumes/KJSL/workspace/github_kevleyski/surge/build_ios/src/lua/CMakeScripts/ReRunCMake.make
fi
";
			showEnvVarsInLog = 0;
		};
		87AF4882E018677E2624B544 = {
			isa = PBXShellScriptBuildPhase;
			buildActionMask = 2147483647;
			files = (
			);
			inputPaths = (
			);
			outputPaths = (
			);
			runOnlyForDeploymentPostprocessing = 0;
			shellPath = /bin/sh;
			shellScript = "# shell script goes here
exit 0";
			showEnvVarsInLog = 0;
		};
		93426DA6A4AC2C2AC9CE883C /* CMake PostBuild Rules */ = {
			isa = PBXShellScriptBuildPhase;
			alwaysOutOfDate = 1;
			buildActionMask = 2147483647;
			files = (
			);
			inputPaths = (
			);
			name = "CMake PostBuild Rules";
			outputPaths = (
			);
			runOnlyForDeploymentPostprocessing = 0;
			shellPath = /bin/sh;
			shellScript = "set -e
if test \"$CONFIGURATION\" = \"Debug\"; then :
  cd /Volumes/KJSL/workspace/github_kevleyski/surge/build_ios/src/lua
  /opt/homebrew/bin/cmake -DBUILD_TYPE=$CONFIGURATION -DEFFECTIVE_PLATFORM_NAME=$EFFECTIVE_PLATFORM_NAME -P cmake_install.cmake
fi
if test \"$CONFIGURATION\" = \"Release\"; then :
  cd /Volumes/KJSL/workspace/github_kevleyski/surge/build_ios/src/lua
  /opt/homebrew/bin/cmake -DBUILD_TYPE=$CONFIGURATION -DEFFECTIVE_PLATFORM_NAME=$EFFECTIVE_PLATFORM_NAME -P cmake_install.cmake
fi
if test \"$CONFIGURATION\" = \"MinSizeRel\"; then :
  cd /Volumes/KJSL/workspace/github_kevleyski/surge/build_ios/src/lua
  /opt/homebrew/bin/cmake -DBUILD_TYPE=$CONFIGURATION -DEFFECTIVE_PLATFORM_NAME=$EFFECTIVE_PLATFORM_NAME -P cmake_install.cmake
fi
if test \"$CONFIGURATION\" = \"RelWithDebInfo\"; then :
  cd /Volumes/KJSL/workspace/github_kevleyski/surge/build_ios/src/lua
  /opt/homebrew/bin/cmake -DBUILD_TYPE=$CONFIGURATION -DEFFECTIVE_PLATFORM_NAME=$EFFECTIVE_PLATFORM_NAME -P cmake_install.cmake
fi
";
			showEnvVarsInLog = 0;
		};
		985D306AC7ED2705A7F73FBF /* Generate LuaSources.cpp */ = {
			isa = PBXShellScriptBuildPhase;
			buildActionMask = 2147483647;
			files = (
			);
			inputPaths = (
/Volumes/KJSL/workspace/github_kevleyski/surge/src/lua/formula_prelude.lua,/Volumes/KJSL/workspace/github_kevleyski/surge/src/lua/formula_prelude_test.lua,/Volumes/KJSL/workspace/github_kevleyski/surge/src/lua/lua2cpp.cmake,/Volumes/KJSL/workspace/github_kevleyski/surge/src/lua/wtse_prelude.lua			);
			name = "Generate LuaSources.cpp";
			outputPaths = (
/Volumes/KJSL/workspace/github_kevleyski/surge/build_ios/src/lua/LuaSources.cpp,/Volumes/KJSL/workspace/github_kevleyski/surge/build_ios/src/lua/include/lua/LuaSources.h			);
			runOnlyForDeploymentPostprocessing = 0;
			shellPath = /bin/sh;
			shellScript = "set -e
if test \"$CONFIGURATION\" = \"Debug\"; then :
  cd /Volumes/KJSL/workspace/github_kevleyski/surge/src/lua
  /opt/homebrew/bin/cmake -P lua2cpp.cmake /Volumes/KJSL/workspace/github_kevleyski/surge/build_ios/src/lua LuaSources.cpp lua/LuaSources.h Surge::LuaSources formula_prelude.lua formula_prelude_test.lua wtse_prelude.lua
fi
if test \"$CONFIGURATION\" = \"Release\"; then :
  cd /Volumes/KJSL/workspace/github_kevleyski/surge/src/lua
  /opt/homebrew/bin/cmake -P lua2cpp.cmake /Volumes/KJSL/workspace/github_kevleyski/surge/build_ios/src/lua LuaSources.cpp lua/LuaSources.h Surge::LuaSources formula_prelude.lua formula_prelude_test.lua wtse_prelude.lua
fi
if test \"$CONFIGURATION\" = \"MinSizeRel\"; then :
  cd /Volumes/KJSL/workspace/github_kevleyski/surge/src/lua
  /opt/homebrew/bin/cmake -P lua2cpp.cmake /Volumes/KJSL/workspace/github_kevleyski/surge/build_ios/src/lua LuaSources.cpp lua/LuaSources.h Surge::LuaSources formula_prelude.lua formula_prelude_test.lua wtse_prelude.lua
fi
if test \"$CONFIGURATION\" = \"RelWithDebInfo\"; then :
  cd /Volumes/KJSL/workspace/github_kevleyski/surge/src/lua
  /opt/homebrew/bin/cmake -P lua2cpp.cmake /Volumes/KJSL/workspace/github_kevleyski/surge/build_ios/src/lua LuaSources.cpp lua/LuaSources.h Surge::LuaSources formula_prelude.lua formula_prelude_test.lua wtse_prelude.lua
fi
";
			showEnvVarsInLog = 0;
		};
		9B50530E35CC49C82C2FACCF = {
			isa = PBXShellScriptBuildPhase;
			buildActionMask = 2147483647;
			files = (
			);
			inputPaths = (
			);
			outputPaths = (
			);
			runOnlyForDeploymentPostprocessing = 0;
			shellPath = /bin/sh;
			shellScript = "# shell script goes here
exit 0";
			showEnvVarsInLog = 0;
		};
/* End PBXShellScriptBuildPhase section */

/* Begin PBXSourcesBuildPhase section */
		47E797B27A4B4135AC265275 /* Sources */ = {
			isa = PBXSourcesBuildPhase;
			buildActionMask = 2147483647;
			files = (
				44ED2E02925D461FB4ACBD54 /* /Volumes/KJSL/workspace/github_kevleyski/surge/build_ios/src/lua/LuaSources.cpp */,
			);
			runOnlyForDeploymentPostprocessing = 0;
		};
/* End PBXSourcesBuildPhase section */

/* Begin PBXTargetDependency section */
		096E6E30DE79446C8430919C /* PBXTargetDependency */ = {
			isa = PBXTargetDependency;
			target = 89D95F8BA93D09359DDCC172 /* ZERO_CHECK */;
			targetProxy = 370A35CCEA68435D90316F26 /* PBXContainerItemProxy */;
		};
		8FC9EA5BBAB74CE496FF7CDA /* PBXTargetDependency */ = {
			isa = PBXTargetDependency;
			target = 30095C524B46A3A571AC1930 /* surge-lua-src */;
			targetProxy = 3AE0F00ED8CD4F76800B5C8E /* PBXContainerItemProxy */;
		};
		B7EFD1F55EAE4EEB996C2CEF /* PBXTargetDependency */ = {
			isa = PBXTargetDependency;
			target = 412D95C48532286282373140 /* ALL_BUILD */;
			targetProxy = 8FDB705C7FE34EE6B680FE32 /* PBXContainerItemProxy */;
		};
		C75EA6DF4B5E4E7095ADC000 /* PBXTargetDependency */ = {
			isa = PBXTargetDependency;
			target = 89D95F8BA93D09359DDCC172 /* ZERO_CHECK */;
			targetProxy = 1A7482FCC47D4C7684D6B3FA /* PBXContainerItemProxy */;
		};
/* End PBXTargetDependency section */

/* Begin XCBuildConfiguration section */
		1166628462674EECAE70150C /* Debug */ = {
			isa = XCBuildConfiguration;
			buildSettings = {
				ALWAYS_SEARCH_USER_PATHS = NO;
				ARCHS = arm64;
				COMBINE_HIDPI_IMAGES = YES;
				CONFIGURATION_BUILD_DIR = "/Volumes/KJSL/workspace/github_kevleyski/surge/build_ios/src/lua/Debug${EFFECTIVE_PLATFORM_NAME}";
				EXECUTABLE_PREFIX = lib;
				EXECUTABLE_SUFFIX = .a;
				GCC_GENERATE_DEBUGGING_SYMBOLS = YES;
				GCC_INLINES_ARE_PRIVATE_EXTERN = NO;
				GCC_OPTIMIZATION_LEVEL = 0;
				GCC_PREPROCESSOR_DEFINITIONS = ("'CMAKE_INTDIR=\"$(CONFIGURATION)$(EFFECTIVE_PLATFORM_NAME)\"'","$(inherited)");
				GCC_SYMBOLS_PRIVATE_EXTERN = NO;
				HEADER_SEARCH_PATHS = (/Volumes/KJSL/workspace/github_kevleyski/surge/build_ios/src/lua/include,"$(inherited)");
				INSTALL_PATH = "";
				LIBRARY_STYLE = STATIC;
				LLVM_LTO = YES_THIN;
				ONLY_ACTIVE_ARCH = NO;
				OTHER_CPLUSPLUSFLAGS = "   '-std=c++20' '-flto=thin' -fPIC -fvisibility=hidden -fvisibility-inlines-hidden -Wno-multichar -fno-math-errno -fno-trapping-math -fno-char8_t -Wno-unused-command-line-argument -Wno-deprecated-declarations '-Werror=inconsistent-missing-override' '-Werror=logical-op-parentheses' '-Werror=dynamic-class-memaccess' '-Werror=undefined-bool-conversion' '-Werror=bitwise-op-parentheses' '-Werror=pointer-bool-conversion' -faligned-allocation -fasm-blocks ";
				OTHER_LIBTOOLFLAGS = ("");
				OTHER_REZFLAGS = "";
				PRODUCT_NAME = "surge-lua-src";
				SECTORDER_FLAGS = "";
				TARGET_TEMP_DIR = "/Volumes/KJSL/workspace/github_kevleyski/surge/build_ios/build/surge-lua-src.build/$(CONFIGURATION)$(EFFECTIVE_PLATFORM_NAME)";
				USE_HEADERMAP = NO;
				WARNING_CFLAGS = ("$(inherited)");
			};
			name = Debug;
		};
		19EEA50FFCD845AC9E5CC52B /* RelWithDebInfo */ = {
			isa = XCBuildConfiguration;
			buildSettings = {
				ALWAYS_SEARCH_USER_PATHS = NO;
				COMBINE_HIDPI_IMAGES = YES;
				GCC_GENERATE_DEBUGGING_SYMBOLS = YES;
				GCC_INLINES_ARE_PRIVATE_EXTERN = NO;
				GCC_OPTIMIZATION_LEVEL = 0;
				GCC_PREPROCESSOR_DEFINITIONS = ("'CMAKE_INTDIR=\"$(CONFIGURATION)$(EFFECTIVE_PLATFORM_NAME)\"'","$(inherited)");
				GCC_SYMBOLS_PRIVATE_EXTERN = NO;
				INSTALL_PATH = "";
				OTHER_LDFLAGS = ("","$(inherited)");
				OTHER_REZFLAGS = "";
				PRODUCT_NAME = ZERO_CHECK;
				SECTORDER_FLAGS = "";
				USE_HEADERMAP = NO;
				WARNING_CFLAGS = ("$(inherited)");
			};
			name = RelWithDebInfo;
		};
		363EECB84EAF4CD4A7BC7882 /* Release */ = {
			isa = XCBuildConfiguration;
			buildSettings = {
				ALWAYS_SEARCH_USER_PATHS = NO;
				ARCHS = arm64;
				COMBINE_HIDPI_IMAGES = YES;
				CONFIGURATION_BUILD_DIR = "/Volumes/KJSL/workspace/github_kevleyski/surge/build_ios/src/lua/Release${EFFECTIVE_PLATFORM_NAME}";
				EXECUTABLE_PREFIX = lib;
				EXECUTABLE_SUFFIX = .a;
				GCC_GENERATE_DEBUGGING_SYMBOLS = NO;
				GCC_INLINES_ARE_PRIVATE_EXTERN = NO;
				GCC_OPTIMIZATION_LEVEL = 3;
				GCC_PREPROCESSOR_DEFINITIONS = ("'CMAKE_INTDIR=\"$(CONFIGURATION)$(EFFECTIVE_PLATFORM_NAME)\"'","$(inherited)");
				GCC_SYMBOLS_PRIVATE_EXTERN = NO;
				HEADER_SEARCH_PATHS = (/Volumes/KJSL/workspace/github_kevleyski/surge/build_ios/src/lua/include,"$(inherited)");
				INSTALL_PATH = "";
				LIBRARY_STYLE = STATIC;
				LLVM_LTO = YES_THIN;
				ONLY_ACTIVE_ARCH = NO;
				OTHER_CPLUSPLUSFLAGS = "    -DNDEBUG '-std=c++20' '-flto=thin' -fPIC -fvisibility=hidden -fvisibility-inlines-hidden -Wno-multichar -fno-math-errno -fno-trapping-math -fno-char8_t -Wno-unused-command-line-argument -Wno-deprecated-declarations '-Werror=inconsistent-missing-override' '-Werror=logical-op-parentheses' '-Werror=dynamic-class-memaccess' '-Werror=undefined-bool-conversion' '-Werror=bitwise-op-parentheses' '-Werror=pointer-bool-conversion' -faligned-allocation -fasm-blocks ";
				OTHER_LIBTOOLFLAGS = ("");
				OTHER_REZFLAGS = "";
				PRODUCT_NAME = "surge-lua-src";
				SECTORDER_FLAGS = "";
				TARGET_TEMP_DIR = "/Volumes/KJSL/workspace/github_kevleyski/surge/build_ios/build/surge-lua-src.build/$(CONFIGURATION)$(EFFECTIVE_PLATFORM_NAME)";
				USE_HEADERMAP = NO;
				WARNING_CFLAGS = ("$(inherited)");
			};
			name = Release;
		};
		458188D4361F49DD8E2D0AAB /* RelWithDebInfo */ = {
			isa = XCBuildConfiguration;
			buildSettings = {
				ALWAYS_SEARCH_USER_PATHS = NO;
				COMBINE_HIDPI_IMAGES = YES;
				GCC_GENERATE_DEBUGGING_SYMBOLS = YES;
				GCC_INLINES_ARE_PRIVATE_EXTERN = NO;
				GCC_OPTIMIZATION_LEVEL = 0;
				GCC_PREPROCESSOR_DEFINITIONS = ("'CMAKE_INTDIR=\"$(CONFIGURATION)$(EFFECTIVE_PLATFORM_NAME)\"'","$(inherited)");
				GCC_SYMBOLS_PRIVATE_EXTERN = NO;
				INSTALL_PATH = "";
				OTHER_LDFLAGS = ("","$(inherited)");
				OTHER_REZFLAGS = "";
				PRODUCT_NAME = ALL_BUILD;
				SECTORDER_FLAGS = "";
				USE_HEADERMAP = NO;
				WARNING_CFLAGS = ("$(inherited)");
			};
			name = RelWithDebInfo;
		};
		483A0F3BD5B5490CAD3E49B8 /* Release */ = {
			isa = XCBuildConfiguration;
			buildSettings = {
				ARCHS = arm64;
				CODE_SIGN_STYLE = Automatic;
				DEVELOPMENT_TEAM = B973YVS5A5;
				IPHONEOS_DEPLOYMENT_TARGET = 10.15;
				SDKROOT = iphoneos;
				SWIFT_COMPILATION_MODE = wholemodule;
				SYMROOT = /Volumes/KJSL/workspace/github_kevleyski/surge/build_ios/build;
			};
			name = Release;
		};
		4A416A9F605B471EB8E61E87 /* Release */ = {
			isa = XCBuildConfiguration;
			buildSettings = {
				ALWAYS_SEARCH_USER_PATHS = NO;
				COMBINE_HIDPI_IMAGES = YES;
				GCC_GENERATE_DEBUGGING_SYMBOLS = YES;
				GCC_INLINES_ARE_PRIVATE_EXTERN = NO;
				GCC_OPTIMIZATION_LEVEL = 0;
				GCC_PREPROCESSOR_DEFINITIONS = ("'CMAKE_INTDIR=\"$(CONFIGURATION)$(EFFECTIVE_PLATFORM_NAME)\"'","$(inherited)");
				GCC_SYMBOLS_PRIVATE_EXTERN = NO;
				INSTALL_PATH = "";
				OTHER_LDFLAGS = ("","$(inherited)");
				OTHER_REZFLAGS = "";
				PRODUCT_NAME = ZERO_CHECK;
				SECTORDER_FLAGS = "";
				USE_HEADERMAP = NO;
				WARNING_CFLAGS = ("$(inherited)");
			};
			name = Release;
		};
		5522D29767344FFCB7CCD0FD /* Release */ = {
			isa = XCBuildConfiguration;
			buildSettings = {
				ALWAYS_SEARCH_USER_PATHS = NO;
				COMBINE_HIDPI_IMAGES = YES;
				GCC_GENERATE_DEBUGGING_SYMBOLS = YES;
				GCC_INLINES_ARE_PRIVATE_EXTERN = NO;
				GCC_OPTIMIZATION_LEVEL = 0;
				GCC_PREPROCESSOR_DEFINITIONS = ("'CMAKE_INTDIR=\"$(CONFIGURATION)$(EFFECTIVE_PLATFORM_NAME)\"'","$(inherited)");
				GCC_SYMBOLS_PRIVATE_EXTERN = NO;
				INSTALL_PATH = "";
				OTHER_LDFLAGS = ("","$(inherited)");
				OTHER_REZFLAGS = "";
				PRODUCT_NAME = ALL_BUILD;
				SECTORDER_FLAGS = "";
				USE_HEADERMAP = NO;
				WARNING_CFLAGS = ("$(inherited)");
			};
			name = Release;
		};
		5D215A34352D4347A04E0A4A /* MinSizeRel */ = {
			isa = XCBuildConfiguration;
			buildSettings = {
				ARCHS = arm64;
				CODE_SIGN_STYLE = Automatic;
				DEVELOPMENT_TEAM = B973YVS5A5;
				IPHONEOS_DEPLOYMENT_TARGET = 10.15;
				SDKROOT = iphoneos;
				SWIFT_COMPILATION_MODE = wholemodule;
				SYMROOT = /Volumes/KJSL/workspace/github_kevleyski/surge/build_ios/build;
			};
			name = MinSizeRel;
		};
		6A9DB14043884D4AA52529DD /* Debug */ = {
			isa = XCBuildConfiguration;
			buildSettings = {
				ARCHS = arm64;
				CODE_SIGN_STYLE = Automatic;
				DEVELOPMENT_TEAM = B973YVS5A5;
				IPHONEOS_DEPLOYMENT_TARGET = 10.15;
				SDKROOT = iphoneos;
				SYMROOT = /Volumes/KJSL/workspace/github_kevleyski/surge/build_ios/build;
			};
			name = Debug;
		};
		734DCE76E67C4F6387CDA369 /* MinSizeRel */ = {
			isa = XCBuildConfiguration;
			buildSettings = {
				ALWAYS_SEARCH_USER_PATHS = NO;
				ARCHS = arm64;
				COMBINE_HIDPI_IMAGES = YES;
				CONFIGURATION_BUILD_DIR = "/Volumes/KJSL/workspace/github_kevleyski/surge/build_ios/src/lua/MinSizeRel${EFFECTIVE_PLATFORM_NAME}";
				EXECUTABLE_PREFIX = lib;
				EXECUTABLE_SUFFIX = .a;
				GCC_GENERATE_DEBUGGING_SYMBOLS = NO;
				GCC_INLINES_ARE_PRIVATE_EXTERN = NO;
				GCC_OPTIMIZATION_LEVEL = s;
				GCC_PREPROCESSOR_DEFINITIONS = ("'CMAKE_INTDIR=\"$(CONFIGURATION)$(EFFECTIVE_PLATFORM_NAME)\"'","$(inherited)");
				GCC_SYMBOLS_PRIVATE_EXTERN = NO;
				HEADER_SEARCH_PATHS = (/Volumes/KJSL/workspace/github_kevleyski/surge/build_ios/src/lua/include,"$(inherited)");
				INSTALL_PATH = "";
				LIBRARY_STYLE = STATIC;
				LLVM_LTO = YES_THIN;
				ONLY_ACTIVE_ARCH = NO;
				OTHER_CPLUSPLUSFLAGS = "    -DNDEBUG '-std=c++20' '-flto=thin' -fPIC -fvisibility=hidden -fvisibility-inlines-hidden -Wno-multichar -fno-math-errno -fno-trapping-math -fno-char8_t -Wno-unused-command-line-argument -Wno-deprecated-declarations '-Werror=inconsistent-missing-override' '-Werror=logical-op-parentheses' '-Werror=dynamic-class-memaccess' '-Werror=undefined-bool-conversion' '-Werror=bitwise-op-parentheses' '-Werror=pointer-bool-conversion' -faligned-allocation -fasm-blocks ";
				OTHER_LIBTOOLFLAGS = ("");
				OTHER_REZFLAGS = "";
				PRODUCT_NAME = "surge-lua-src";
				SECTORDER_FLAGS = "";
				TARGET_TEMP_DIR = "/Volumes/KJSL/workspace/github_kevleyski/surge/build_ios/build/surge-lua-src.build/$(CONFIGURATION)$(EFFECTIVE_PLATFORM_NAME)";
				USE_HEADERMAP = NO;
				WARNING_CFLAGS = ("$(inherited)");
			};
			name = MinSizeRel;
		};
		815A3D4E8EFA4A9380E0DF16 /* Debug */ = {
			isa = XCBuildConfiguration;
			buildSettings = {
				ALWAYS_SEARCH_USER_PATHS = NO;
				COMBINE_HIDPI_IMAGES = YES;
				GCC_GENERATE_DEBUGGING_SYMBOLS = YES;
				GCC_INLINES_ARE_PRIVATE_EXTERN = NO;
				GCC_OPTIMIZATION_LEVEL = 0;
				GCC_PREPROCESSOR_DEFINITIONS = ("'CMAKE_INTDIR=\"$(CONFIGURATION)$(EFFECTIVE_PLATFORM_NAME)\"'","$(inherited)");
				GCC_SYMBOLS_PRIVATE_EXTERN = NO;
				INSTALL_PATH = "";
				OTHER_LDFLAGS = ("","$(inherited)");
				OTHER_REZFLAGS = "";
				PRODUCT_NAME = ZERO_CHECK;
				SECTORDER_FLAGS = "";
				USE_HEADERMAP = NO;
				WARNING_CFLAGS = ("$(inherited)");
			};
			name = Debug;
		};
		90DF4FB22A2D45738DF48C70 /* MinSizeRel */ = {
			isa = XCBuildConfiguration;
			buildSettings = {
				ALWAYS_SEARCH_USER_PATHS = NO;
				COMBINE_HIDPI_IMAGES = YES;
				GCC_GENERATE_DEBUGGING_SYMBOLS = YES;
				GCC_INLINES_ARE_PRIVATE_EXTERN = NO;
				GCC_OPTIMIZATION_LEVEL = 0;
				GCC_PREPROCESSOR_DEFINITIONS = ("'CMAKE_INTDIR=\"$(CONFIGURATION)$(EFFECTIVE_PLATFORM_NAME)\"'","$(inherited)");
				GCC_SYMBOLS_PRIVATE_EXTERN = NO;
				INSTALL_PATH = "";
				OTHER_LDFLAGS = ("","$(inherited)");
				OTHER_REZFLAGS = "";
				PRODUCT_NAME = install;
				SECTORDER_FLAGS = "";
				USE_HEADERMAP = NO;
				WARNING_CFLAGS = ("$(inherited)");
			};
			name = MinSizeRel;
		};
		A93E227D1281495B83520A70 /* RelWithDebInfo */ = {
			isa = XCBuildConfiguration;
			buildSettings = {
				ALWAYS_SEARCH_USER_PATHS = NO;
				COMBINE_HIDPI_IMAGES = YES;
				GCC_GENERATE_DEBUGGING_SYMBOLS = YES;
				GCC_INLINES_ARE_PRIVATE_EXTERN = NO;
				GCC_OPTIMIZATION_LEVEL = 0;
				GCC_PREPROCESSOR_DEFINITIONS = ("'CMAKE_INTDIR=\"$(CONFIGURATION)$(EFFECTIVE_PLATFORM_NAME)\"'","$(inherited)");
				GCC_SYMBOLS_PRIVATE_EXTERN = NO;
				INSTALL_PATH = "";
				OTHER_LDFLAGS = ("","$(inherited)");
				OTHER_REZFLAGS = "";
				PRODUCT_NAME = install;
				SECTORDER_FLAGS = "";
				USE_HEADERMAP = NO;
				WARNING_CFLAGS = ("$(inherited)");
			};
			name = RelWithDebInfo;
		};
		AA2C642A3278473F95B70D7A /* MinSizeRel */ = {
			isa = XCBuildConfiguration;
			buildSettings = {
				ALWAYS_SEARCH_USER_PATHS = NO;
				COMBINE_HIDPI_IMAGES = YES;
				GCC_GENERATE_DEBUGGING_SYMBOLS = YES;
				GCC_INLINES_ARE_PRIVATE_EXTERN = NO;
				GCC_OPTIMIZATION_LEVEL = 0;
				GCC_PREPROCESSOR_DEFINITIONS = ("'CMAKE_INTDIR=\"$(CONFIGURATION)$(EFFECTIVE_PLATFORM_NAME)\"'","$(inherited)");
				GCC_SYMBOLS_PRIVATE_EXTERN = NO;
				INSTALL_PATH = "";
				OTHER_LDFLAGS = ("","$(inherited)");
				OTHER_REZFLAGS = "";
				PRODUCT_NAME = ALL_BUILD;
				SECTORDER_FLAGS = "";
				USE_HEADERMAP = NO;
				WARNING_CFLAGS = ("$(inherited)");
			};
			name = MinSizeRel;
		};
		BF532501334B403597D4DBBA /* RelWithDebInfo */ = {
			isa = XCBuildConfiguration;
			buildSettings = {
				ARCHS = arm64;
				CODE_SIGN_STYLE = Automatic;
				DEVELOPMENT_TEAM = B973YVS5A5;
				IPHONEOS_DEPLOYMENT_TARGET = 10.15;
				SDKROOT = iphoneos;
				SWIFT_COMPILATION_MODE = wholemodule;
				SYMROOT = /Volumes/KJSL/workspace/github_kevleyski/surge/build_ios/build;
			};
			name = RelWithDebInfo;
		};
		C5168FD1236D4262BFDB77AE /* RelWithDebInfo */ = {
			isa = XCBuildConfiguration;
			buildSettings = {
				ALWAYS_SEARCH_USER_PATHS = NO;
				ARCHS = arm64;
				COMBINE_HIDPI_IMAGES = YES;
				CONFIGURATION_BUILD_DIR = "/Volumes/KJSL/workspace/github_kevleyski/surge/build_ios/src/lua/RelWithDebInfo${EFFECTIVE_PLATFORM_NAME}";
				EXECUTABLE_PREFIX = lib;
				EXECUTABLE_SUFFIX = .a;
				GCC_GENERATE_DEBUGGING_SYMBOLS = YES;
				GCC_INLINES_ARE_PRIVATE_EXTERN = NO;
				GCC_OPTIMIZATION_LEVEL = 2;
				GCC_PREPROCESSOR_DEFINITIONS = ("'CMAKE_INTDIR=\"$(CONFIGURATION)$(EFFECTIVE_PLATFORM_NAME)\"'","$(inherited)");
				GCC_SYMBOLS_PRIVATE_EXTERN = NO;
				HEADER_SEARCH_PATHS = (/Volumes/KJSL/workspace/github_kevleyski/surge/build_ios/src/lua/include,"$(inherited)");
				INSTALL_PATH = "";
				LIBRARY_STYLE = STATIC;
				LLVM_LTO = YES_THIN;
				ONLY_ACTIVE_ARCH = NO;
				OTHER_CPLUSPLUSFLAGS = "       -DNDEBUG '-std=c++20' '-flto=thin' -fPIC -fvisibility=hidden -fvisibility-inlines-hidden -Wno-multichar -fno-math-errno -fno-trapping-math -fno-char8_t -Wno-unused-command-line-argument -Wno-deprecated-declarations '-Werror=inconsistent-missing-override' '-Werror=logical-op-parentheses' '-Werror=dynamic-class-memaccess' '-Werror=undefined-bool-conversion' '-Werror=bitwise-op-parentheses' '-Werror=pointer-bool-conversion' -faligned-allocation -fasm-blocks ";
				OTHER_LIBTOOLFLAGS = ("");
				OTHER_REZFLAGS = "";
				PRODUCT_NAME = "surge-lua-src";
				SECTORDER_FLAGS = "";
				TARGET_TEMP_DIR = "/Volumes/KJSL/workspace/github_kevleyski/surge/build_ios/build/surge-lua-src.build/$(CONFIGURATION)$(EFFECTIVE_PLATFORM_NAME)";
				USE_HEADERMAP = NO;
				WARNING_CFLAGS = ("$(inherited)");
			};
			name = RelWithDebInfo;
		};
		CD3ED872CCA74D568A2CC9AD /* MinSizeRel */ = {
			isa = XCBuildConfiguration;
			buildSettings = {
				ALWAYS_SEARCH_USER_PATHS = NO;
				COMBINE_HIDPI_IMAGES = YES;
				GCC_GENERATE_DEBUGGING_SYMBOLS = YES;
				GCC_INLINES_ARE_PRIVATE_EXTERN = NO;
				GCC_OPTIMIZATION_LEVEL = 0;
				GCC_PREPROCESSOR_DEFINITIONS = ("'CMAKE_INTDIR=\"$(CONFIGURATION)$(EFFECTIVE_PLATFORM_NAME)\"'","$(inherited)");
				GCC_SYMBOLS_PRIVATE_EXTERN = NO;
				INSTALL_PATH = "";
				OTHER_LDFLAGS = ("","$(inherited)");
				OTHER_REZFLAGS = "";
				PRODUCT_NAME = ZERO_CHECK;
				SECTORDER_FLAGS = "";
				USE_HEADERMAP = NO;
				WARNING_CFLAGS = ("$(inherited)");
			};
			name = MinSizeRel;
		};
		D0DD964D46B547B28DD8ABE8 /* Debug */ = {
			isa = XCBuildConfiguration;
			buildSettings = {
				ALWAYS_SEARCH_USER_PATHS = NO;
				COMBINE_HIDPI_IMAGES = YES;
				GCC_GENERATE_DEBUGGING_SYMBOLS = YES;
				GCC_INLINES_ARE_PRIVATE_EXTERN = NO;
				GCC_OPTIMIZATION_LEVEL = 0;
				GCC_PREPROCESSOR_DEFINITIONS = ("'CMAKE_INTDIR=\"$(CONFIGURATION)$(EFFECTIVE_PLATFORM_NAME)\"'","$(inherited)");
				GCC_SYMBOLS_PRIVATE_EXTERN = NO;
				INSTALL_PATH = "";
				OTHER_LDFLAGS = ("","$(inherited)");
				OTHER_REZFLAGS = "";
				PRODUCT_NAME = ALL_BUILD;
				SECTORDER_FLAGS = "";
				USE_HEADERMAP = NO;
				WARNING_CFLAGS = ("$(inherited)");
			};
			name = Debug;
		};
		D9AE1F72ABB447A88D1C067B /* Debug */ = {
			isa = XCBuildConfiguration;
			buildSettings = {
				ALWAYS_SEARCH_USER_PATHS = NO;
				COMBINE_HIDPI_IMAGES = YES;
				GCC_GENERATE_DEBUGGING_SYMBOLS = YES;
				GCC_INLINES_ARE_PRIVATE_EXTERN = NO;
				GCC_OPTIMIZATION_LEVEL = 0;
				GCC_PREPROCESSOR_DEFINITIONS = ("'CMAKE_INTDIR=\"$(CONFIGURATION)$(EFFECTIVE_PLATFORM_NAME)\"'","$(inherited)");
				GCC_SYMBOLS_PRIVATE_EXTERN = NO;
				INSTALL_PATH = "";
				OTHER_LDFLAGS = ("","$(inherited)");
				OTHER_REZFLAGS = "";
				PRODUCT_NAME = install;
				SECTORDER_FLAGS = "";
				USE_HEADERMAP = NO;
				WARNING_CFLAGS = ("$(inherited)");
			};
			name = Debug;
		};
		F7DEDF7DDF874A23ACE0446D /* Release */ = {
			isa = XCBuildConfiguration;
			buildSettings = {
				ALWAYS_SEARCH_USER_PATHS = NO;
				COMBINE_HIDPI_IMAGES = YES;
				GCC_GENERATE_DEBUGGING_SYMBOLS = YES;
				GCC_INLINES_ARE_PRIVATE_EXTERN = NO;
				GCC_OPTIMIZATION_LEVEL = 0;
				GCC_PREPROCESSOR_DEFINITIONS = ("'CMAKE_INTDIR=\"$(CONFIGURATION)$(EFFECTIVE_PLATFORM_NAME)\"'","$(inherited)");
				GCC_SYMBOLS_PRIVATE_EXTERN = NO;
				INSTALL_PATH = "";
				OTHER_LDFLAGS = ("","$(inherited)");
				OTHER_REZFLAGS = "";
				PRODUCT_NAME = install;
				SECTORDER_FLAGS = "";
				USE_HEADERMAP = NO;
				WARNING_CFLAGS = ("$(inherited)");
			};
			name = Release;
		};
/* End XCBuildConfiguration section */

/* Begin XCConfigurationList section */
		6DAA3A058C8A46CBAA32B45D /* Build configuration list for PBXAggregateTarget "ZERO_CHECK" */ = {
			isa = XCConfigurationList;
			buildConfigurations = (
				815A3D4E8EFA4A9380E0DF16 /* Debug */,
				4A416A9F605B471EB8E61E87 /* Release */,
				CD3ED872CCA74D568A2CC9AD /* MinSizeRel */,
				19EEA50FFCD845AC9E5CC52B /* RelWithDebInfo */,
			);
			defaultConfigurationIsVisible = 0;
			defaultConfigurationName = Debug;
		};
		86DB9E5ECB32489FB3B3525A /* Build configuration list for PBXNativeTarget "surge-lua-src" */ = {
			isa = XCConfigurationList;
			buildConfigurations = (
				1166628462674EECAE70150C /* Debug */,
				363EECB84EAF4CD4A7BC7882 /* Release */,
				734DCE76E67C4F6387CDA369 /* MinSizeRel */,
				C5168FD1236D4262BFDB77AE /* RelWithDebInfo */,
			);
			defaultConfigurationIsVisible = 0;
			defaultConfigurationName = Debug;
		};
		943D9A2C2CFE43FFBF8B095D /* Build configuration list for PBXAggregateTarget "install" */ = {
			isa = XCConfigurationList;
			buildConfigurations = (
				D9AE1F72ABB447A88D1C067B /* Debug */,
				F7DEDF7DDF874A23ACE0446D /* Release */,
				90DF4FB22A2D45738DF48C70 /* MinSizeRel */,
				A93E227D1281495B83520A70 /* RelWithDebInfo */,
			);
			defaultConfigurationIsVisible = 0;
			defaultConfigurationName = Debug;
		};
		E08605AE80AA45AF87BA9549 /* Build configuration list for PBXAggregateTarget "ALL_BUILD" */ = {
			isa = XCConfigurationList;
			buildConfigurations = (
				D0DD964D46B547B28DD8ABE8 /* Debug */,
				5522D29767344FFCB7CCD0FD /* Release */,
				AA2C642A3278473F95B70D7A /* MinSizeRel */,
				458188D4361F49DD8E2D0AAB /* RelWithDebInfo */,
			);
			defaultConfigurationIsVisible = 0;
			defaultConfigurationName = Debug;
		};
		EECC9DE63F98470E9182706C /* Build configuration list for PBXProject "surge-lua-src" */ = {
			isa = XCConfigurationList;
			buildConfigurations = (
				6A9DB14043884D4AA52529DD /* Debug */,
				483A0F3BD5B5490CAD3E49B8 /* Release */,
				5D215A34352D4347A04E0A4A /* MinSizeRel */,
				BF532501334B403597D4DBBA /* RelWithDebInfo */,
			);
			defaultConfigurationIsVisible = 0;
			defaultConfigurationName = Debug;
		};
/* End XCConfigurationList section */
	};
	rootObject = 6BD7495D31FE44B49585CA3A /* Project object */;
}
