// !$*UTF8*$!
{
	archiveVersion = 1;
	classes = {
	};
	objectVersion = 46;
	objects = {

/* Begin PBXAggregateTarget section */
		412D95C48532286282373140 /* ALL_BUILD */ = {
			isa = PBXAggregateTarget;
			buildConfigurationList = 9FDC313C86884B75AC780BF8 /* Build configuration list for PBXAggregateTarget "ALL_BUILD" */;
			buildPhases = (
				AD96FDF38F39D619A38122F3 /* Generate CMakeFiles/ALL_BUILD */,
			);
			dependencies = (
				F389957487C94F2EB1A1D253 /* PBXTargetDependency */,
				53B2E9FDFF114B2BB95A4E2B /* PBXTargetDependency */,
			);
			name = ALL_BUILD;
			productName = ALL_BUILD;
		};
		77C1A3C52D322D9730269CA7 /* install */ = {
			isa = PBXAggregateTarget;
			buildConfigurationList = 9BF40D0770B241F68101BAAC /* Build configuration list for PBXAggregateTarget "install" */;
			buildPhases = (
				93426DA6A4AC2C2AC9CE883C /* CMake PostBuild Rules */,
			);
			dependencies = (
				C1E3630ED33840928AB51E04 /* PBXTargetDependency */,
			);
			name = install;
			productName = install;
		};
		89D95F8BA93D09359DDCC172 /* ZERO_CHECK */ = {
			isa = PBXAggregateTarget;
			buildConfigurationList = 8DBF7772CF6145DFB72DF7BC /* Build configuration list for PBXAggregateTarget "ZERO_CHECK" */;
			buildPhases = (
				9B28FC4F6A859A9A65C681CB /* Generate CMakeFiles/ZERO_CHECK */,
			);
			dependencies = (
			);
			name = ZERO_CHECK;
			productName = ZERO_CHECK;
		};
/* End PBXAggregateTarget section */

/* Begin PBXBuildFile section */
		4C9D8940DC1A4AA387FCA117 /* /Volumes/KJSL/workspace/github_kevleyski/surge/src/platform/CMakeLists.txt */ = {isa = PBXBuildFile; fileRef = C11A7FC3520643C48D5FF6CC /* /Volumes/KJSL/workspace/github_kevleyski/surge/src/platform/CMakeLists.txt */; };
		BBB12BBF01DB4A4EB5D19B3D /* /Volumes/KJSL/workspace/github_kevleyski/surge/src/platform/macos/cpp17-aligned-new.cpp */ = {isa = PBXBuildFile; fileRef = E95B5F7BAFFB44B2B00A99DC /* /Volumes/KJSL/workspace/github_kevleyski/surge/src/platform/macos/cpp17-aligned-new.cpp */; };
		EBD6557EF341484BB69EE5D4 /* /Volumes/KJSL/workspace/github_kevleyski/surge/build_ios/src/platform/CMakeFiles/surge-platform.dir/Info.plist */ = {isa = PBXBuildFile; fileRef = 688E28964E9F4725884DCE9D /* /Volumes/KJSL/workspace/github_kevleyski/surge/build_ios/src/platform/CMakeFiles/surge-platform.dir/Info.plist */; };
/* End PBXBuildFile section */

/* Begin PBXBuildStyle section */
		1BD7E520A5AE4D5DB89A1688 /* MinSizeRel */ = {
			isa = PBXBuildStyle;
			buildSettings = {
				COPY_PHASE_STRIP = NO;
			};
			name = MinSizeRel;
		};
		2220BFCD1AEF4E9281FC6BA7 /* Debug */ = {
			isa = PBXBuildStyle;
			buildSettings = {
				COPY_PHASE_STRIP = NO;
			};
			name = Debug;
		};
		9CC50131A7D74FBDA8F80ED7 /* Release */ = {
			isa = PBXBuildStyle;
			buildSettings = {
				COPY_PHASE_STRIP = NO;
			};
			name = Release;
		};
		BE7BB261F1324E3192FC05AD /* RelWithDebInfo */ = {
			isa = PBXBuildStyle;
			buildSettings = {
				COPY_PHASE_STRIP = NO;
			};
			name = RelWithDebInfo;
		};
/* End PBXBuildStyle section */

/* Begin PBXContainerItemProxy section */
		07AD59683A824191AED52CCB /* PBXContainerItemProxy */ = {
			isa = PBXContainerItemProxy;
			containerPortal = FF8D16B106B64978B1F64231 /* Project object */;
			proxyType = 1;
			remoteGlobalIDString = 412D95C48532286282373140;
			remoteInfo = ALL_BUILD;
		};
		3CAF7BC4155244D1B9D49DD2 /* PBXContainerItemProxy */ = {
			isa = PBXContainerItemProxy;
			containerPortal = FF8D16B106B64978B1F64231 /* Project object */;
			proxyType = 1;
			remoteGlobalIDString = 89D95F8BA93D09359DDCC172;
			remoteInfo = ZERO_CHECK;
		};
		609EBC7B932D4D51BC8B6B6E /* PBXContainerItemProxy */ = {
			isa = PBXContainerItemProxy;
			containerPortal = FF8D16B106B64978B1F64231 /* Project object */;
			proxyType = 1;
			remoteGlobalIDString = 60E3A6D108ED399B022838CF;
			remoteInfo = "surge-platform";
		};
		D9C093F33D914D5F9E7C9B5B /* PBXContainerItemProxy */ = {
			isa = PBXContainerItemProxy;
			containerPortal = FF8D16B106B64978B1F64231 /* Project object */;
			proxyType = 1;
			remoteGlobalIDString = 89D95F8BA93D09359DDCC172;
			remoteInfo = ZERO_CHECK;
		};
/* End PBXContainerItemProxy section */

/* Begin PBXFileReference section */
		26BD51FCD9054A99898C5E78 /* /Volumes/KJSL/workspace/github_kevleyski/surge/src/platform/CMakeLists.txt */ = {isa = PBXFileReference; explicitFileType = sourcecode.text; fileEncoding = 4; name = CMakeLists.txt; path = CMakeLists.txt; sourceTree = SOURCE_ROOT; };
		4DA630B8627241CB98186452 /* surge-platform */ = {isa = PBXFileReference; explicitFileType = archive.ar; path = "libsurge-platform.a"; sourceTree = BUILT_PRODUCTS_DIR; };
		688E28964E9F4725884DCE9D /* /Volumes/KJSL/workspace/github_kevleyski/surge/build_ios/src/platform/CMakeFiles/surge-platform.dir/Info.plist */ = {isa = PBXFileReference; explicitFileType = sourcecode.text.plist; fileEncoding = 4; name = Info.plist; path = "/Volumes/KJSL/workspace/github_kevleyski/surge/build_ios/src/platform/CMakeFiles/surge-platform.dir/Info.plist"; sourceTree = "<absolute>"; };
		C11A7FC3520643C48D5FF6CC /* /Volumes/KJSL/workspace/github_kevleyski/surge/src/platform/CMakeLists.txt */ = {isa = PBXFileReference; explicitFileType = sourcecode.text; fileEncoding = 4; name = CMakeLists.txt; path = CMakeLists.txt; sourceTree = SOURCE_ROOT; };
		E95B5F7BAFFB44B2B00A99DC /* /Volumes/KJSL/workspace/github_kevleyski/surge/src/platform/macos/cpp17-aligned-new.cpp */ = {isa = PBXFileReference; explicitFileType = sourcecode.cpp.cpp; fileEncoding = 4; name = "cpp17-aligned-new.cpp"; path = "macos/cpp17-aligned-new.cpp"; sourceTree = SOURCE_ROOT; };
/* End PBXFileReference section */

/* Begin PBXFrameworksBuildPhase section */
		A52BB76BB4E24ED3B9A0A4D4 /* Frameworks */ = {
			isa = PBXFrameworksBuildPhase;
			buildActionMask = 2147483647;
			files = (
			);
			runOnlyForDeploymentPostprocessing = 0;
		};
/* End PBXFrameworksBuildPhase section */

/* Begin PBXGroup section */
		038EA064B8904943A08FEAD0 /* ALL_BUILD */ = {
			isa = PBXGroup;
			children = (
				E6CA4F55AF8A47F1B82D8D8F /* CMake Rules */,
				26BD51FCD9054A99898C5E78 /* /Volumes/KJSL/workspace/github_kevleyski/surge/src/platform/CMakeLists.txt */,
			);
			name = ALL_BUILD;
			sourceTree = "<group>";
		};
		163F8EBF71E34465B5C21CC9 /* Products */ = {
			isa = PBXGroup;
			children = (
				4DA630B8627241CB98186452 /* surge-platform */,
			);
			name = Products;
			sourceTree = "<group>";
		};
		31092F6CF15542299C649223 /* Frameworks */ = {
			isa = PBXGroup;
			children = (
			);
			name = Frameworks;
			sourceTree = "<group>";
		};
		72C15FD5D25B4C93BD8F83BB /* Resources */ = {
			isa = PBXGroup;
			children = (
				688E28964E9F4725884DCE9D /* /Volumes/KJSL/workspace/github_kevleyski/surge/build_ios/src/platform/CMakeFiles/surge-platform.dir/Info.plist */,
			);
			name = Resources;
			sourceTree = "<group>";
		};
		7CF9ADEC7E5145768C5E4B74 = {
			isa = PBXGroup;
			children = (
				038EA064B8904943A08FEAD0 /* ALL_BUILD */,
				ED2A82C5528D476484677D33 /* surge-platform */,
				163F8EBF71E34465B5C21CC9 /* Products */,
				31092F6CF15542299C649223 /* Frameworks */,
				DFD9C30883B54A5293496595 /* Resources */,
			);
			sourceTree = "<group>";
		};
		8D86E953F157448E94D6DBD6 /* Source Files */ = {
			isa = PBXGroup;
			children = (
				E95B5F7BAFFB44B2B00A99DC /* /Volumes/KJSL/workspace/github_kevleyski/surge/src/platform/macos/cpp17-aligned-new.cpp */,
			);
			name = "Source Files";
			sourceTree = "<group>";
		};
		DFD9C30883B54A5293496595 /* Resources */ = {
			isa = PBXGroup;
			children = (
			);
			name = Resources;
			sourceTree = "<group>";
		};
		E6CA4F55AF8A47F1B82D8D8F /* CMake Rules */ = {
			isa = PBXGroup;
			children = (
			);
			name = "CMake Rules";
			sourceTree = "<group>";
		};
		ED2A82C5528D476484677D33 /* surge-platform */ = {
			isa = PBXGroup;
			children = (
				72C15FD5D25B4C93BD8F83BB /* Resources */,
				8D86E953F157448E94D6DBD6 /* Source Files */,
				C11A7FC3520643C48D5FF6CC /* /Volumes/KJSL/workspace/github_kevleyski/surge/src/platform/CMakeLists.txt */,
			);
			name = "surge-platform";
			sourceTree = "<group>";
		};
/* End PBXGroup section */

/* Begin PBXNativeTarget section */
		60E3A6D108ED399B022838CF /* surge-platform */ = {
			isa = PBXNativeTarget;
			buildConfigurationList = 4586018C64AF4D0B83C1F7AF /* Build configuration list for PBXNativeTarget "surge-platform" */;
			buildPhases = (
				2ACB4F298C424ED79D89E789 /* Sources */,
				A52BB76BB4E24ED3B9A0A4D4 /* Frameworks */,
			);
			buildRules = (
			);
			dependencies = (
				7825F5CC3E3F405DACA97A85 /* PBXTargetDependency */,
			);
			name = "surge-platform";
			productName = "surge-platform";
			productReference = 4DA630B8627241CB98186452 /* surge-platform */;
			productType = "com.apple.product-type.library.static";
		};
/* End PBXNativeTarget section */

/* Begin PBXProject section */
		FF8D16B106B64978B1F64231 /* Project object */ = {
			isa = PBXProject;
			attributes = {
				BuildIndependentTargetsInParallel = YES;
				LastUpgradeCheck = 2660;
			};
			buildConfigurationList = C08D4F6F94014BC2ADEF4508 /* Build configuration list for PBXProject "surge-platform" */;
			buildSettings = {
			};
			buildStyles = (
				2220BFCD1AEF4E9281FC6BA7 /* Debug */,
				9CC50131A7D74FBDA8F80ED7 /* Release */,
				1BD7E520A5AE4D5DB89A1688 /* MinSizeRel */,
				BE7BB261F1324E3192FC05AD /* RelWithDebInfo */,
			);
			compatibilityVersion = "Xcode 3.2";
			hasScannedForEncodings = 0;
			mainGroup = 7CF9ADEC7E5145768C5E4B74;
			projectDirPath = /Volumes/KJSL/workspace/github_kevleyski/surge/src/platform;
			projectRoot = "";
			targets = (
				412D95C48532286282373140 /* ALL_BUILD */,
				77C1A3C52D322D9730269CA7 /* install */,
				60E3A6D108ED399B022838CF /* surge-platform */,
				89D95F8BA93D09359DDCC172 /* ZERO_CHECK */,
			);
		};
/* End PBXProject section */

/* Begin PBXShellScriptBuildPhase section */
		3C0110FC8322DE7E50886E21 = {
			isa = PBXShellScriptBuildPhase;
			buildActionMask = 2147483647;
			files = (
			);
			inputPaths = (
			);
			outputPaths = (
			);
			runOnlyForDeploymentPostprocessing = 0;
			shellPath = /bin/sh;
			shellScript = "# shell script goes here
exit 0";
			showEnvVarsInLog = 0;
		};
		87AF4882E018677E2624B544 = {
			isa = PBXShellScriptBuildPhase;
			buildActionMask = 2147483647;
			files = (
			);
			inputPaths = (
			);
			outputPaths = (
			);
			runOnlyForDeploymentPostprocessing = 0;
			shellPath = /bin/sh;
			shellScript = "# shell script goes here
exit 0";
			showEnvVarsInLog = 0;
		};
		93426DA6A4AC2C2AC9CE883C /* CMake PostBuild Rules */ = {
			isa = PBXShellScriptBuildPhase;
			alwaysOutOfDate = 1;
			buildActionMask = 2147483647;
			files = (
			);
			inputPaths = (
			);
			name = "CMake PostBuild Rules";
			outputPaths = (
			);
			runOnlyForDeploymentPostprocessing = 0;
			shellPath = /bin/sh;
			shellScript = "set -e
if test \"$CONFIGURATION\" = \"Debug\"; then :
  cd /Volumes/KJSL/workspace/github_kevleyski/surge/build_ios/src/platform
  /opt/homebrew/bin/cmake -DBUILD_TYPE=$CONFIGURATION -DEFFECTIVE_PLATFORM_NAME=$EFFECTIVE_PLATFORM_NAME -P cmake_install.cmake
fi
if test \"$CONFIGURATION\" = \"Release\"; then :
  cd /Volumes/KJSL/workspace/github_kevleyski/surge/build_ios/src/platform
  /opt/homebrew/bin/cmake -DBUILD_TYPE=$CONFIGURATION -DEFFECTIVE_PLATFORM_NAME=$EFFECTIVE_PLATFORM_NAME -P cmake_install.cmake
fi
if test \"$CONFIGURATION\" = \"MinSizeRel\"; then :
  cd /Volumes/KJSL/workspace/github_kevleyski/surge/build_ios/src/platform
  /opt/homebrew/bin/cmake -DBUILD_TYPE=$CONFIGURATION -DEFFECTIVE_PLATFORM_NAME=$EFFECTIVE_PLATFORM_NAME -P cmake_install.cmake
fi
if test \"$CONFIGURATION\" = \"RelWithDebInfo\"; then :
  cd /Volumes/KJSL/workspace/github_kevleyski/surge/build_ios/src/platform
  /opt/homebrew/bin/cmake -DBUILD_TYPE=$CONFIGURATION -DEFFECTIVE_PLATFORM_NAME=$EFFECTIVE_PLATFORM_NAME -P cmake_install.cmake
fi
";
			showEnvVarsInLog = 0;
		};
		9B28FC4F6A859A9A65C681CB /* Generate CMakeFiles/ZERO_CHECK */ = {
			isa = PBXShellScriptBuildPhase;
			alwaysOutOfDate = 1;
			buildActionMask = 2147483647;
			files = (
			);
			inputPaths = (
			);
			name = "Generate CMakeFiles/ZERO_CHECK";
			outputPaths = (
/Volumes/KJSL/workspace/github_kevleyski/surge/build_ios/src/platform/CMakeFiles/ZERO_CHECK			);
			runOnlyForDeploymentPostprocessing = 0;
			shellPath = /bin/sh;
			shellScript = "set -e
if test \"$CONFIGURATION\" = \"Debug\"; then :
  cd /Volumes/KJSL/workspace/github_kevleyski/surge/build_ios/src/platform
  make -f /Volumes/KJSL/workspace/github_kevleyski/surge/build_ios/src/platform/CMakeScripts/ReRunCMake.make
fi
if test \"$CONFIGURATION\" = \"Release\"; then :
  cd /Volumes/KJSL/workspace/github_kevleyski/surge/build_ios/src/platform
  make -f /Volumes/KJSL/workspace/github_kevleyski/surge/build_ios/src/platform/CMakeScripts/ReRunCMake.make
fi
if test \"$CONFIGURATION\" = \"MinSizeRel\"; then :
  cd /Volumes/KJSL/workspace/github_kevleyski/surge/build_ios/src/platform
  make -f /Volumes/KJSL/workspace/github_kevleyski/surge/build_ios/src/platform/CMakeScripts/ReRunCMake.make
fi
if test \"$CONFIGURATION\" = \"RelWithDebInfo\"; then :
  cd /Volumes/KJSL/workspace/github_kevleyski/surge/build_ios/src/platform
  make -f /Volumes/KJSL/workspace/github_kevleyski/surge/build_ios/src/platform/CMakeScripts/ReRunCMake.make
fi
";
			showEnvVarsInLog = 0;
		};
		9B50530E35CC49C82C2FACCF = {
			isa = PBXShellScriptBuildPhase;
			buildActionMask = 2147483647;
			files = (
			);
			inputPaths = (
			);
			outputPaths = (
			);
			runOnlyForDeploymentPostprocessing = 0;
			shellPath = /bin/sh;
			shellScript = "# shell script goes here
exit 0";
			showEnvVarsInLog = 0;
		};
		AD96FDF38F39D619A38122F3 /* Generate CMakeFiles/ALL_BUILD */ = {
			isa = PBXShellScriptBuildPhase;
			alwaysOutOfDate = 1;
			buildActionMask = 2147483647;
			files = (
			);
			inputPaths = (
			);
			name = "Generate CMakeFiles/ALL_BUILD";
			outputPaths = (
/Volumes/KJSL/workspace/github_kevleyski/surge/build_ios/src/platform/CMakeFiles/ALL_BUILD			);
			runOnlyForDeploymentPostprocessing = 0;
			shellPath = /bin/sh;
			shellScript = "set -e
if test \"$CONFIGURATION\" = \"Debug\"; then :
  cd /Volumes/KJSL/workspace/github_kevleyski/surge/build_ios/src/platform
  echo Build\\ all\\ projects
fi
if test \"$CONFIGURATION\" = \"Release\"; then :
  cd /Volumes/KJSL/workspace/github_kevleyski/surge/build_ios/src/platform
  echo Build\\ all\\ projects
fi
if test \"$CONFIGURATION\" = \"MinSizeRel\"; then :
  cd /Volumes/KJSL/workspace/github_kevleyski/surge/build_ios/src/platform
  echo Build\\ all\\ projects
fi
if test \"$CONFIGURATION\" = \"RelWithDebInfo\"; then :
  cd /Volumes/KJSL/workspace/github_kevleyski/surge/build_ios/src/platform
  echo Build\\ all\\ projects
fi
";
			showEnvVarsInLog = 0;
		};
/* End PBXShellScriptBuildPhase section */

/* Begin PBXSourcesBuildPhase section */
		2ACB4F298C424ED79D89E789 /* Sources */ = {
			isa = PBXSourcesBuildPhase;
			buildActionMask = 2147483647;
			files = (
				BBB12BBF01DB4A4EB5D19B3D /* /Volumes/KJSL/workspace/github_kevleyski/surge/src/platform/macos/cpp17-aligned-new.cpp */,
			);
			runOnlyForDeploymentPostprocessing = 0;
		};
/* End PBXSourcesBuildPhase section */

/* Begin PBXTargetDependency section */
		53B2E9FDFF114B2BB95A4E2B /* PBXTargetDependency */ = {
			isa = PBXTargetDependency;
			target = 89D95F8BA93D09359DDCC172 /* ZERO_CHECK */;
			targetProxy = 3CAF7BC4155244D1B9D49DD2 /* PBXContainerItemProxy */;
		};
		7825F5CC3E3F405DACA97A85 /* PBXTargetDependency */ = {
			isa = PBXTargetDependency;
			target = 89D95F8BA93D09359DDCC172 /* ZERO_CHECK */;
			targetProxy = D9C093F33D914D5F9E7C9B5B /* PBXContainerItemProxy */;
		};
		C1E3630ED33840928AB51E04 /* PBXTargetDependency */ = {
			isa = PBXTargetDependency;
			target = 412D95C48532286282373140 /* ALL_BUILD */;
			targetProxy = 07AD59683A824191AED52CCB /* PBXContainerItemProxy */;
		};
		F389957487C94F2EB1A1D253 /* PBXTargetDependency */ = {
			isa = PBXTargetDependency;
			target = 60E3A6D108ED399B022838CF /* surge-platform */;
			targetProxy = 609EBC7B932D4D51BC8B6B6E /* PBXContainerItemProxy */;
		};
/* End PBXTargetDependency section */

/* Begin XCBuildConfiguration section */
		09904D5E237248DFA8A26117 /* RelWithDebInfo */ = {
			isa = XCBuildConfiguration;
			buildSettings = {
				ALWAYS_SEARCH_USER_PATHS = NO;
				COMBINE_HIDPI_IMAGES = YES;
				GCC_GENERATE_DEBUGGING_SYMBOLS = YES;
				GCC_INLINES_ARE_PRIVATE_EXTERN = NO;
				GCC_OPTIMIZATION_LEVEL = 0;
				GCC_PREPROCESSOR_DEFINITIONS = ("'CMAKE_INTDIR=\"$(CONFIGURATION)$(EFFECTIVE_PLATFORM_NAME)\"'","$(inherited)");
				GCC_SYMBOLS_PRIVATE_EXTERN = NO;
				INSTALL_PATH = "";
				OTHER_LDFLAGS = ("","$(inherited)");
				OTHER_REZFLAGS = "";
				PRODUCT_NAME = ALL_BUILD;
				SECTORDER_FLAGS = "";
				USE_HEADERMAP = NO;
				WARNING_CFLAGS = ("$(inherited)");
			};
			name = RelWithDebInfo;
		};
		1035CACE80ED42848C51B624 /* Debug */ = {
			isa = XCBuildConfiguration;
			buildSettings = {
				ALWAYS_SEARCH_USER_PATHS = NO;
				COMBINE_HIDPI_IMAGES = YES;
				GCC_GENERATE_DEBUGGING_SYMBOLS = YES;
				GCC_INLINES_ARE_PRIVATE_EXTERN = NO;
				GCC_OPTIMIZATION_LEVEL = 0;
				GCC_PREPROCESSOR_DEFINITIONS = ("'CMAKE_INTDIR=\"$(CONFIGURATION)$(EFFECTIVE_PLATFORM_NAME)\"'","$(inherited)");
				GCC_SYMBOLS_PRIVATE_EXTERN = NO;
				INSTALL_PATH = "";
				OTHER_LDFLAGS = ("","$(inherited)");
				OTHER_REZFLAGS = "";
				PRODUCT_NAME = ALL_BUILD;
				SECTORDER_FLAGS = "";
				USE_HEADERMAP = NO;
				WARNING_CFLAGS = ("$(inherited)");
			};
			name = Debug;
		};
		1557C28C6F6F439EA59662C3 /* Release */ = {
			isa = XCBuildConfiguration;
			buildSettings = {
				ARCHS = arm64;
				CODE_SIGN_STYLE = Automatic;
				DEVELOPMENT_TEAM = B973YVS5A5;
				IPHONEOS_DEPLOYMENT_TARGET = 10.15;
				SDKROOT = iphoneos;
				SWIFT_COMPILATION_MODE = wholemodule;
				SYMROOT = /Volumes/KJSL/workspace/github_kevleyski/surge/build_ios/build;
			};
			name = Release;
		};
		167FA11FD10A4C1F9E077896 /* MinSizeRel */ = {
			isa = XCBuildConfiguration;
			buildSettings = {
				ALWAYS_SEARCH_USER_PATHS = NO;
				COMBINE_HIDPI_IMAGES = YES;
				GCC_GENERATE_DEBUGGING_SYMBOLS = YES;
				GCC_INLINES_ARE_PRIVATE_EXTERN = NO;
				GCC_OPTIMIZATION_LEVEL = 0;
				GCC_PREPROCESSOR_DEFINITIONS = ("'CMAKE_INTDIR=\"$(CONFIGURATION)$(EFFECTIVE_PLATFORM_NAME)\"'","$(inherited)");
				GCC_SYMBOLS_PRIVATE_EXTERN = NO;
				INSTALL_PATH = "";
				OTHER_LDFLAGS = ("","$(inherited)");
				OTHER_REZFLAGS = "";
				PRODUCT_NAME = install;
				SECTORDER_FLAGS = "";
				USE_HEADERMAP = NO;
				WARNING_CFLAGS = ("$(inherited)");
			};
			name = MinSizeRel;
		};
		4768EC1BFDAA4319ADE9D096 /* Release */ = {
			isa = XCBuildConfiguration;
			buildSettings = {
				ALWAYS_SEARCH_USER_PATHS = NO;
				COMBINE_HIDPI_IMAGES = YES;
				GCC_GENERATE_DEBUGGING_SYMBOLS = YES;
				GCC_INLINES_ARE_PRIVATE_EXTERN = NO;
				GCC_OPTIMIZATION_LEVEL = 0;
				GCC_PREPROCESSOR_DEFINITIONS = ("'CMAKE_INTDIR=\"$(CONFIGURATION)$(EFFECTIVE_PLATFORM_NAME)\"'","$(inherited)");
				GCC_SYMBOLS_PRIVATE_EXTERN = NO;
				INSTALL_PATH = "";
				OTHER_LDFLAGS = ("","$(inherited)");
				OTHER_REZFLAGS = "";
				PRODUCT_NAME = ZERO_CHECK;
				SECTORDER_FLAGS = "";
				USE_HEADERMAP = NO;
				WARNING_CFLAGS = ("$(inherited)");
			};
			name = Release;
		};
		47722468FB6649EABC171F4E /* RelWithDebInfo */ = {
			isa = XCBuildConfiguration;
			buildSettings = {
				ALWAYS_SEARCH_USER_PATHS = NO;
				COMBINE_HIDPI_IMAGES = YES;
				GCC_GENERATE_DEBUGGING_SYMBOLS = YES;
				GCC_INLINES_ARE_PRIVATE_EXTERN = NO;
				GCC_OPTIMIZATION_LEVEL = 0;
				GCC_PREPROCESSOR_DEFINITIONS = ("'CMAKE_INTDIR=\"$(CONFIGURATION)$(EFFECTIVE_PLATFORM_NAME)\"'","$(inherited)");
				GCC_SYMBOLS_PRIVATE_EXTERN = NO;
				INSTALL_PATH = "";
				OTHER_LDFLAGS = ("","$(inherited)");
				OTHER_REZFLAGS = "";
				PRODUCT_NAME = install;
				SECTORDER_FLAGS = "";
				USE_HEADERMAP = NO;
				WARNING_CFLAGS = ("$(inherited)");
			};
			name = RelWithDebInfo;
		};
		4D9BB7C758134E61B8FCDDD3 /* Debug */ = {
			isa = XCBuildConfiguration;
			buildSettings = {
				ALWAYS_SEARCH_USER_PATHS = NO;
				COMBINE_HIDPI_IMAGES = YES;
				GCC_GENERATE_DEBUGGING_SYMBOLS = YES;
				GCC_INLINES_ARE_PRIVATE_EXTERN = NO;
				GCC_OPTIMIZATION_LEVEL = 0;
				GCC_PREPROCESSOR_DEFINITIONS = ("'CMAKE_INTDIR=\"$(CONFIGURATION)$(EFFECTIVE_PLATFORM_NAME)\"'","$(inherited)");
				GCC_SYMBOLS_PRIVATE_EXTERN = NO;
				INSTALL_PATH = "";
				OTHER_LDFLAGS = ("","$(inherited)");
				OTHER_REZFLAGS = "";
				PRODUCT_NAME = install;
				SECTORDER_FLAGS = "";
				USE_HEADERMAP = NO;
				WARNING_CFLAGS = ("$(inherited)");
			};
			name = Debug;
		};
		515BD281964148809118EEE4 /* MinSizeRel */ = {
			isa = XCBuildConfiguration;
			buildSettings = {
				ALWAYS_SEARCH_USER_PATHS = NO;
				COMBINE_HIDPI_IMAGES = YES;
				GCC_GENERATE_DEBUGGING_SYMBOLS = YES;
				GCC_INLINES_ARE_PRIVATE_EXTERN = NO;
				GCC_OPTIMIZATION_LEVEL = 0;
				GCC_PREPROCESSOR_DEFINITIONS = ("'CMAKE_INTDIR=\"$(CONFIGURATION)$(EFFECTIVE_PLATFORM_NAME)\"'","$(inherited)");
				GCC_SYMBOLS_PRIVATE_EXTERN = NO;
				INSTALL_PATH = "";
				OTHER_LDFLAGS = ("","$(inherited)");
				OTHER_REZFLAGS = "";
				PRODUCT_NAME = ALL_BUILD;
				SECTORDER_FLAGS = "";
				USE_HEADERMAP = NO;
				WARNING_CFLAGS = ("$(inherited)");
			};
			name = MinSizeRel;
		};
		55BB0338B2C5418697220A30 /* RelWithDebInfo */ = {
			isa = XCBuildConfiguration;
			buildSettings = {
				ALWAYS_SEARCH_USER_PATHS = NO;
				COMBINE_HIDPI_IMAGES = YES;
				GCC_GENERATE_DEBUGGING_SYMBOLS = YES;
				GCC_INLINES_ARE_PRIVATE_EXTERN = NO;
				GCC_OPTIMIZATION_LEVEL = 0;
				GCC_PREPROCESSOR_DEFINITIONS = ("'CMAKE_INTDIR=\"$(CONFIGURATION)$(EFFECTIVE_PLATFORM_NAME)\"'","$(inherited)");
				GCC_SYMBOLS_PRIVATE_EXTERN = NO;
				INSTALL_PATH = "";
				OTHER_LDFLAGS = ("","$(inherited)");
				OTHER_REZFLAGS = "";
				PRODUCT_NAME = ZERO_CHECK;
				SECTORDER_FLAGS = "";
				USE_HEADERMAP = NO;
				WARNING_CFLAGS = ("$(inherited)");
			};
			name = RelWithDebInfo;
		};
		5A25BB46B5E3477BA90A4439 /* RelWithDebInfo */ = {
			isa = XCBuildConfiguration;
			buildSettings = {
				ALWAYS_SEARCH_USER_PATHS = NO;
				ARCHS = arm64;
				COMBINE_HIDPI_IMAGES = YES;
				CONFIGURATION_BUILD_DIR = "/Volumes/KJSL/workspace/github_kevleyski/surge/build_ios/src/platform/RelWithDebInfo${EFFECTIVE_PLATFORM_NAME}";
				EXECUTABLE_PREFIX = lib;
				EXECUTABLE_SUFFIX = .a;
				GCC_GENERATE_DEBUGGING_SYMBOLS = YES;
				GCC_INLINES_ARE_PRIVATE_EXTERN = NO;
				GCC_OPTIMIZATION_LEVEL = 2;
				GCC_PREPROCESSOR_DEFINITIONS = ("'CMAKE_INTDIR=\"$(CONFIGURATION)$(EFFECTIVE_PLATFORM_NAME)\"'","$(inherited)");
				GCC_SYMBOLS_PRIVATE_EXTERN = NO;
				HEADER_SEARCH_PATHS = (/Volumes/KJSL/workspace/github_kevleyski/surge/src/platform/.,"$(inherited)");
				INSTALL_PATH = "";
				LIBRARY_STYLE = STATIC;
				LLVM_LTO = YES_THIN;
				ONLY_ACTIVE_ARCH = NO;
				OTHER_CPLUSPLUSFLAGS = "       -DNDEBUG '-std=c++20' '-flto=thin' -fPIC -fvisibility=hidden -fvisibility-inlines-hidden -Wno-multichar -fno-math-errno -fno-trapping-math -fno-char8_t -Wno-unused-command-line-argument -Wno-deprecated-declarations '-Werror=inconsistent-missing-override' '-Werror=logical-op-parentheses' '-Werror=dynamic-class-memaccess' '-Werror=undefined-bool-conversion' '-Werror=bitwise-op-parentheses' '-Werror=pointer-bool-conversion' -faligned-allocation -fasm-blocks ";
				OTHER_LIBTOOLFLAGS = ("");
				OTHER_REZFLAGS = "";
				PRODUCT_NAME = "surge-platform";
				SECTORDER_FLAGS = "";
				TARGET_TEMP_DIR = "/Volumes/KJSL/workspace/github_kevleyski/surge/build_ios/build/surge-platform.build/$(CONFIGURATION)$(EFFECTIVE_PLATFORM_NAME)";
				USE_HEADERMAP = NO;
				WARNING_CFLAGS = ("$(inherited)");
			};
			name = RelWithDebInfo;
		};
		82C60E78EBDF41169B7EEE29 /* MinSizeRel */ = {
			isa = XCBuildConfiguration;
			buildSettings = {
				ALWAYS_SEARCH_USER_PATHS = NO;
				COMBINE_HIDPI_IMAGES = YES;
				GCC_GENERATE_DEBUGGING_SYMBOLS = YES;
				GCC_INLINES_ARE_PRIVATE_EXTERN = NO;
				GCC_OPTIMIZATION_LEVEL = 0;
				GCC_PREPROCESSOR_DEFINITIONS = ("'CMAKE_INTDIR=\"$(CONFIGURATION)$(EFFECTIVE_PLATFORM_NAME)\"'","$(inherited)");
				GCC_SYMBOLS_PRIVATE_EXTERN = NO;
				INSTALL_PATH = "";
				OTHER_LDFLAGS = ("","$(inherited)");
				OTHER_REZFLAGS = "";
				PRODUCT_NAME = ZERO_CHECK;
				SECTORDER_FLAGS = "";
				USE_HEADERMAP = NO;
				WARNING_CFLAGS = ("$(inherited)");
			};
			name = MinSizeRel;
		};
		A1D98ED2AD1B4084BDC15EC9 /* RelWithDebInfo */ = {
			isa = XCBuildConfiguration;
			buildSettings = {
				ARCHS = arm64;
				CODE_SIGN_STYLE = Automatic;
				DEVELOPMENT_TEAM = B973YVS5A5;
				IPHONEOS_DEPLOYMENT_TARGET = 10.15;
				SDKROOT = iphoneos;
				SWIFT_COMPILATION_MODE = wholemodule;
				SYMROOT = /Volumes/KJSL/workspace/github_kevleyski/surge/build_ios/build;
			};
			name = RelWithDebInfo;
		};
		ACEE28D1D5894C2FB5534112 /* MinSizeRel */ = {
			isa = XCBuildConfiguration;
			buildSettings = {
				ARCHS = arm64;
				CODE_SIGN_STYLE = Automatic;
				DEVELOPMENT_TEAM = B973YVS5A5;
				IPHONEOS_DEPLOYMENT_TARGET = 10.15;
				SDKROOT = iphoneos;
				SWIFT_COMPILATION_MODE = wholemodule;
				SYMROOT = /Volumes/KJSL/workspace/github_kevleyski/surge/build_ios/build;
			};
			name = MinSizeRel;
		};
		BBD091AE174C4CD6A604412F /* Debug */ = {
			isa = XCBuildConfiguration;
			buildSettings = {
				ALWAYS_SEARCH_USER_PATHS = NO;
				ARCHS = arm64;
				COMBINE_HIDPI_IMAGES = YES;
				CONFIGURATION_BUILD_DIR = "/Volumes/KJSL/workspace/github_kevleyski/surge/build_ios/src/platform/Debug${EFFECTIVE_PLATFORM_NAME}";
				EXECUTABLE_PREFIX = lib;
				EXECUTABLE_SUFFIX = .a;
				GCC_GENERATE_DEBUGGING_SYMBOLS = YES;
				GCC_INLINES_ARE_PRIVATE_EXTERN = NO;
				GCC_OPTIMIZATION_LEVEL = 0;
				GCC_PREPROCESSOR_DEFINITIONS = ("'CMAKE_INTDIR=\"$(CONFIGURATION)$(EFFECTIVE_PLATFORM_NAME)\"'","$(inherited)");
				GCC_SYMBOLS_PRIVATE_EXTERN = NO;
				HEADER_SEARCH_PATHS = (/Volumes/KJSL/workspace/github_kevleyski/surge/src/platform/.,"$(inherited)");
				INSTALL_PATH = "";
				LIBRARY_STYLE = STATIC;
				LLVM_LTO = YES_THIN;
				ONLY_ACTIVE_ARCH = NO;
				OTHER_CPLUSPLUSFLAGS = "   '-std=c++20' '-flto=thin' -fPIC -fvisibility=hidden -fvisibility-inlines-hidden -Wno-multichar -fno-math-errno -fno-trapping-math -fno-char8_t -Wno-unused-command-line-argument -Wno-deprecated-declarations '-Werror=inconsistent-missing-override' '-Werror=logical-op-parentheses' '-Werror=dynamic-class-memaccess' '-Werror=undefined-bool-conversion' '-Werror=bitwise-op-parentheses' '-Werror=pointer-bool-conversion' -faligned-allocation -fasm-blocks ";
				OTHER_LIBTOOLFLAGS = ("");
				OTHER_REZFLAGS = "";
				PRODUCT_NAME = "surge-platform";
				SECTORDER_FLAGS = "";
				TARGET_TEMP_DIR = "/Volumes/KJSL/workspace/github_kevleyski/surge/build_ios/build/surge-platform.build/$(CONFIGURATION)$(EFFECTIVE_PLATFORM_NAME)";
				USE_HEADERMAP = NO;
				WARNING_CFLAGS = ("$(inherited)");
			};
			name = Debug;
		};
		C88A64176FF44B15A57E3752 /* Release */ = {
			isa = XCBuildConfiguration;
			buildSettings = {
				ALWAYS_SEARCH_USER_PATHS = NO;
				COMBINE_HIDPI_IMAGES = YES;
				GCC_GENERATE_DEBUGGING_SYMBOLS = YES;
				GCC_INLINES_ARE_PRIVATE_EXTERN = NO;
				GCC_OPTIMIZATION_LEVEL = 0;
				GCC_PREPROCESSOR_DEFINITIONS = ("'CMAKE_INTDIR=\"$(CONFIGURATION)$(EFFECTIVE_PLATFORM_NAME)\"'","$(inherited)");
				GCC_SYMBOLS_PRIVATE_EXTERN = NO;
				INSTALL_PATH = "";
				OTHER_LDFLAGS = ("","$(inherited)");
				OTHER_REZFLAGS = "";
				PRODUCT_NAME = install;
				SECTORDER_FLAGS = "";
				USE_HEADERMAP = NO;
				WARNING_CFLAGS = ("$(inherited)");
			};
			name = Release;
		};
		D39576A5F31F4374B5AE4297 /* Release */ = {
			isa = XCBuildConfiguration;
			buildSettings = {
				ALWAYS_SEARCH_USER_PATHS = NO;
				COMBINE_HIDPI_IMAGES = YES;
				GCC_GENERATE_DEBUGGING_SYMBOLS = YES;
				GCC_INLINES_ARE_PRIVATE_EXTERN = NO;
				GCC_OPTIMIZATION_LEVEL = 0;
				GCC_PREPROCESSOR_DEFINITIONS = ("'CMAKE_INTDIR=\"$(CONFIGURATION)$(EFFECTIVE_PLATFORM_NAME)\"'","$(inherited)");
				GCC_SYMBOLS_PRIVATE_EXTERN = NO;
				INSTALL_PATH = "";
				OTHER_LDFLAGS = ("","$(inherited)");
				OTHER_REZFLAGS = "";
				PRODUCT_NAME = ALL_BUILD;
				SECTORDER_FLAGS = "";
				USE_HEADERMAP = NO;
				WARNING_CFLAGS = ("$(inherited)");
			};
			name = Release;
		};
		DC58ED88ECB841829C463C16 /* Debug */ = {
			isa = XCBuildConfiguration;
			buildSettings = {
				ARCHS = arm64;
				CODE_SIGN_STYLE = Automatic;
				DEVELOPMENT_TEAM = B973YVS5A5;
				IPHONEOS_DEPLOYMENT_TARGET = 10.15;
				SDKROOT = iphoneos;
				SYMROOT = /Volumes/KJSL/workspace/github_kevleyski/surge/build_ios/build;
			};
			name = Debug;
		};
		ED51061D7A35406BA068838B /* Debug */ = {
			isa = XCBuildConfiguration;
			buildSettings = {
				ALWAYS_SEARCH_USER_PATHS = NO;
				COMBINE_HIDPI_IMAGES = YES;
				GCC_GENERATE_DEBUGGING_SYMBOLS = YES;
				GCC_INLINES_ARE_PRIVATE_EXTERN = NO;
				GCC_OPTIMIZATION_LEVEL = 0;
				GCC_PREPROCESSOR_DEFINITIONS = ("'CMAKE_INTDIR=\"$(CONFIGURATION)$(EFFECTIVE_PLATFORM_NAME)\"'","$(inherited)");
				GCC_SYMBOLS_PRIVATE_EXTERN = NO;
				INSTALL_PATH = "";
				OTHER_LDFLAGS = ("","$(inherited)");
				OTHER_REZFLAGS = "";
				PRODUCT_NAME = ZERO_CHECK;
				SECTORDER_FLAGS = "";
				USE_HEADERMAP = NO;
				WARNING_CFLAGS = ("$(inherited)");
			};
			name = Debug;
		};
		F760CED9F11F41D58432D44B /* Release */ = {
			isa = XCBuildConfiguration;
			buildSettings = {
				ALWAYS_SEARCH_USER_PATHS = NO;
				ARCHS = arm64;
				COMBINE_HIDPI_IMAGES = YES;
				CONFIGURATION_BUILD_DIR = "/Volumes/KJSL/workspace/github_kevleyski/surge/build_ios/src/platform/Release${EFFECTIVE_PLATFORM_NAME}";
				EXECUTABLE_PREFIX = lib;
				EXECUTABLE_SUFFIX = .a;
				GCC_GENERATE_DEBUGGING_SYMBOLS = NO;
				GCC_INLINES_ARE_PRIVATE_EXTERN = NO;
				GCC_OPTIMIZATION_LEVEL = 3;
				GCC_PREPROCESSOR_DEFINITIONS = ("'CMAKE_INTDIR=\"$(CONFIGURATION)$(EFFECTIVE_PLATFORM_NAME)\"'","$(inherited)");
				GCC_SYMBOLS_PRIVATE_EXTERN = NO;
				HEADER_SEARCH_PATHS = (/Volumes/KJSL/workspace/github_kevleyski/surge/src/platform/.,"$(inherited)");
				INSTALL_PATH = "";
				LIBRARY_STYLE = STATIC;
				LLVM_LTO = YES_THIN;
				ONLY_ACTIVE_ARCH = NO;
				OTHER_CPLUSPLUSFLAGS = "    -DNDEBUG '-std=c++20' '-flto=thin' -fPIC -fvisibility=hidden -fvisibility-inlines-hidden -Wno-multichar -fno-math-errno -fno-trapping-math -fno-char8_t -Wno-unused-command-line-argument -Wno-deprecated-declarations '-Werror=inconsistent-missing-override' '-Werror=logical-op-parentheses' '-Werror=dynamic-class-memaccess' '-Werror=undefined-bool-conversion' '-Werror=bitwise-op-parentheses' '-Werror=pointer-bool-conversion' -faligned-allocation -fasm-blocks ";
				OTHER_LIBTOOLFLAGS = ("");
				OTHER_REZFLAGS = "";
				PRODUCT_NAME = "surge-platform";
				SECTORDER_FLAGS = "";
				TARGET_TEMP_DIR = "/Volumes/KJSL/workspace/github_kevleyski/surge/build_ios/build/surge-platform.build/$(CONFIGURATION)$(EFFECTIVE_PLATFORM_NAME)";
				USE_HEADERMAP = NO;
				WARNING_CFLAGS = ("$(inherited)");
			};
			name = Release;
		};
		FEEED7E183484D80BDBC33F4 /* MinSizeRel */ = {
			isa = XCBuildConfiguration;
			buildSettings = {
				ALWAYS_SEARCH_USER_PATHS = NO;
				ARCHS = arm64;
				COMBINE_HIDPI_IMAGES = YES;
				CONFIGURATION_BUILD_DIR = "/Volumes/KJSL/workspace/github_kevleyski/surge/build_ios/src/platform/MinSizeRel${EFFECTIVE_PLATFORM_NAME}";
				EXECUTABLE_PREFIX = lib;
				EXECUTABLE_SUFFIX = .a;
				GCC_GENERATE_DEBUGGING_SYMBOLS = NO;
				GCC_INLINES_ARE_PRIVATE_EXTERN = NO;
				GCC_OPTIMIZATION_LEVEL = s;
				GCC_PREPROCESSOR_DEFINITIONS = ("'CMAKE_INTDIR=\"$(CONFIGURATION)$(EFFECTIVE_PLATFORM_NAME)\"'","$(inherited)");
				GCC_SYMBOLS_PRIVATE_EXTERN = NO;
				HEADER_SEARCH_PATHS = (/Volumes/KJSL/workspace/github_kevleyski/surge/src/platform/.,"$(inherited)");
				INSTALL_PATH = "";
				LIBRARY_STYLE = STATIC;
				LLVM_LTO = YES_THIN;
				ONLY_ACTIVE_ARCH = NO;
				OTHER_CPLUSPLUSFLAGS = "    -DNDEBUG '-std=c++20' '-flto=thin' -fPIC -fvisibility=hidden -fvisibility-inlines-hidden -Wno-multichar -fno-math-errno -fno-trapping-math -fno-char8_t -Wno-unused-command-line-argument -Wno-deprecated-declarations '-Werror=inconsistent-missing-override' '-Werror=logical-op-parentheses' '-Werror=dynamic-class-memaccess' '-Werror=undefined-bool-conversion' '-Werror=bitwise-op-parentheses' '-Werror=pointer-bool-conversion' -faligned-allocation -fasm-blocks ";
				OTHER_LIBTOOLFLAGS = ("");
				OTHER_REZFLAGS = "";
				PRODUCT_NAME = "surge-platform";
				SECTORDER_FLAGS = "";
				TARGET_TEMP_DIR = "/Volumes/KJSL/workspace/github_kevleyski/surge/build_ios/build/surge-platform.build/$(CONFIGURATION)$(EFFECTIVE_PLATFORM_NAME)";
				USE_HEADERMAP = NO;
				WARNING_CFLAGS = ("$(inherited)");
			};
			name = MinSizeRel;
		};
/* End XCBuildConfiguration section */

/* Begin XCConfigurationList section */
		4586018C64AF4D0B83C1F7AF /* Build configuration list for PBXNativeTarget "surge-platform" */ = {
			isa = XCConfigurationList;
			buildConfigurations = (
				BBD091AE174C4CD6A604412F /* Debug */,
				F760CED9F11F41D58432D44B /* Release */,
				FEEED7E183484D80BDBC33F4 /* MinSizeRel */,
				5A25BB46B5E3477BA90A4439 /* RelWithDebInfo */,
			);
			defaultConfigurationIsVisible = 0;
			defaultConfigurationName = Debug;
		};
		8DBF7772CF6145DFB72DF7BC /* Build configuration list for PBXAggregateTarget "ZERO_CHECK" */ = {
			isa = XCConfigurationList;
			buildConfigurations = (
				ED51061D7A35406BA068838B /* Debug */,
				4768EC1BFDAA4319ADE9D096 /* Release */,
				82C60E78EBDF41169B7EEE29 /* MinSizeRel */,
				55BB0338B2C5418697220A30 /* RelWithDebInfo */,
			);
			defaultConfigurationIsVisible = 0;
			defaultConfigurationName = Debug;
		};
		9BF40D0770B241F68101BAAC /* Build configuration list for PBXAggregateTarget "install" */ = {
			isa = XCConfigurationList;
			buildConfigurations = (
				4D9BB7C758134E61B8FCDDD3 /* Debug */,
				C88A64176FF44B15A57E3752 /* Release */,
				167FA11FD10A4C1F9E077896 /* MinSizeRel */,
				47722468FB6649EABC171F4E /* RelWithDebInfo */,
			);
			defaultConfigurationIsVisible = 0;
			defaultConfigurationName = Debug;
		};
		9FDC313C86884B75AC780BF8 /* Build configuration list for PBXAggregateTarget "ALL_BUILD" */ = {
			isa = XCConfigurationList;
			buildConfigurations = (
				1035CACE80ED42848C51B624 /* Debug */,
				D39576A5F31F4374B5AE4297 /* Release */,
				515BD281964148809118EEE4 /* MinSizeRel */,
				09904D5E237248DFA8A26117 /* RelWithDebInfo */,
			);
			defaultConfigurationIsVisible = 0;
			defaultConfigurationName = Debug;
		};
		C08D4F6F94014BC2ADEF4508 /* Build configuration list for PBXProject "surge-platform" */ = {
			isa = XCConfigurationList;
			buildConfigurations = (
				DC58ED88ECB841829C463C16 /* Debug */,
				1557C28C6F6F439EA59662C3 /* Release */,
				ACEE28D1D5894C2FB5534112 /* MinSizeRel */,
				A1D98ED2AD1B4084BDC15EC9 /* RelWithDebInfo */,
			);
			defaultConfigurationIsVisible = 0;
			defaultConfigurationName = Debug;
		};
/* End XCConfigurationList section */
	};
	rootObject = FF8D16B106B64978B1F64231 /* Project object */;
}
